
Microsoft Visual Studio Solution File, Format Version 12.00
# Visual Studio 14
VisualStudioVersion = 14.0.25123.0
MinimumVisualStudioVersion = 10.0.40219.1
Project("{FAE04EC0-301F-11D3-BF4B-00C04F79EFBC}") = "WeatherApp.Droid", "WeatherApp\WeatherApp.Droid\WeatherApp.Droid.csproj", "{4CE4960E-30C0-4F06-8DBB-76D0405B8072}"
EndProject
Project("{FAE04EC0-301F-11D3-BF4B-00C04F79EFBC}") = "WeatherApp.iOS", "WeatherApp\WeatherApp.iOS\WeatherApp.iOS.csproj", "{57B5830F-25D4-4E30-9434-1E29D0B4406A}"
EndProject
Project("{FAE04EC0-301F-11D3-BF4B-00C04F79EFBC}") = "WeatherApp.WinPhone", "WeatherApp\WeatherApp.WinPhone\WeatherApp.WinPhone.csproj", "{9A78B3D3-BD05-4E3E-B9A1-112FD9CB7332}"
EndProject
Project("{FAE04EC0-301F-11D3-BF4B-00C04F79EFBC}") = "WeatherApp.UWP", "WeatherApp\WeatherApp.UWP\WeatherApp.UWP.csproj", "{ADBB0160-A153-4622-B6C5-0DB2B61BE5CE}"
EndProject
Project("{FAE04EC0-301F-11D3-BF4B-00C04F79EFBC}") = "WeatherApp.Windows", "WeatherApp\WeatherApp.Windows\WeatherApp.Windows.csproj", "{E5EA1D2E-5CF0-4F3E-896F-190A3301322F}"
EndProject
Project("{FAE04EC0-301F-11D3-BF4B-00C04F79EFBC}") = "WeatherApp", "WeatherApp\WeatherApp\WeatherApp.csproj", "{1F17933E-7BC5-4EA3-A510-63FD3ADDF05D}"
EndProject
Global
	GlobalSection(SolutionConfigurationPlatforms) = preSolution
		Ad-Hoc|Any CPU = Ad-Hoc|Any CPU
		Ad-Hoc|ARM = Ad-Hoc|ARM
		Ad-Hoc|iPhone = Ad-Hoc|iPhone
		Ad-Hoc|iPhoneSimulator = Ad-Hoc|iPhoneSimulator
		Ad-Hoc|x64 = Ad-Hoc|x64
		Ad-Hoc|x86 = Ad-Hoc|x86
		AppStore|Any CPU = AppStore|Any CPU
		AppStore|ARM = AppStore|ARM
		AppStore|iPhone = AppStore|iPhone
		AppStore|iPhoneSimulator = AppStore|iPhoneSimulator
		AppStore|x64 = AppStore|x64
		AppStore|x86 = AppStore|x86
		Debug|Any CPU = Debug|Any CPU
		Debug|ARM = Debug|ARM
		Debug|iPhone = Debug|iPhone
		Debug|iPhoneSimulator = Debug|iPhoneSimulator
		Debug|x64 = Debug|x64
		Debug|x86 = Debug|x86
		Release|Any CPU = Release|Any CPU
		Release|ARM = Release|ARM
		Release|iPhone = Release|iPhone
		Release|iPhoneSimulator = Release|iPhoneSimulator
		Release|x64 = Release|x64
		Release|x86 = Release|x86
	EndGlobalSection
	GlobalSection(ProjectConfigurationPlatforms) = postSolution
		{4CE4960E-30C0-4F06-8DBB-76D0405B8072}.Ad-Hoc|Any CPU.ActiveCfg = Release|Any CPU
		{4CE4960E-30C0-4F06-8DBB-76D0405B8072}.Ad-Hoc|Any CPU.Build.0 = Release|Any CPU
		{4CE4960E-30C0-4F06-8DBB-76D0405B8072}.Ad-Hoc|Any CPU.Deploy.0 = Release|Any CPU
		{4CE4960E-30C0-4F06-8DBB-76D0405B8072}.Ad-Hoc|ARM.ActiveCfg = Release|Any CPU
		{4CE4960E-30C0-4F06-8DBB-76D0405B8072}.Ad-Hoc|ARM.Build.0 = Release|Any CPU
		{4CE4960E-30C0-4F06-8DBB-76D0405B8072}.Ad-Hoc|ARM.Deploy.0 = Release|Any CPU
		{4CE4960E-30C0-4F06-8DBB-76D0405B8072}.Ad-Hoc|iPhone.ActiveCfg = Release|Any CPU
		{4CE4960E-30C0-4F06-8DBB-76D0405B8072}.Ad-Hoc|iPhone.Build.0 = Release|Any CPU
		{4CE4960E-30C0-4F06-8DBB-76D0405B8072}.Ad-Hoc|iPhone.Deploy.0 = Release|Any CPU
		{4CE4960E-30C0-4F06-8DBB-76D0405B8072}.Ad-Hoc|iPhoneSimulator.ActiveCfg = Release|Any CPU
		{4CE4960E-30C0-4F06-8DBB-76D0405B8072}.Ad-Hoc|iPhoneSimulator.Build.0 = Release|Any CPU
		{4CE4960E-30C0-4F06-8DBB-76D0405B8072}.Ad-Hoc|iPhoneSimulator.Deploy.0 = Release|Any CPU
		{4CE4960E-30C0-4F06-8DBB-76D0405B8072}.Ad-Hoc|x64.ActiveCfg = Release|Any CPU
		{4CE4960E-30C0-4F06-8DBB-76D0405B8072}.Ad-Hoc|x64.Build.0 = Release|Any CPU
		{4CE4960E-30C0-4F06-8DBB-76D0405B8072}.Ad-Hoc|x64.Deploy.0 = Release|Any CPU
		{4CE4960E-30C0-4F06-8DBB-76D0405B8072}.Ad-Hoc|x86.ActiveCfg = Release|Any CPU
		{4CE4960E-30C0-4F06-8DBB-76D0405B8072}.Ad-Hoc|x86.Build.0 = Release|Any CPU
		{4CE4960E-30C0-4F06-8DBB-76D0405B8072}.Ad-Hoc|x86.Deploy.0 = Release|Any CPU
		{4CE4960E-30C0-4F06-8DBB-76D0405B8072}.AppStore|Any CPU.ActiveCfg = Release|Any CPU
		{4CE4960E-30C0-4F06-8DBB-76D0405B8072}.AppStore|Any CPU.Build.0 = Release|Any CPU
		{4CE4960E-30C0-4F06-8DBB-76D0405B8072}.AppStore|Any CPU.Deploy.0 = Release|Any CPU
		{4CE4960E-30C0-4F06-8DBB-76D0405B8072}.AppStore|ARM.ActiveCfg = Release|Any CPU
		{4CE4960E-30C0-4F06-8DBB-76D0405B8072}.AppStore|ARM.Build.0 = Release|Any CPU
		{4CE4960E-30C0-4F06-8DBB-76D0405B8072}.AppStore|ARM.Deploy.0 = Release|Any CPU
		{4CE4960E-30C0-4F06-8DBB-76D0405B8072}.AppStore|iPhone.ActiveCfg = Release|Any CPU
		{4CE4960E-30C0-4F06-8DBB-76D0405B8072}.AppStore|iPhone.Build.0 = Release|Any CPU
		{4CE4960E-30C0-4F06-8DBB-76D0405B8072}.AppStore|iPhone.Deploy.0 = Release|Any CPU
		{4CE4960E-30C0-4F06-8DBB-76D0405B8072}.AppStore|iPhoneSimulator.ActiveCfg = Release|Any CPU
		{4CE4960E-30C0-4F06-8DBB-76D0405B8072}.AppStore|iPhoneSimulator.Build.0 = Release|Any CPU
		{4CE4960E-30C0-4F06-8DBB-76D0405B8072}.AppStore|iPhoneSimulator.Deploy.0 = Release|Any CPU
		{4CE4960E-30C0-4F06-8DBB-76D0405B8072}.AppStore|x64.ActiveCfg = Release|Any CPU
		{4CE4960E-30C0-4F06-8DBB-76D0405B8072}.AppStore|x64.Build.0 = Release|Any CPU
		{4CE4960E-30C0-4F06-8DBB-76D0405B8072}.AppStore|x64.Deploy.0 = Release|Any CPU
		{4CE4960E-30C0-4F06-8DBB-76D0405B8072}.AppStore|x86.ActiveCfg = Release|Any CPU
		{4CE4960E-30C0-4F06-8DBB-76D0405B8072}.AppStore|x86.Build.0 = Release|Any CPU
		{4CE4960E-30C0-4F06-8DBB-76D0405B8072}.AppStore|x86.Deploy.0 = Release|Any CPU
		{4CE4960E-30C0-4F06-8DBB-76D0405B8072}.Debug|Any CPU.ActiveCfg = Debug|Any CPU
		{4CE4960E-30C0-4F06-8DBB-76D0405B8072}.Debug|Any CPU.Build.0 = Debug|Any CPU
		{4CE4960E-30C0-4F06-8DBB-76D0405B8072}.Debug|Any CPU.Deploy.0 = Debug|Any CPU
		{4CE4960E-30C0-4F06-8DBB-76D0405B8072}.Debug|ARM.ActiveCfg = Debug|Any CPU
		{4CE4960E-30C0-4F06-8DBB-76D0405B8072}.Debug|ARM.Build.0 = Debug|Any CPU
		{4CE4960E-30C0-4F06-8DBB-76D0405B8072}.Debug|ARM.Deploy.0 = Debug|Any CPU
		{4CE4960E-30C0-4F06-8DBB-76D0405B8072}.Debug|iPhone.ActiveCfg = Debug|Any CPU
		{4CE4960E-30C0-4F06-8DBB-76D0405B8072}.Debug|iPhone.Build.0 = Debug|Any CPU
		{4CE4960E-30C0-4F06-8DBB-76D0405B8072}.Debug|iPhone.Deploy.0 = Debug|Any CPU
		{4CE4960E-30C0-4F06-8DBB-76D0405B8072}.Debug|iPhoneSimulator.ActiveCfg = Debug|Any CPU
		{4CE4960E-30C0-4F06-8DBB-76D0405B8072}.Debug|iPhoneSimulator.Build.0 = Debug|Any CPU
		{4CE4960E-30C0-4F06-8DBB-76D0405B8072}.Debug|iPhoneSimulator.Deploy.0 = Debug|Any CPU
		{4CE4960E-30C0-4F06-8DBB-76D0405B8072}.Debug|x64.ActiveCfg = Debug|Any CPU
		{4CE4960E-30C0-4F06-8DBB-76D0405B8072}.Debug|x64.Build.0 = Debug|Any CPU
		{4CE4960E-30C0-4F06-8DBB-76D0405B8072}.Debug|x64.Deploy.0 = Debug|Any CPU
		{4CE4960E-30C0-4F06-8DBB-76D0405B8072}.Debug|x86.ActiveCfg = Debug|Any CPU
		{4CE4960E-30C0-4F06-8DBB-76D0405B8072}.Debug|x86.Build.0 = Debug|Any CPU
		{4CE4960E-30C0-4F06-8DBB-76D0405B8072}.Debug|x86.Deploy.0 = Debug|Any CPU
		{4CE4960E-30C0-4F06-8DBB-76D0405B8072}.Release|Any CPU.ActiveCfg = Release|Any CPU
		{4CE4960E-30C0-4F06-8DBB-76D0405B8072}.Release|Any CPU.Build.0 = Release|Any CPU
		{4CE4960E-30C0-4F06-8DBB-76D0405B8072}.Release|Any CPU.Deploy.0 = Release|Any CPU
		{4CE4960E-30C0-4F06-8DBB-76D0405B8072}.Release|ARM.ActiveCfg = Release|Any CPU
		{4CE4960E-30C0-4F06-8DBB-76D0405B8072}.Release|ARM.Build.0 = Release|Any CPU
		{4CE4960E-30C0-4F06-8DBB-76D0405B8072}.Release|ARM.Deploy.0 = Release|Any CPU
		{4CE4960E-30C0-4F06-8DBB-76D0405B8072}.Release|iPhone.ActiveCfg = Release|Any CPU
		{4CE4960E-30C0-4F06-8DBB-76D0405B8072}.Release|iPhone.Build.0 = Release|Any CPU
		{4CE4960E-30C0-4F06-8DBB-76D0405B8072}.Release|iPhone.Deploy.0 = Release|Any CPU
		{4CE4960E-30C0-4F06-8DBB-76D0405B8072}.Release|iPhoneSimulator.ActiveCfg = Release|Any CPU
		{4CE4960E-30C0-4F06-8DBB-76D0405B8072}.Release|iPhoneSimulator.Build.0 = Release|Any CPU
		{4CE4960E-30C0-4F06-8DBB-76D0405B8072}.Release|iPhoneSimulator.Deploy.0 = Release|Any CPU
		{4CE4960E-30C0-4F06-8DBB-76D0405B8072}.Release|x64.ActiveCfg = Release|Any CPU
		{4CE4960E-30C0-4F06-8DBB-76D0405B8072}.Release|x64.Build.0 = Release|Any CPU
		{4CE4960E-30C0-4F06-8DBB-76D0405B8072}.Release|x64.Deploy.0 = Release|Any CPU
		{4CE4960E-30C0-4F06-8DBB-76D0405B8072}.Release|x86.ActiveCfg = Release|Any CPU
		{4CE4960E-30C0-4F06-8DBB-76D0405B8072}.Release|x86.Build.0 = Release|Any CPU
		{4CE4960E-30C0-4F06-8DBB-76D0405B8072}.Release|x86.Deploy.0 = Release|Any CPU
		{57B5830F-25D4-4E30-9434-1E29D0B4406A}.Ad-Hoc|Any CPU.ActiveCfg = Ad-Hoc|iPhone
		{57B5830F-25D4-4E30-9434-1E29D0B4406A}.Ad-Hoc|ARM.ActiveCfg = Ad-Hoc|iPhone
		{57B5830F-25D4-4E30-9434-1E29D0B4406A}.Ad-Hoc|iPhone.ActiveCfg = Ad-Hoc|iPhone
		{57B5830F-25D4-4E30-9434-1E29D0B4406A}.Ad-Hoc|iPhone.Build.0 = Ad-Hoc|iPhone
		{57B5830F-25D4-4E30-9434-1E29D0B4406A}.Ad-Hoc|iPhoneSimulator.ActiveCfg = Ad-Hoc|iPhoneSimulator
		{57B5830F-25D4-4E30-9434-1E29D0B4406A}.Ad-Hoc|iPhoneSimulator.Build.0 = Ad-Hoc|iPhoneSimulator
		{57B5830F-25D4-4E30-9434-1E29D0B4406A}.Ad-Hoc|x64.ActiveCfg = Ad-Hoc|iPhone
		{57B5830F-25D4-4E30-9434-1E29D0B4406A}.Ad-Hoc|x86.ActiveCfg = Ad-Hoc|iPhone
		{57B5830F-25D4-4E30-9434-1E29D0B4406A}.AppStore|Any CPU.ActiveCfg = AppStore|iPhone
		{57B5830F-25D4-4E30-9434-1E29D0B4406A}.AppStore|ARM.ActiveCfg = AppStore|iPhone
		{57B5830F-25D4-4E30-9434-1E29D0B4406A}.AppStore|iPhone.ActiveCfg = AppStore|iPhone
		{57B5830F-25D4-4E30-9434-1E29D0B4406A}.AppStore|iPhone.Build.0 = AppStore|iPhone
		{57B5830F-25D4-4E30-9434-1E29D0B4406A}.AppStore|iPhoneSimulator.ActiveCfg = AppStore|iPhoneSimulator
		{57B5830F-25D4-4E30-9434-1E29D0B4406A}.AppStore|iPhoneSimulator.Build.0 = AppStore|iPhoneSimulator
		{57B5830F-25D4-4E30-9434-1E29D0B4406A}.AppStore|x64.ActiveCfg = AppStore|iPhone
		{57B5830F-25D4-4E30-9434-1E29D0B4406A}.AppStore|x86.ActiveCfg = AppStore|iPhone
		{57B5830F-25D4-4E30-9434-1E29D0B4406A}.Debug|Any CPU.ActiveCfg = Debug|iPhone
		{57B5830F-25D4-4E30-9434-1E29D0B4406A}.Debug|ARM.ActiveCfg = Debug|iPhone
		{57B5830F-25D4-4E30-9434-1E29D0B4406A}.Debug|iPhone.ActiveCfg = Debug|iPhone
		{57B5830F-25D4-4E30-9434-1E29D0B4406A}.Debug|iPhone.Build.0 = Debug|iPhone
		{57B5830F-25D4-4E30-9434-1E29D0B4406A}.Debug|iPhoneSimulator.ActiveCfg = Debug|iPhoneSimulator
		{57B5830F-25D4-4E30-9434-1E29D0B4406A}.Debug|iPhoneSimulator.Build.0 = Debug|iPhoneSimulator
		{57B5830F-25D4-4E30-9434-1E29D0B4406A}.Debug|x64.ActiveCfg = Debug|iPhone
		{57B5830F-25D4-4E30-9434-1E29D0B4406A}.Debug|x86.ActiveCfg = Debug|iPhone
		{57B5830F-25D4-4E30-9434-1E29D0B4406A}.Release|Any CPU.ActiveCfg = Release|iPhone
		{57B5830F-25D4-4E30-9434-1E29D0B4406A}.Release|ARM.ActiveCfg = Release|iPhone
		{57B5830F-25D4-4E30-9434-1E29D0B4406A}.Release|iPhone.ActiveCfg = Release|iPhone
		{57B5830F-25D4-4E30-9434-1E29D0B4406A}.Release|iPhone.Build.0 = Release|iPhone
		{57B5830F-25D4-4E30-9434-1E29D0B4406A}.Release|iPhoneSimulator.ActiveCfg = Release|iPhoneSimulator
		{57B5830F-25D4-4E30-9434-1E29D0B4406A}.Release|iPhoneSimulator.Build.0 = Release|iPhoneSimulator
		{57B5830F-25D4-4E30-9434-1E29D0B4406A}.Release|x64.ActiveCfg = Release|iPhone
		{57B5830F-25D4-4E30-9434-1E29D0B4406A}.Release|x86.ActiveCfg = Release|iPhone
		{9A78B3D3-BD05-4E3E-B9A1-112FD9CB7332}.Ad-Hoc|Any CPU.ActiveCfg = Release|Any CPU
		{9A78B3D3-BD05-4E3E-B9A1-112FD9CB7332}.Ad-Hoc|Any CPU.Build.0 = Release|Any CPU
		{9A78B3D3-BD05-4E3E-B9A1-112FD9CB7332}.Ad-Hoc|Any CPU.Deploy.0 = Release|Any CPU
		{9A78B3D3-BD05-4E3E-B9A1-112FD9CB7332}.Ad-Hoc|ARM.ActiveCfg = Release|ARM
		{9A78B3D3-BD05-4E3E-B9A1-112FD9CB7332}.Ad-Hoc|ARM.Build.0 = Release|ARM
		{9A78B3D3-BD05-4E3E-B9A1-112FD9CB7332}.Ad-Hoc|ARM.Deploy.0 = Release|ARM
		{9A78B3D3-BD05-4E3E-B9A1-112FD9CB7332}.Ad-Hoc|iPhone.ActiveCfg = Release|Any CPU
		{9A78B3D3-BD05-4E3E-B9A1-112FD9CB7332}.Ad-Hoc|iPhone.Build.0 = Release|Any CPU
		{9A78B3D3-BD05-4E3E-B9A1-112FD9CB7332}.Ad-Hoc|iPhone.Deploy.0 = Release|Any CPU
		{9A78B3D3-BD05-4E3E-B9A1-112FD9CB7332}.Ad-Hoc|iPhoneSimulator.ActiveCfg = Release|Any CPU
		{9A78B3D3-BD05-4E3E-B9A1-112FD9CB7332}.Ad-Hoc|iPhoneSimulator.Build.0 = Release|Any CPU
		{9A78B3D3-BD05-4E3E-B9A1-112FD9CB7332}.Ad-Hoc|iPhoneSimulator.Deploy.0 = Release|Any CPU
		{9A78B3D3-BD05-4E3E-B9A1-112FD9CB7332}.Ad-Hoc|x64.ActiveCfg = Release|Any CPU
		{9A78B3D3-BD05-4E3E-B9A1-112FD9CB7332}.Ad-Hoc|x64.Build.0 = Release|Any CPU
		{9A78B3D3-BD05-4E3E-B9A1-112FD9CB7332}.Ad-Hoc|x64.Deploy.0 = Release|Any CPU
		{9A78B3D3-BD05-4E3E-B9A1-112FD9CB7332}.Ad-Hoc|x86.ActiveCfg = Release|x86
		{9A78B3D3-BD05-4E3E-B9A1-112FD9CB7332}.Ad-Hoc|x86.Build.0 = Release|x86
		{9A78B3D3-BD05-4E3E-B9A1-112FD9CB7332}.Ad-Hoc|x86.Deploy.0 = Release|x86
		{9A78B3D3-BD05-4E3E-B9A1-112FD9CB7332}.AppStore|Any CPU.ActiveCfg = Release|Any CPU
		{9A78B3D3-BD05-4E3E-B9A1-112FD9CB7332}.AppStore|Any CPU.Build.0 = Release|Any CPU
		{9A78B3D3-BD05-4E3E-B9A1-112FD9CB7332}.AppStore|Any CPU.Deploy.0 = Release|Any CPU
		{9A78B3D3-BD05-4E3E-B9A1-112FD9CB7332}.AppStore|ARM.ActiveCfg = Release|ARM
		{9A78B3D3-BD05-4E3E-B9A1-112FD9CB7332}.AppStore|ARM.Build.0 = Release|ARM
		{9A78B3D3-BD05-4E3E-B9A1-112FD9CB7332}.AppStore|ARM.Deploy.0 = Release|ARM
		{9A78B3D3-BD05-4E3E-B9A1-112FD9CB7332}.AppStore|iPhone.ActiveCfg = Release|Any CPU
		{9A78B3D3-BD05-4E3E-B9A1-112FD9CB7332}.AppStore|iPhone.Build.0 = Release|Any CPU
		{9A78B3D3-BD05-4E3E-B9A1-112FD9CB7332}.AppStore|iPhone.Deploy.0 = Release|Any CPU
		{9A78B3D3-BD05-4E3E-B9A1-112FD9CB7332}.AppStore|iPhoneSimulator.ActiveCfg = Release|Any CPU
		{9A78B3D3-BD05-4E3E-B9A1-112FD9CB7332}.AppStore|iPhoneSimulator.Build.0 = Release|Any CPU
		{9A78B3D3-BD05-4E3E-B9A1-112FD9CB7332}.AppStore|iPhoneSimulator.Deploy.0 = Release|Any CPU
		{9A78B3D3-BD05-4E3E-B9A1-112FD9CB7332}.AppStore|x64.ActiveCfg = Release|Any CPU
		{9A78B3D3-BD05-4E3E-B9A1-112FD9CB7332}.AppStore|x64.Build.0 = Release|Any CPU
		{9A78B3D3-BD05-4E3E-B9A1-112FD9CB7332}.AppStore|x64.Deploy.0 = Release|Any CPU
		{9A78B3D3-BD05-4E3E-B9A1-112FD9CB7332}.AppStore|x86.ActiveCfg = Release|x86
		{9A78B3D3-BD05-4E3E-B9A1-112FD9CB7332}.AppStore|x86.Build.0 = Release|x86
		{9A78B3D3-BD05-4E3E-B9A1-112FD9CB7332}.AppStore|x86.Deploy.0 = Release|x86
		{9A78B3D3-BD05-4E3E-B9A1-112FD9CB7332}.Debug|Any CPU.ActiveCfg = Debug|Any CPU
		{9A78B3D3-BD05-4E3E-B9A1-112FD9CB7332}.Debug|Any CPU.Build.0 = Debug|Any CPU
		{9A78B3D3-BD05-4E3E-B9A1-112FD9CB7332}.Debug|Any CPU.Deploy.0 = Debug|Any CPU
		{9A78B3D3-BD05-4E3E-B9A1-112FD9CB7332}.Debug|ARM.ActiveCfg = Debug|ARM
		{9A78B3D3-BD05-4E3E-B9A1-112FD9CB7332}.Debug|ARM.Build.0 = Debug|ARM
		{9A78B3D3-BD05-4E3E-B9A1-112FD9CB7332}.Debug|ARM.Deploy.0 = Debug|ARM
		{9A78B3D3-BD05-4E3E-B9A1-112FD9CB7332}.Debug|iPhone.ActiveCfg = Debug|Any CPU
		{9A78B3D3-BD05-4E3E-B9A1-112FD9CB7332}.Debug|iPhone.Build.0 = Debug|Any CPU
		{9A78B3D3-BD05-4E3E-B9A1-112FD9CB7332}.Debug|iPhone.Deploy.0 = Debug|Any CPU
		{9A78B3D3-BD05-4E3E-B9A1-112FD9CB7332}.Debug|iPhoneSimulator.ActiveCfg = Debug|Any CPU
		{9A78B3D3-BD05-4E3E-B9A1-112FD9CB7332}.Debug|iPhoneSimulator.Build.0 = Debug|Any CPU
		{9A78B3D3-BD05-4E3E-B9A1-112FD9CB7332}.Debug|iPhoneSimulator.Deploy.0 = Debug|Any CPU
		{9A78B3D3-BD05-4E3E-B9A1-112FD9CB7332}.Debug|x64.ActiveCfg = Debug|Any CPU
		{9A78B3D3-BD05-4E3E-B9A1-112FD9CB7332}.Debug|x64.Build.0 = Debug|Any CPU
		{9A78B3D3-BD05-4E3E-B9A1-112FD9CB7332}.Debug|x64.Deploy.0 = Debug|Any CPU
		{9A78B3D3-BD05-4E3E-B9A1-112FD9CB7332}.Debug|x86.ActiveCfg = Debug|x86
		{9A78B3D3-BD05-4E3E-B9A1-112FD9CB7332}.Debug|x86.Build.0 = Debug|x86
		{9A78B3D3-BD05-4E3E-B9A1-112FD9CB7332}.Debug|x86.Deploy.0 = Debug|x86
		{9A78B3D3-BD05-4E3E-B9A1-112FD9CB7332}.Release|Any CPU.ActiveCfg = Release|Any CPU
		{9A78B3D3-BD05-4E3E-B9A1-112FD9CB7332}.Release|Any CPU.Build.0 = Release|Any CPU
		{9A78B3D3-BD05-4E3E-B9A1-112FD9CB7332}.Release|Any CPU.Deploy.0 = Release|Any CPU
		{9A78B3D3-BD05-4E3E-B9A1-112FD9CB7332}.Release|ARM.ActiveCfg = Release|ARM
		{9A78B3D3-BD05-4E3E-B9A1-112FD9CB7332}.Release|ARM.Build.0 = Release|ARM
		{9A78B3D3-BD05-4E3E-B9A1-112FD9CB7332}.Release|ARM.Deploy.0 = Release|ARM
		{9A78B3D3-BD05-4E3E-B9A1-112FD9CB7332}.Release|iPhone.ActiveCfg = Release|Any CPU
		{9A78B3D3-BD05-4E3E-B9A1-112FD9CB7332}.Release|iPhone.Build.0 = Release|Any CPU
		{9A78B3D3-BD05-4E3E-B9A1-112FD9CB7332}.Release|iPhone.Deploy.0 = Release|Any CPU
		{9A78B3D3-BD05-4E3E-B9A1-112FD9CB7332}.Release|iPhoneSimulator.ActiveCfg = Release|Any CPU
		{9A78B3D3-BD05-4E3E-B9A1-112FD9CB7332}.Release|iPhoneSimulator.Build.0 = Release|Any CPU
		{9A78B3D3-BD05-4E3E-B9A1-112FD9CB7332}.Release|iPhoneSimulator.Deploy.0 = Release|Any CPU
		{9A78B3D3-BD05-4E3E-B9A1-112FD9CB7332}.Release|x64.ActiveCfg = Release|Any CPU
		{9A78B3D3-BD05-4E3E-B9A1-112FD9CB7332}.Release|x64.Build.0 = Release|Any CPU
		{9A78B3D3-BD05-4E3E-B9A1-112FD9CB7332}.Release|x64.Deploy.0 = Release|Any CPU
		{9A78B3D3-BD05-4E3E-B9A1-112FD9CB7332}.Release|x86.ActiveCfg = Release|x86
		{9A78B3D3-BD05-4E3E-B9A1-112FD9CB7332}.Release|x86.Build.0 = Release|x86
		{9A78B3D3-BD05-4E3E-B9A1-112FD9CB7332}.Release|x86.Deploy.0 = Release|x86
		{ADBB0160-A153-4622-B6C5-0DB2B61BE5CE}.Ad-Hoc|Any CPU.ActiveCfg = Release|x86
		{ADBB0160-A153-4622-B6C5-0DB2B61BE5CE}.Ad-Hoc|Any CPU.Build.0 = Release|x86
		{ADBB0160-A153-4622-B6C5-0DB2B61BE5CE}.Ad-Hoc|Any CPU.Deploy.0 = Release|x86
		{ADBB0160-A153-4622-B6C5-0DB2B61BE5CE}.Ad-Hoc|ARM.ActiveCfg = Release|ARM
		{ADBB0160-A153-4622-B6C5-0DB2B61BE5CE}.Ad-Hoc|ARM.Build.0 = Release|ARM
		{ADBB0160-A153-4622-B6C5-0DB2B61BE5CE}.Ad-Hoc|ARM.Deploy.0 = Release|ARM
		{ADBB0160-A153-4622-B6C5-0DB2B61BE5CE}.Ad-Hoc|iPhone.ActiveCfg = Release|x86
		{ADBB0160-A153-4622-B6C5-0DB2B61BE5CE}.Ad-Hoc|iPhone.Build.0 = Release|x86
		{ADBB0160-A153-4622-B6C5-0DB2B61BE5CE}.Ad-Hoc|iPhone.Deploy.0 = Release|x86
		{ADBB0160-A153-4622-B6C5-0DB2B61BE5CE}.Ad-Hoc|iPhoneSimulator.ActiveCfg = Release|x86
		{ADBB0160-A153-4622-B6C5-0DB2B61BE5CE}.Ad-Hoc|iPhoneSimulator.Build.0 = Release|x86
		{ADBB0160-A153-4622-B6C5-0DB2B61BE5CE}.Ad-Hoc|iPhoneSimulator.Deploy.0 = Release|x86
		{ADBB0160-A153-4622-B6C5-0DB2B61BE5CE}.Ad-Hoc|x64.ActiveCfg = Release|x64
		{ADBB0160-A153-4622-B6C5-0DB2B61BE5CE}.Ad-Hoc|x64.Build.0 = Release|x64
		{ADBB0160-A153-4622-B6C5-0DB2B61BE5CE}.Ad-Hoc|x64.Deploy.0 = Release|x64
		{ADBB0160-A153-4622-B6C5-0DB2B61BE5CE}.Ad-Hoc|x86.ActiveCfg = Release|x86
		{ADBB0160-A153-4622-B6C5-0DB2B61BE5CE}.Ad-Hoc|x86.Build.0 = Release|x86
		{ADBB0160-A153-4622-B6C5-0DB2B61BE5CE}.Ad-Hoc|x86.Deploy.0 = Release|x86
		{ADBB0160-A153-4622-B6C5-0DB2B61BE5CE}.AppStore|Any CPU.ActiveCfg = Release|x86
		{ADBB0160-A153-4622-B6C5-0DB2B61BE5CE}.AppStore|Any CPU.Build.0 = Release|x86
		{ADBB0160-A153-4622-B6C5-0DB2B61BE5CE}.AppStore|Any CPU.Deploy.0 = Release|x86
		{ADBB0160-A153-4622-B6C5-0DB2B61BE5CE}.AppStore|ARM.ActiveCfg = Release|ARM
		{ADBB0160-A153-4622-B6C5-0DB2B61BE5CE}.AppStore|ARM.Build.0 = Release|ARM
		{ADBB0160-A153-4622-B6C5-0DB2B61BE5CE}.AppStore|ARM.Deploy.0 = Release|ARM
		{ADBB0160-A153-4622-B6C5-0DB2B61BE5CE}.AppStore|iPhone.ActiveCfg = Release|x86
		{ADBB0160-A153-4622-B6C5-0DB2B61BE5CE}.AppStore|iPhone.Build.0 = Release|x86
		{ADBB0160-A153-4622-B6C5-0DB2B61BE5CE}.AppStore|iPhone.Deploy.0 = Release|x86
		{ADBB0160-A153-4622-B6C5-0DB2B61BE5CE}.AppStore|iPhoneSimulator.ActiveCfg = Release|x86
		{ADBB0160-A153-4622-B6C5-0DB2B61BE5CE}.AppStore|iPhoneSimulator.Build.0 = Release|x86
		{ADBB0160-A153-4622-B6C5-0DB2B61BE5CE}.AppStore|iPhoneSimulator.Deploy.0 = Release|x86
		{ADBB0160-A153-4622-B6C5-0DB2B61BE5CE}.AppStore|x64.ActiveCfg = Release|x64
		{ADBB0160-A153-4622-B6C5-0DB2B61BE5CE}.AppStore|x64.Build.0 = Release|x64
		{ADBB0160-A153-4622-B6C5-0DB2B61BE5CE}.AppStore|x64.Deploy.0 = Release|x64
		{ADBB0160-A153-4622-B6C5-0DB2B61BE5CE}.AppStore|x86.ActiveCfg = Release|x86
		{ADBB0160-A153-4622-B6C5-0DB2B61BE5CE}.AppStore|x86.Build.0 = Release|x86
		{ADBB0160-A153-4622-B6C5-0DB2B61BE5CE}.AppStore|x86.Deploy.0 = Release|x86
		{ADBB0160-A153-4622-B6C5-0DB2B61BE5CE}.Debug|Any CPU.ActiveCfg = Debug|x86
		{ADBB0160-A153-4622-B6C5-0DB2B61BE5CE}.Debug|ARM.ActiveCfg = Debug|ARM
		{ADBB0160-A153-4622-B6C5-0DB2B61BE5CE}.Debug|ARM.Build.0 = Debug|ARM
		{ADBB0160-A153-4622-B6C5-0DB2B61BE5CE}.Debug|ARM.Deploy.0 = Debug|ARM
		{ADBB0160-A153-4622-B6C5-0DB2B61BE5CE}.Debug|iPhone.ActiveCfg = Debug|x86
		{ADBB0160-A153-4622-B6C5-0DB2B61BE5CE}.Debug|iPhoneSimulator.ActiveCfg = Debug|x86
		{ADBB0160-A153-4622-B6C5-0DB2B61BE5CE}.Debug|x64.ActiveCfg = Debug|x64
		{ADBB0160-A153-4622-B6C5-0DB2B61BE5CE}.Debug|x64.Build.0 = Debug|x64
		{ADBB0160-A153-4622-B6C5-0DB2B61BE5CE}.Debug|x64.Deploy.0 = Debug|x64
		{ADBB0160-A153-4622-B6C5-0DB2B61BE5CE}.Debug|x86.ActiveCfg = Debug|x86
		{ADBB0160-A153-4622-B6C5-0DB2B61BE5CE}.Debug|x86.Build.0 = Debug|x86
		{ADBB0160-A153-4622-B6C5-0DB2B61BE5CE}.Debug|x86.Deploy.0 = Debug|x86
		{ADBB0160-A153-4622-B6C5-0DB2B61BE5CE}.Release|Any CPU.ActiveCfg = Release|x86
		{ADBB0160-A153-4622-B6C5-0DB2B61BE5CE}.Release|ARM.ActiveCfg = Release|ARM
		{ADBB0160-A153-4622-B6C5-0DB2B61BE5CE}.Release|ARM.Build.0 = Release|ARM
		{ADBB0160-A153-4622-B6C5-0DB2B61BE5CE}.Release|ARM.Deploy.0 = Release|ARM
		{ADBB0160-A153-4622-B6C5-0DB2B61BE5CE}.Release|iPhone.ActiveCfg = Release|x86
		{ADBB0160-A153-4622-B6C5-0DB2B61BE5CE}.Release|iPhoneSimulator.ActiveCfg = Release|x86
		{ADBB0160-A153-4622-B6C5-0DB2B61BE5CE}.Release|x64.ActiveCfg = Release|x64
		{ADBB0160-A153-4622-B6C5-0DB2B61BE5CE}.Release|x64.Build.0 = Release|x64
		{ADBB0160-A153-4622-B6C5-0DB2B61BE5CE}.Release|x64.Deploy.0 = Release|x64
		{ADBB0160-A153-4622-B6C5-0DB2B61BE5CE}.Release|x86.ActiveCfg = Release|x86
		{ADBB0160-A153-4622-B6C5-0DB2B61BE5CE}.Release|x86.Build.0 = Release|x86
		{ADBB0160-A153-4622-B6C5-0DB2B61BE5CE}.Release|x86.Deploy.0 = Release|x86
		{E5EA1D2E-5CF0-4F3E-896F-190A3301322F}.Ad-Hoc|Any CPU.ActiveCfg = Release|Any CPU
		{E5EA1D2E-5CF0-4F3E-896F-190A3301322F}.Ad-Hoc|Any CPU.Build.0 = Release|Any CPU
		{E5EA1D2E-5CF0-4F3E-896F-190A3301322F}.Ad-Hoc|Any CPU.Deploy.0 = Release|Any CPU
		{E5EA1D2E-5CF0-4F3E-896F-190A3301322F}.Ad-Hoc|ARM.ActiveCfg = Release|ARM
		{E5EA1D2E-5CF0-4F3E-896F-190A3301322F}.Ad-Hoc|ARM.Build.0 = Release|ARM
		{E5EA1D2E-5CF0-4F3E-896F-190A3301322F}.Ad-Hoc|ARM.Deploy.0 = Release|ARM
		{E5EA1D2E-5CF0-4F3E-896F-190A3301322F}.Ad-Hoc|iPhone.ActiveCfg = Release|Any CPU
		{E5EA1D2E-5CF0-4F3E-896F-190A3301322F}.Ad-Hoc|iPhone.Build.0 = Release|Any CPU
		{E5EA1D2E-5CF0-4F3E-896F-190A3301322F}.Ad-Hoc|iPhone.Deploy.0 = Release|Any CPU
		{E5EA1D2E-5CF0-4F3E-896F-190A3301322F}.Ad-Hoc|iPhoneSimulator.ActiveCfg = Release|Any CPU
		{E5EA1D2E-5CF0-4F3E-896F-190A3301322F}.Ad-Hoc|iPhoneSimulator.Build.0 = Release|Any CPU
		{E5EA1D2E-5CF0-4F3E-896F-190A3301322F}.Ad-Hoc|iPhoneSimulator.Deploy.0 = Release|Any CPU
		{E5EA1D2E-5CF0-4F3E-896F-190A3301322F}.Ad-Hoc|x64.ActiveCfg = Release|x64
		{E5EA1D2E-5CF0-4F3E-896F-190A3301322F}.Ad-Hoc|x64.Build.0 = Release|x64
		{E5EA1D2E-5CF0-4F3E-896F-190A3301322F}.Ad-Hoc|x64.Deploy.0 = Release|x64
		{E5EA1D2E-5CF0-4F3E-896F-190A3301322F}.Ad-Hoc|x86.ActiveCfg = Release|x86
		{E5EA1D2E-5CF0-4F3E-896F-190A3301322F}.Ad-Hoc|x86.Build.0 = Release|x86
		{E5EA1D2E-5CF0-4F3E-896F-190A3301322F}.Ad-Hoc|x86.Deploy.0 = Release|x86
		{E5EA1D2E-5CF0-4F3E-896F-190A3301322F}.AppStore|Any CPU.ActiveCfg = Release|Any CPU
		{E5EA1D2E-5CF0-4F3E-896F-190A3301322F}.AppStore|Any CPU.Build.0 = Release|Any CPU
		{E5EA1D2E-5CF0-4F3E-896F-190A3301322F}.AppStore|Any CPU.Deploy.0 = Release|Any CPU
		{E5EA1D2E-5CF0-4F3E-896F-190A3301322F}.AppStore|ARM.ActiveCfg = Release|ARM
		{E5EA1D2E-5CF0-4F3E-896F-190A3301322F}.AppStore|ARM.Build.0 = Release|ARM
		{E5EA1D2E-5CF0-4F3E-896F-190A3301322F}.AppStore|ARM.Deploy.0 = Release|ARM
		{E5EA1D2E-5CF0-4F3E-896F-190A3301322F}.AppStore|iPhone.ActiveCfg = Release|Any CPU
		{E5EA1D2E-5CF0-4F3E-896F-190A3301322F}.AppStore|iPhone.Build.0 = Release|Any CPU
		{E5EA1D2E-5CF0-4F3E-896F-190A3301322F}.AppStore|iPhone.Deploy.0 = Release|Any CPU
		{E5EA1D2E-5CF0-4F3E-896F-190A3301322F}.AppStore|iPhoneSimulator.ActiveCfg = Release|Any CPU
		{E5EA1D2E-5CF0-4F3E-896F-190A3301322F}.AppStore|iPhoneSimulator.Build.0 = Release|Any CPU
		{E5EA1D2E-5CF0-4F3E-896F-190A3301322F}.AppStore|iPhoneSimulator.Deploy.0 = Release|Any CPU
		{E5EA1D2E-5CF0-4F3E-896F-190A3301322F}.AppStore|x64.ActiveCfg = Release|x64
		{E5EA1D2E-5CF0-4F3E-896F-190A3301322F}.AppStore|x64.Build.0 = Release|x64
		{E5EA1D2E-5CF0-4F3E-896F-190A3301322F}.AppStore|x64.Deploy.0 = Release|x64
		{E5EA1D2E-5CF0-4F3E-896F-190A3301322F}.AppStore|x86.ActiveCfg = Release|x86
		{E5EA1D2E-5CF0-4F3E-896F-190A3301322F}.AppStore|x86.Build.0 = Release|x86
		{E5EA1D2E-5CF0-4F3E-896F-190A3301322F}.AppStore|x86.Deploy.0 = Release|x86
		{E5EA1D2E-5CF0-4F3E-896F-190A3301322F}.Debug|Any CPU.ActiveCfg = Debug|Any CPU
		{E5EA1D2E-5CF0-4F3E-896F-190A3301322F}.Debug|Any CPU.Build.0 = Debug|Any CPU
		{E5EA1D2E-5CF0-4F3E-896F-190A3301322F}.Debug|Any CPU.Deploy.0 = Debug|Any CPU
		{E5EA1D2E-5CF0-4F3E-896F-190A3301322F}.Debug|ARM.ActiveCfg = Debug|ARM
		{E5EA1D2E-5CF0-4F3E-896F-190A3301322F}.Debug|ARM.Build.0 = Debug|ARM
		{E5EA1D2E-5CF0-4F3E-896F-190A3301322F}.Debug|ARM.Deploy.0 = Debug|ARM
		{E5EA1D2E-5CF0-4F3E-896F-190A3301322F}.Debug|iPhone.ActiveCfg = Debug|Any CPU
		{E5EA1D2E-5CF0-4F3E-896F-190A3301322F}.Debug|iPhone.Build.0 = Debug|Any CPU
		{E5EA1D2E-5CF0-4F3E-896F-190A3301322F}.Debug|iPhone.Deploy.0 = Debug|Any CPU
		{E5EA1D2E-5CF0-4F3E-896F-190A3301322F}.Debug|iPhoneSimulator.ActiveCfg = Debug|Any CPU
		{E5EA1D2E-5CF0-4F3E-896F-190A3301322F}.Debug|iPhoneSimulator.Build.0 = Debug|Any CPU
		{E5EA1D2E-5CF0-4F3E-896F-190A3301322F}.Debug|iPhoneSimulator.Deploy.0 = Debug|Any CPU
		{E5EA1D2E-5CF0-4F3E-896F-190A3301322F}.Debug|x64.ActiveCfg = Debug|x64
		{E5EA1D2E-5CF0-4F3E-896F-190A3301322F}.Debug|x64.Build.0 = Debug|x64
		{E5EA1D2E-5CF0-4F3E-896F-190A3301322F}.Debug|x64.Deploy.0 = Debug|x64
		{E5EA1D2E-5CF0-4F3E-896F-190A3301322F}.Debug|x86.ActiveCfg = Debug|x86
		{E5EA1D2E-5CF0-4F3E-896F-190A3301322F}.Debug|x86.Build.0 = Debug|x86
		{E5EA1D2E-5CF0-4F3E-896F-190A3301322F}.Debug|x86.Deploy.0 = Debug|x86
		{E5EA1D2E-5CF0-4F3E-896F-190A3301322F}.Release|Any CPU.ActiveCfg = Release|Any CPU
		{E5EA1D2E-5CF0-4F3E-896F-190A3301322F}.Release|Any CPU.Build.0 = Release|Any CPU
		{E5EA1D2E-5CF0-4F3E-896F-190A3301322F}.Release|Any CPU.Deploy.0 = Release|Any CPU
		{E5EA1D2E-5CF0-4F3E-896F-190A3301322F}.Release|ARM.ActiveCfg = Release|ARM
		{E5EA1D2E-5CF0-4F3E-896F-190A3301322F}.Release|ARM.Build.0 = Release|ARM
		{E5EA1D2E-5CF0-4F3E-896F-190A3301322F}.Release|ARM.Deploy.0 = Release|ARM
		{E5EA1D2E-5CF0-4F3E-896F-190A3301322F}.Release|iPhone.ActiveCfg = Release|Any CPU
		{E5EA1D2E-5CF0-4F3E-896F-190A3301322F}.Release|iPhone.Build.0 = Release|Any CPU
		{E5EA1D2E-5CF0-4F3E-896F-190A3301322F}.Release|iPhone.Deploy.0 = Release|Any CPU
		{E5EA1D2E-5CF0-4F3E-896F-190A3301322F}.Release|iPhoneSimulator.ActiveCfg = Release|Any CPU
		{E5EA1D2E-5CF0-4F3E-896F-190A3301322F}.Release|iPhoneSimulator.Build.0 = Release|Any CPU
		{E5EA1D2E-5CF0-4F3E-896F-190A3301322F}.Release|iPhoneSimulator.Deploy.0 = Release|Any CPU
		{E5EA1D2E-5CF0-4F3E-896F-190A3301322F}.Release|x64.ActiveCfg = Release|x64
		{E5EA1D2E-5CF0-4F3E-896F-190A3301322F}.Release|x64.Build.0 = Release|x64
		{E5EA1D2E-5CF0-4F3E-896F-190A3301322F}.Release|x64.Deploy.0 = Release|x64
		{E5EA1D2E-5CF0-4F3E-896F-190A3301322F}.Release|x86.ActiveCfg = Release|x86
		{E5EA1D2E-5CF0-4F3E-896F-190A3301322F}.Release|x86.Build.0 = Release|x86
		{E5EA1D2E-5CF0-4F3E-896F-190A3301322F}.Release|x86.Deploy.0 = Release|x86
		{1F17933E-7BC5-4EA3-A510-63FD3ADDF05D}.Ad-Hoc|Any CPU.ActiveCfg = Release|Any CPU
		{1F17933E-7BC5-4EA3-A510-63FD3ADDF05D}.Ad-Hoc|Any CPU.Build.0 = Release|Any CPU
		{1F17933E-7BC5-4EA3-A510-63FD3ADDF05D}.Ad-Hoc|ARM.ActiveCfg = Release|Any CPU
		{1F17933E-7BC5-4EA3-A510-63FD3ADDF05D}.Ad-Hoc|ARM.Build.0 = Release|Any CPU
		{1F17933E-7BC5-4EA3-A510-63FD3ADDF05D}.Ad-Hoc|iPhone.ActiveCfg = Release|Any CPU
		{1F17933E-7BC5-4EA3-A510-63FD3ADDF05D}.Ad-Hoc|iPhone.Build.0 = Release|Any CPU
		{1F17933E-7BC5-4EA3-A510-63FD3ADDF05D}.Ad-Hoc|iPhoneSimulator.ActiveCfg = Release|Any CPU
		{1F17933E-7BC5-4EA3-A510-63FD3ADDF05D}.Ad-Hoc|iPhoneSimulator.Build.0 = Release|Any CPU
		{1F17933E-7BC5-4EA3-A510-63FD3ADDF05D}.Ad-Hoc|x64.ActiveCfg = Release|Any CPU
		{1F17933E-7BC5-4EA3-A510-63FD3ADDF05D}.Ad-Hoc|x64.Build.0 = Release|Any CPU
		{1F17933E-7BC5-4EA3-A510-63FD3ADDF05D}.Ad-Hoc|x86.ActiveCfg = Release|Any CPU
		{1F17933E-7BC5-4EA3-A510-63FD3ADDF05D}.Ad-Hoc|x86.Build.0 = Release|Any CPU
		{1F17933E-7BC5-4EA3-A510-63FD3ADDF05D}.AppStore|Any CPU.ActiveCfg = Release|Any CPU
		{1F17933E-7BC5-4EA3-A510-63FD3ADDF05D}.AppStore|Any CPU.Build.0 = Release|Any CPU
		{1F17933E-7BC5-4EA3-A510-63FD3ADDF05D}.AppStore|ARM.ActiveCfg = Release|Any CPU
		{1F17933E-7BC5-4EA3-A510-63FD3ADDF05D}.AppStore|ARM.Build.0 = Release|Any CPU
		{1F17933E-7BC5-4EA3-A510-63FD3ADDF05D}.AppStore|iPhone.ActiveCfg = Release|Any CPU
		{1F17933E-7BC5-4EA3-A510-63FD3ADDF05D}.AppStore|iPhone.Build.0 = Release|Any CPU
		{1F17933E-7BC5-4EA3-A510-63FD3ADDF05D}.AppStore|iPhoneSimulator.ActiveCfg = Release|Any CPU
		{1F17933E-7BC5-4EA3-A510-63FD3ADDF05D}.AppStore|iPhoneSimulator.Build.0 = Release|Any CPU
		{1F17933E-7BC5-4EA3-A510-63FD3ADDF05D}.AppStore|x64.ActiveCfg = Release|Any CPU
		{1F17933E-7BC5-4EA3-A510-63FD3ADDF05D}.AppStore|x64.Build.0 = Release|Any CPU
		{1F17933E-7BC5-4EA3-A510-63FD3ADDF05D}.AppStore|x86.ActiveCfg = Release|Any CPU
		{1F17933E-7BC5-4EA3-A510-63FD3ADDF05D}.AppStore|x86.Build.0 = Release|Any CPU
		{1F17933E-7BC5-4EA3-A510-63FD3ADDF05D}.Debug|Any CPU.ActiveCfg = Debug|Any CPU
		{1F17933E-7BC5-4EA3-A510-63FD3ADDF05D}.Debug|Any CPU.Build.0 = Debug|Any CPU
		{1F17933E-7BC5-4EA3-A510-63FD3ADDF05D}.Debug|ARM.ActiveCfg = Debug|Any CPU
		{1F17933E-7BC5-4EA3-A510-63FD3ADDF05D}.Debug|ARM.Build.0 = Debug|Any CPU
		{1F17933E-7BC5-4EA3-A510-63FD3ADDF05D}.Debug|iPhone.ActiveCfg = Debug|Any CPU
		{1F17933E-7BC5-4EA3-A510-63FD3ADDF05D}.Debug|iPhone.Build.0 = Debug|Any CPU
		{1F17933E-7BC5-4EA3-A510-63FD3ADDF05D}.Debug|iPhoneSimulator.ActiveCfg = Debug|Any CPU
		{1F17933E-7BC5-4EA3-A510-63FD3ADDF05D}.Debug|iPhoneSimulator.Build.0 = Debug|Any CPU
		{1F17933E-7BC5-4EA3-A510-63FD3ADDF05D}.Debug|x64.ActiveCfg = Debug|Any CPU
		{1F17933E-7BC5-4EA3-A510-63FD3ADDF05D}.Debug|x64.Build.0 = Debug|Any CPU
		{1F17933E-7BC5-4EA3-A510-63FD3ADDF05D}.Debug|x86.ActiveCfg = Debug|Any CPU
		{1F17933E-7BC5-4EA3-A510-63FD3ADDF05D}.Debug|x86.Build.0 = Debug|Any CPU
		{1F17933E-7BC5-4EA3-A510-63FD3ADDF05D}.Release|Any CPU.ActiveCfg = Release|Any CPU
		{1F17933E-7BC5-4EA3-A510-63FD3ADDF05D}.Release|Any CPU.Build.0 = Release|Any CPU
		{1F17933E-7BC5-4EA3-A510-63FD3ADDF05D}.Release|ARM.ActiveCfg = Release|Any CPU
		{1F17933E-7BC5-4EA3-A510-63FD3ADDF05D}.Release|ARM.Build.0 = Release|Any CPU
		{1F17933E-7BC5-4EA3-A510-63FD3ADDF05D}.Release|iPhone.ActiveCfg = Release|Any CPU
		{1F17933E-7BC5-4EA3-A510-63FD3ADDF05D}.Release|iPhone.Build.0 = Release|Any CPU
		{1F17933E-7BC5-4EA3-A510-63FD3ADDF05D}.Release|iPhoneSimulator.ActiveCfg = Release|Any CPU
		{1F17933E-7BC5-4EA3-A510-63FD3ADDF05D}.Release|iPhoneSimulator.Build.0 = Release|Any CPU
		{1F17933E-7BC5-4EA3-A510-63FD3ADDF05D}.Release|x64.ActiveCfg = Release|Any CPU
		{1F17933E-7BC5-4EA3-A510-63FD3ADDF05D}.Release|x64.Build.0 = Release|Any CPU
		{1F17933E-7BC5-4EA3-A510-63FD3ADDF05D}.Release|x86.ActiveCfg = Release|Any CPU
		{1F17933E-7BC5-4EA3-A510-63FD3ADDF05D}.Release|x86.Build.0 = Release|Any CPU
	EndGlobalSection
	GlobalSection(SolutionProperties) = preSolution
		HideSolutionNode = FALSE
	EndGlobalSection
EndGlobal
