
Microsoft Visual Studio Solution File, Format Version 12.00
# Visual Studio 14
VisualStudioVersion = 14.0.25123.0
MinimumVisualStudioVersion = 10.0.40219.1
Project("{FAE04EC0-301F-11D3-BF4B-00C04F79EFBC}") = "TipCalculator.Droid", "TipCalculator\TipCalculator.Droid\TipCalculator.Droid.csproj", "{F1BE0EF2-EDC8-424D-A039-A50E6F45FFFF}"
EndProject
Project("{FAE04EC0-301F-11D3-BF4B-00C04F79EFBC}") = "TipCalculator.iOS", "TipCalculator\TipCalculator.iOS\TipCalculator.iOS.csproj", "{BF76D2D9-E00D-4455-9C1F-E7AB327BD1B0}"
EndProject
Project("{FAE04EC0-301F-11D3-BF4B-00C04F79EFBC}") = "TipCalculator.WinPhone", "TipCalculator\TipCalculator.WinPhone\TipCalculator.WinPhone.csproj", "{5160A755-A211-41CA-A127-06EC1F842BAF}"
EndProject
Project("{FAE04EC0-301F-11D3-BF4B-00C04F79EFBC}") = "TipCalculator.UWP", "TipCalculator\TipCalculator.UWP\TipCalculator.UWP.csproj", "{FCC57273-3C6D-4753-87EC-0C7C49AC7D96}"
EndProject
Project("{FAE04EC0-301F-11D3-BF4B-00C04F79EFBC}") = "TipCalculator.Windows", "TipCalculator\TipCalculator.Windows\TipCalculator.Windows.csproj", "{8C3AA0F4-2CBB-4845-A9A9-442E1B5D6A3A}"
EndProject
Project("{FAE04EC0-301F-11D3-BF4B-00C04F79EFBC}") = "TipCalculator", "TipCalculator\TipCalculator\TipCalculator.csproj", "{1E02293D-C0AE-43EB-A1AF-70E32C59E03A}"
EndProject
Global
	GlobalSection(SolutionConfigurationPlatforms) = preSolution
		Ad-Hoc|Any CPU = Ad-Hoc|Any CPU
		Ad-Hoc|ARM = Ad-Hoc|ARM
		Ad-Hoc|iPhone = Ad-Hoc|iPhone
		Ad-Hoc|iPhoneSimulator = Ad-Hoc|iPhoneSimulator
		Ad-Hoc|x64 = Ad-Hoc|x64
		Ad-Hoc|x86 = Ad-Hoc|x86
		AppStore|Any CPU = AppStore|Any CPU
		AppStore|ARM = AppStore|ARM
		AppStore|iPhone = AppStore|iPhone
		AppStore|iPhoneSimulator = AppStore|iPhoneSimulator
		AppStore|x64 = AppStore|x64
		AppStore|x86 = AppStore|x86
		Debug|Any CPU = Debug|Any CPU
		Debug|ARM = Debug|ARM
		Debug|iPhone = Debug|iPhone
		Debug|iPhoneSimulator = Debug|iPhoneSimulator
		Debug|x64 = Debug|x64
		Debug|x86 = Debug|x86
		Release|Any CPU = Release|Any CPU
		Release|ARM = Release|ARM
		Release|iPhone = Release|iPhone
		Release|iPhoneSimulator = Release|iPhoneSimulator
		Release|x64 = Release|x64
		Release|x86 = Release|x86
	EndGlobalSection
	GlobalSection(ProjectConfigurationPlatforms) = postSolution
		{F1BE0EF2-EDC8-424D-A039-A50E6F45FFFF}.Ad-Hoc|Any CPU.ActiveCfg = Release|Any CPU
		{F1BE0EF2-EDC8-424D-A039-A50E6F45FFFF}.Ad-Hoc|Any CPU.Build.0 = Release|Any CPU
		{F1BE0EF2-EDC8-424D-A039-A50E6F45FFFF}.Ad-Hoc|Any CPU.Deploy.0 = Release|Any CPU
		{F1BE0EF2-EDC8-424D-A039-A50E6F45FFFF}.Ad-Hoc|ARM.ActiveCfg = Release|Any CPU
		{F1BE0EF2-EDC8-424D-A039-A50E6F45FFFF}.Ad-Hoc|ARM.Build.0 = Release|Any CPU
		{F1BE0EF2-EDC8-424D-A039-A50E6F45FFFF}.Ad-Hoc|ARM.Deploy.0 = Release|Any CPU
		{F1BE0EF2-EDC8-424D-A039-A50E6F45FFFF}.Ad-Hoc|iPhone.ActiveCfg = Release|Any CPU
		{F1BE0EF2-EDC8-424D-A039-A50E6F45FFFF}.Ad-Hoc|iPhone.Build.0 = Release|Any CPU
		{F1BE0EF2-EDC8-424D-A039-A50E6F45FFFF}.Ad-Hoc|iPhone.Deploy.0 = Release|Any CPU
		{F1BE0EF2-EDC8-424D-A039-A50E6F45FFFF}.Ad-Hoc|iPhoneSimulator.ActiveCfg = Release|Any CPU
		{F1BE0EF2-EDC8-424D-A039-A50E6F45FFFF}.Ad-Hoc|iPhoneSimulator.Build.0 = Release|Any CPU
		{F1BE0EF2-EDC8-424D-A039-A50E6F45FFFF}.Ad-Hoc|iPhoneSimulator.Deploy.0 = Release|Any CPU
		{F1BE0EF2-EDC8-424D-A039-A50E6F45FFFF}.Ad-Hoc|x64.ActiveCfg = Release|Any CPU
		{F1BE0EF2-EDC8-424D-A039-A50E6F45FFFF}.Ad-Hoc|x64.Build.0 = Release|Any CPU
		{F1BE0EF2-EDC8-424D-A039-A50E6F45FFFF}.Ad-Hoc|x64.Deploy.0 = Release|Any CPU
		{F1BE0EF2-EDC8-424D-A039-A50E6F45FFFF}.Ad-Hoc|x86.ActiveCfg = Release|Any CPU
		{F1BE0EF2-EDC8-424D-A039-A50E6F45FFFF}.Ad-Hoc|x86.Build.0 = Release|Any CPU
		{F1BE0EF2-EDC8-424D-A039-A50E6F45FFFF}.Ad-Hoc|x86.Deploy.0 = Release|Any CPU
		{F1BE0EF2-EDC8-424D-A039-A50E6F45FFFF}.AppStore|Any CPU.ActiveCfg = Release|Any CPU
		{F1BE0EF2-EDC8-424D-A039-A50E6F45FFFF}.AppStore|Any CPU.Build.0 = Release|Any CPU
		{F1BE0EF2-EDC8-424D-A039-A50E6F45FFFF}.AppStore|Any CPU.Deploy.0 = Release|Any CPU
		{F1BE0EF2-EDC8-424D-A039-A50E6F45FFFF}.AppStore|ARM.ActiveCfg = Release|Any CPU
		{F1BE0EF2-EDC8-424D-A039-A50E6F45FFFF}.AppStore|ARM.Build.0 = Release|Any CPU
		{F1BE0EF2-EDC8-424D-A039-A50E6F45FFFF}.AppStore|ARM.Deploy.0 = Release|Any CPU
		{F1BE0EF2-EDC8-424D-A039-A50E6F45FFFF}.AppStore|iPhone.ActiveCfg = Release|Any CPU
		{F1BE0EF2-EDC8-424D-A039-A50E6F45FFFF}.AppStore|iPhone.Build.0 = Release|Any CPU
		{F1BE0EF2-EDC8-424D-A039-A50E6F45FFFF}.AppStore|iPhone.Deploy.0 = Release|Any CPU
		{F1BE0EF2-EDC8-424D-A039-A50E6F45FFFF}.AppStore|iPhoneSimulator.ActiveCfg = Release|Any CPU
		{F1BE0EF2-EDC8-424D-A039-A50E6F45FFFF}.AppStore|iPhoneSimulator.Build.0 = Release|Any CPU
		{F1BE0EF2-EDC8-424D-A039-A50E6F45FFFF}.AppStore|iPhoneSimulator.Deploy.0 = Release|Any CPU
		{F1BE0EF2-EDC8-424D-A039-A50E6F45FFFF}.AppStore|x64.ActiveCfg = Release|Any CPU
		{F1BE0EF2-EDC8-424D-A039-A50E6F45FFFF}.AppStore|x64.Build.0 = Release|Any CPU
		{F1BE0EF2-EDC8-424D-A039-A50E6F45FFFF}.AppStore|x64.Deploy.0 = Release|Any CPU
		{F1BE0EF2-EDC8-424D-A039-A50E6F45FFFF}.AppStore|x86.ActiveCfg = Release|Any CPU
		{F1BE0EF2-EDC8-424D-A039-A50E6F45FFFF}.AppStore|x86.Build.0 = Release|Any CPU
		{F1BE0EF2-EDC8-424D-A039-A50E6F45FFFF}.AppStore|x86.Deploy.0 = Release|Any CPU
		{F1BE0EF2-EDC8-424D-A039-A50E6F45FFFF}.Debug|Any CPU.ActiveCfg = Debug|Any CPU
		{F1BE0EF2-EDC8-424D-A039-A50E6F45FFFF}.Debug|Any CPU.Build.0 = Debug|Any CPU
		{F1BE0EF2-EDC8-424D-A039-A50E6F45FFFF}.Debug|Any CPU.Deploy.0 = Debug|Any CPU
		{F1BE0EF2-EDC8-424D-A039-A50E6F45FFFF}.Debug|ARM.ActiveCfg = Debug|Any CPU
		{F1BE0EF2-EDC8-424D-A039-A50E6F45FFFF}.Debug|ARM.Build.0 = Debug|Any CPU
		{F1BE0EF2-EDC8-424D-A039-A50E6F45FFFF}.Debug|ARM.Deploy.0 = Debug|Any CPU
		{F1BE0EF2-EDC8-424D-A039-A50E6F45FFFF}.Debug|iPhone.ActiveCfg = Debug|Any CPU
		{F1BE0EF2-EDC8-424D-A039-A50E6F45FFFF}.Debug|iPhone.Build.0 = Debug|Any CPU
		{F1BE0EF2-EDC8-424D-A039-A50E6F45FFFF}.Debug|iPhone.Deploy.0 = Debug|Any CPU
		{F1BE0EF2-EDC8-424D-A039-A50E6F45FFFF}.Debug|iPhoneSimulator.ActiveCfg = Debug|Any CPU
		{F1BE0EF2-EDC8-424D-A039-A50E6F45FFFF}.Debug|iPhoneSimulator.Build.0 = Debug|Any CPU
		{F1BE0EF2-EDC8-424D-A039-A50E6F45FFFF}.Debug|iPhoneSimulator.Deploy.0 = Debug|Any CPU
		{F1BE0EF2-EDC8-424D-A039-A50E6F45FFFF}.Debug|x64.ActiveCfg = Debug|Any CPU
		{F1BE0EF2-EDC8-424D-A039-A50E6F45FFFF}.Debug|x64.Build.0 = Debug|Any CPU
		{F1BE0EF2-EDC8-424D-A039-A50E6F45FFFF}.Debug|x64.Deploy.0 = Debug|Any CPU
		{F1BE0EF2-EDC8-424D-A039-A50E6F45FFFF}.Debug|x86.ActiveCfg = Debug|Any CPU
		{F1BE0EF2-EDC8-424D-A039-A50E6F45FFFF}.Debug|x86.Build.0 = Debug|Any CPU
		{F1BE0EF2-EDC8-424D-A039-A50E6F45FFFF}.Debug|x86.Deploy.0 = Debug|Any CPU
		{F1BE0EF2-EDC8-424D-A039-A50E6F45FFFF}.Release|Any CPU.ActiveCfg = Release|Any CPU
		{F1BE0EF2-EDC8-424D-A039-A50E6F45FFFF}.Release|Any CPU.Build.0 = Release|Any CPU
		{F1BE0EF2-EDC8-424D-A039-A50E6F45FFFF}.Release|Any CPU.Deploy.0 = Release|Any CPU
		{F1BE0EF2-EDC8-424D-A039-A50E6F45FFFF}.Release|ARM.ActiveCfg = Release|Any CPU
		{F1BE0EF2-EDC8-424D-A039-A50E6F45FFFF}.Release|ARM.Build.0 = Release|Any CPU
		{F1BE0EF2-EDC8-424D-A039-A50E6F45FFFF}.Release|ARM.Deploy.0 = Release|Any CPU
		{F1BE0EF2-EDC8-424D-A039-A50E6F45FFFF}.Release|iPhone.ActiveCfg = Release|Any CPU
		{F1BE0EF2-EDC8-424D-A039-A50E6F45FFFF}.Release|iPhone.Build.0 = Release|Any CPU
		{F1BE0EF2-EDC8-424D-A039-A50E6F45FFFF}.Release|iPhone.Deploy.0 = Release|Any CPU
		{F1BE0EF2-EDC8-424D-A039-A50E6F45FFFF}.Release|iPhoneSimulator.ActiveCfg = Release|Any CPU
		{F1BE0EF2-EDC8-424D-A039-A50E6F45FFFF}.Release|iPhoneSimulator.Build.0 = Release|Any CPU
		{F1BE0EF2-EDC8-424D-A039-A50E6F45FFFF}.Release|iPhoneSimulator.Deploy.0 = Release|Any CPU
		{F1BE0EF2-EDC8-424D-A039-A50E6F45FFFF}.Release|x64.ActiveCfg = Release|Any CPU
		{F1BE0EF2-EDC8-424D-A039-A50E6F45FFFF}.Release|x64.Build.0 = Release|Any CPU
		{F1BE0EF2-EDC8-424D-A039-A50E6F45FFFF}.Release|x64.Deploy.0 = Release|Any CPU
		{F1BE0EF2-EDC8-424D-A039-A50E6F45FFFF}.Release|x86.ActiveCfg = Release|Any CPU
		{F1BE0EF2-EDC8-424D-A039-A50E6F45FFFF}.Release|x86.Build.0 = Release|Any CPU
		{F1BE0EF2-EDC8-424D-A039-A50E6F45FFFF}.Release|x86.Deploy.0 = Release|Any CPU
		{BF76D2D9-E00D-4455-9C1F-E7AB327BD1B0}.Ad-Hoc|Any CPU.ActiveCfg = Ad-Hoc|iPhone
		{BF76D2D9-E00D-4455-9C1F-E7AB327BD1B0}.Ad-Hoc|ARM.ActiveCfg = Ad-Hoc|iPhone
		{BF76D2D9-E00D-4455-9C1F-E7AB327BD1B0}.Ad-Hoc|iPhone.ActiveCfg = Ad-Hoc|iPhone
		{BF76D2D9-E00D-4455-9C1F-E7AB327BD1B0}.Ad-Hoc|iPhone.Build.0 = Ad-Hoc|iPhone
		{BF76D2D9-E00D-4455-9C1F-E7AB327BD1B0}.Ad-Hoc|iPhoneSimulator.ActiveCfg = Ad-Hoc|iPhoneSimulator
		{BF76D2D9-E00D-4455-9C1F-E7AB327BD1B0}.Ad-Hoc|iPhoneSimulator.Build.0 = Ad-Hoc|iPhoneSimulator
		{BF76D2D9-E00D-4455-9C1F-E7AB327BD1B0}.Ad-Hoc|x64.ActiveCfg = Ad-Hoc|iPhone
		{BF76D2D9-E00D-4455-9C1F-E7AB327BD1B0}.Ad-Hoc|x86.ActiveCfg = Ad-Hoc|iPhone
		{BF76D2D9-E00D-4455-9C1F-E7AB327BD1B0}.AppStore|Any CPU.ActiveCfg = AppStore|iPhone
		{BF76D2D9-E00D-4455-9C1F-E7AB327BD1B0}.AppStore|ARM.ActiveCfg = AppStore|iPhone
		{BF76D2D9-E00D-4455-9C1F-E7AB327BD1B0}.AppStore|iPhone.ActiveCfg = AppStore|iPhone
		{BF76D2D9-E00D-4455-9C1F-E7AB327BD1B0}.AppStore|iPhone.Build.0 = AppStore|iPhone
		{BF76D2D9-E00D-4455-9C1F-E7AB327BD1B0}.AppStore|iPhoneSimulator.ActiveCfg = AppStore|iPhoneSimulator
		{BF76D2D9-E00D-4455-9C1F-E7AB327BD1B0}.AppStore|iPhoneSimulator.Build.0 = AppStore|iPhoneSimulator
		{BF76D2D9-E00D-4455-9C1F-E7AB327BD1B0}.AppStore|x64.ActiveCfg = AppStore|iPhone
		{BF76D2D9-E00D-4455-9C1F-E7AB327BD1B0}.AppStore|x86.ActiveCfg = AppStore|iPhone
		{BF76D2D9-E00D-4455-9C1F-E7AB327BD1B0}.Debug|Any CPU.ActiveCfg = Debug|iPhone
		{BF76D2D9-E00D-4455-9C1F-E7AB327BD1B0}.Debug|ARM.ActiveCfg = Debug|iPhone
		{BF76D2D9-E00D-4455-9C1F-E7AB327BD1B0}.Debug|iPhone.ActiveCfg = Debug|iPhone
		{BF76D2D9-E00D-4455-9C1F-E7AB327BD1B0}.Debug|iPhone.Build.0 = Debug|iPhone
		{BF76D2D9-E00D-4455-9C1F-E7AB327BD1B0}.Debug|iPhoneSimulator.ActiveCfg = Debug|iPhoneSimulator
		{BF76D2D9-E00D-4455-9C1F-E7AB327BD1B0}.Debug|iPhoneSimulator.Build.0 = Debug|iPhoneSimulator
		{BF76D2D9-E00D-4455-9C1F-E7AB327BD1B0}.Debug|x64.ActiveCfg = Debug|iPhone
		{BF76D2D9-E00D-4455-9C1F-E7AB327BD1B0}.Debug|x86.ActiveCfg = Debug|iPhone
		{BF76D2D9-E00D-4455-9C1F-E7AB327BD1B0}.Release|Any CPU.ActiveCfg = Release|iPhone
		{BF76D2D9-E00D-4455-9C1F-E7AB327BD1B0}.Release|ARM.ActiveCfg = Release|iPhone
		{BF76D2D9-E00D-4455-9C1F-E7AB327BD1B0}.Release|iPhone.ActiveCfg = Release|iPhone
		{BF76D2D9-E00D-4455-9C1F-E7AB327BD1B0}.Release|iPhone.Build.0 = Release|iPhone
		{BF76D2D9-E00D-4455-9C1F-E7AB327BD1B0}.Release|iPhoneSimulator.ActiveCfg = Release|iPhoneSimulator
		{BF76D2D9-E00D-4455-9C1F-E7AB327BD1B0}.Release|iPhoneSimulator.Build.0 = Release|iPhoneSimulator
		{BF76D2D9-E00D-4455-9C1F-E7AB327BD1B0}.Release|x64.ActiveCfg = Release|iPhone
		{BF76D2D9-E00D-4455-9C1F-E7AB327BD1B0}.Release|x86.ActiveCfg = Release|iPhone
		{5160A755-A211-41CA-A127-06EC1F842BAF}.Ad-Hoc|Any CPU.ActiveCfg = Release|Any CPU
		{5160A755-A211-41CA-A127-06EC1F842BAF}.Ad-Hoc|Any CPU.Build.0 = Release|Any CPU
		{5160A755-A211-41CA-A127-06EC1F842BAF}.Ad-Hoc|Any CPU.Deploy.0 = Release|Any CPU
		{5160A755-A211-41CA-A127-06EC1F842BAF}.Ad-Hoc|ARM.ActiveCfg = Release|ARM
		{5160A755-A211-41CA-A127-06EC1F842BAF}.Ad-Hoc|ARM.Build.0 = Release|ARM
		{5160A755-A211-41CA-A127-06EC1F842BAF}.Ad-Hoc|ARM.Deploy.0 = Release|ARM
		{5160A755-A211-41CA-A127-06EC1F842BAF}.Ad-Hoc|iPhone.ActiveCfg = Release|Any CPU
		{5160A755-A211-41CA-A127-06EC1F842BAF}.Ad-Hoc|iPhone.Build.0 = Release|Any CPU
		{5160A755-A211-41CA-A127-06EC1F842BAF}.Ad-Hoc|iPhone.Deploy.0 = Release|Any CPU
		{5160A755-A211-41CA-A127-06EC1F842BAF}.Ad-Hoc|iPhoneSimulator.ActiveCfg = Release|Any CPU
		{5160A755-A211-41CA-A127-06EC1F842BAF}.Ad-Hoc|iPhoneSimulator.Build.0 = Release|Any CPU
		{5160A755-A211-41CA-A127-06EC1F842BAF}.Ad-Hoc|iPhoneSimulator.Deploy.0 = Release|Any CPU
		{5160A755-A211-41CA-A127-06EC1F842BAF}.Ad-Hoc|x64.ActiveCfg = Release|Any CPU
		{5160A755-A211-41CA-A127-06EC1F842BAF}.Ad-Hoc|x64.Build.0 = Release|Any CPU
		{5160A755-A211-41CA-A127-06EC1F842BAF}.Ad-Hoc|x64.Deploy.0 = Release|Any CPU
		{5160A755-A211-41CA-A127-06EC1F842BAF}.Ad-Hoc|x86.ActiveCfg = Release|x86
		{5160A755-A211-41CA-A127-06EC1F842BAF}.Ad-Hoc|x86.Build.0 = Release|x86
		{5160A755-A211-41CA-A127-06EC1F842BAF}.Ad-Hoc|x86.Deploy.0 = Release|x86
		{5160A755-A211-41CA-A127-06EC1F842BAF}.AppStore|Any CPU.ActiveCfg = Release|Any CPU
		{5160A755-A211-41CA-A127-06EC1F842BAF}.AppStore|Any CPU.Build.0 = Release|Any CPU
		{5160A755-A211-41CA-A127-06EC1F842BAF}.AppStore|Any CPU.Deploy.0 = Release|Any CPU
		{5160A755-A211-41CA-A127-06EC1F842BAF}.AppStore|ARM.ActiveCfg = Release|ARM
		{5160A755-A211-41CA-A127-06EC1F842BAF}.AppStore|ARM.Build.0 = Release|ARM
		{5160A755-A211-41CA-A127-06EC1F842BAF}.AppStore|ARM.Deploy.0 = Release|ARM
		{5160A755-A211-41CA-A127-06EC1F842BAF}.AppStore|iPhone.ActiveCfg = Release|Any CPU
		{5160A755-A211-41CA-A127-06EC1F842BAF}.AppStore|iPhone.Build.0 = Release|Any CPU
		{5160A755-A211-41CA-A127-06EC1F842BAF}.AppStore|iPhone.Deploy.0 = Release|Any CPU
		{5160A755-A211-41CA-A127-06EC1F842BAF}.AppStore|iPhoneSimulator.ActiveCfg = Release|Any CPU
		{5160A755-A211-41CA-A127-06EC1F842BAF}.AppStore|iPhoneSimulator.Build.0 = Release|Any CPU
		{5160A755-A211-41CA-A127-06EC1F842BAF}.AppStore|iPhoneSimulator.Deploy.0 = Release|Any CPU
		{5160A755-A211-41CA-A127-06EC1F842BAF}.AppStore|x64.ActiveCfg = Release|Any CPU
		{5160A755-A211-41CA-A127-06EC1F842BAF}.AppStore|x64.Build.0 = Release|Any CPU
		{5160A755-A211-41CA-A127-06EC1F842BAF}.AppStore|x64.Deploy.0 = Release|Any CPU
		{5160A755-A211-41CA-A127-06EC1F842BAF}.AppStore|x86.ActiveCfg = Release|x86
		{5160A755-A211-41CA-A127-06EC1F842BAF}.AppStore|x86.Build.0 = Release|x86
		{5160A755-A211-41CA-A127-06EC1F842BAF}.AppStore|x86.Deploy.0 = Release|x86
		{5160A755-A211-41CA-A127-06EC1F842BAF}.Debug|Any CPU.ActiveCfg = Debug|Any CPU
		{5160A755-A211-41CA-A127-06EC1F842BAF}.Debug|Any CPU.Build.0 = Debug|Any CPU
		{5160A755-A211-41CA-A127-06EC1F842BAF}.Debug|Any CPU.Deploy.0 = Debug|Any CPU
		{5160A755-A211-41CA-A127-06EC1F842BAF}.Debug|ARM.ActiveCfg = Debug|ARM
		{5160A755-A211-41CA-A127-06EC1F842BAF}.Debug|ARM.Build.0 = Debug|ARM
		{5160A755-A211-41CA-A127-06EC1F842BAF}.Debug|ARM.Deploy.0 = Debug|ARM
		{5160A755-A211-41CA-A127-06EC1F842BAF}.Debug|iPhone.ActiveCfg = Debug|Any CPU
		{5160A755-A211-41CA-A127-06EC1F842BAF}.Debug|iPhone.Build.0 = Debug|Any CPU
		{5160A755-A211-41CA-A127-06EC1F842BAF}.Debug|iPhone.Deploy.0 = Debug|Any CPU
		{5160A755-A211-41CA-A127-06EC1F842BAF}.Debug|iPhoneSimulator.ActiveCfg = Debug|Any CPU
		{5160A755-A211-41CA-A127-06EC1F842BAF}.Debug|iPhoneSimulator.Build.0 = Debug|Any CPU
		{5160A755-A211-41CA-A127-06EC1F842BAF}.Debug|iPhoneSimulator.Deploy.0 = Debug|Any CPU
		{5160A755-A211-41CA-A127-06EC1F842BAF}.Debug|x64.ActiveCfg = Debug|Any CPU
		{5160A755-A211-41CA-A127-06EC1F842BAF}.Debug|x64.Build.0 = Debug|Any CPU
		{5160A755-A211-41CA-A127-06EC1F842BAF}.Debug|x64.Deploy.0 = Debug|Any CPU
		{5160A755-A211-41CA-A127-06EC1F842BAF}.Debug|x86.ActiveCfg = Debug|x86
		{5160A755-A211-41CA-A127-06EC1F842BAF}.Debug|x86.Build.0 = Debug|x86
		{5160A755-A211-41CA-A127-06EC1F842BAF}.Debug|x86.Deploy.0 = Debug|x86
		{5160A755-A211-41CA-A127-06EC1F842BAF}.Release|Any CPU.ActiveCfg = Release|Any CPU
		{5160A755-A211-41CA-A127-06EC1F842BAF}.Release|Any CPU.Build.0 = Release|Any CPU
		{5160A755-A211-41CA-A127-06EC1F842BAF}.Release|Any CPU.Deploy.0 = Release|Any CPU
		{5160A755-A211-41CA-A127-06EC1F842BAF}.Release|ARM.ActiveCfg = Release|ARM
		{5160A755-A211-41CA-A127-06EC1F842BAF}.Release|ARM.Build.0 = Release|ARM
		{5160A755-A211-41CA-A127-06EC1F842BAF}.Release|ARM.Deploy.0 = Release|ARM
		{5160A755-A211-41CA-A127-06EC1F842BAF}.Release|iPhone.ActiveCfg = Release|Any CPU
		{5160A755-A211-41CA-A127-06EC1F842BAF}.Release|iPhone.Build.0 = Release|Any CPU
		{5160A755-A211-41CA-A127-06EC1F842BAF}.Release|iPhone.Deploy.0 = Release|Any CPU
		{5160A755-A211-41CA-A127-06EC1F842BAF}.Release|iPhoneSimulator.ActiveCfg = Release|Any CPU
		{5160A755-A211-41CA-A127-06EC1F842BAF}.Release|iPhoneSimulator.Build.0 = Release|Any CPU
		{5160A755-A211-41CA-A127-06EC1F842BAF}.Release|iPhoneSimulator.Deploy.0 = Release|Any CPU
		{5160A755-A211-41CA-A127-06EC1F842BAF}.Release|x64.ActiveCfg = Release|Any CPU
		{5160A755-A211-41CA-A127-06EC1F842BAF}.Release|x64.Build.0 = Release|Any CPU
		{5160A755-A211-41CA-A127-06EC1F842BAF}.Release|x64.Deploy.0 = Release|Any CPU
		{5160A755-A211-41CA-A127-06EC1F842BAF}.Release|x86.ActiveCfg = Release|x86
		{5160A755-A211-41CA-A127-06EC1F842BAF}.Release|x86.Build.0 = Release|x86
		{5160A755-A211-41CA-A127-06EC1F842BAF}.Release|x86.Deploy.0 = Release|x86
		{FCC57273-3C6D-4753-87EC-0C7C49AC7D96}.Ad-Hoc|Any CPU.ActiveCfg = Release|x86
		{FCC57273-3C6D-4753-87EC-0C7C49AC7D96}.Ad-Hoc|Any CPU.Build.0 = Release|x86
		{FCC57273-3C6D-4753-87EC-0C7C49AC7D96}.Ad-Hoc|Any CPU.Deploy.0 = Release|x86
		{FCC57273-3C6D-4753-87EC-0C7C49AC7D96}.Ad-Hoc|ARM.ActiveCfg = Release|ARM
		{FCC57273-3C6D-4753-87EC-0C7C49AC7D96}.Ad-Hoc|ARM.Build.0 = Release|ARM
		{FCC57273-3C6D-4753-87EC-0C7C49AC7D96}.Ad-Hoc|ARM.Deploy.0 = Release|ARM
		{FCC57273-3C6D-4753-87EC-0C7C49AC7D96}.Ad-Hoc|iPhone.ActiveCfg = Release|x86
		{FCC57273-3C6D-4753-87EC-0C7C49AC7D96}.Ad-Hoc|iPhone.Build.0 = Release|x86
		{FCC57273-3C6D-4753-87EC-0C7C49AC7D96}.Ad-Hoc|iPhone.Deploy.0 = Release|x86
		{FCC57273-3C6D-4753-87EC-0C7C49AC7D96}.Ad-Hoc|iPhoneSimulator.ActiveCfg = Release|x86
		{FCC57273-3C6D-4753-87EC-0C7C49AC7D96}.Ad-Hoc|iPhoneSimulator.Build.0 = Release|x86
		{FCC57273-3C6D-4753-87EC-0C7C49AC7D96}.Ad-Hoc|iPhoneSimulator.Deploy.0 = Release|x86
		{FCC57273-3C6D-4753-87EC-0C7C49AC7D96}.Ad-Hoc|x64.ActiveCfg = Release|x64
		{FCC57273-3C6D-4753-87EC-0C7C49AC7D96}.Ad-Hoc|x64.Build.0 = Release|x64
		{FCC57273-3C6D-4753-87EC-0C7C49AC7D96}.Ad-Hoc|x64.Deploy.0 = Release|x64
		{FCC57273-3C6D-4753-87EC-0C7C49AC7D96}.Ad-Hoc|x86.ActiveCfg = Release|x86
		{FCC57273-3C6D-4753-87EC-0C7C49AC7D96}.Ad-Hoc|x86.Build.0 = Release|x86
		{FCC57273-3C6D-4753-87EC-0C7C49AC7D96}.Ad-Hoc|x86.Deploy.0 = Release|x86
		{FCC57273-3C6D-4753-87EC-0C7C49AC7D96}.AppStore|Any CPU.ActiveCfg = Release|x86
		{FCC57273-3C6D-4753-87EC-0C7C49AC7D96}.AppStore|Any CPU.Build.0 = Release|x86
		{FCC57273-3C6D-4753-87EC-0C7C49AC7D96}.AppStore|Any CPU.Deploy.0 = Release|x86
		{FCC57273-3C6D-4753-87EC-0C7C49AC7D96}.AppStore|ARM.ActiveCfg = Release|ARM
		{FCC57273-3C6D-4753-87EC-0C7C49AC7D96}.AppStore|ARM.Build.0 = Release|ARM
		{FCC57273-3C6D-4753-87EC-0C7C49AC7D96}.AppStore|ARM.Deploy.0 = Release|ARM
		{FCC57273-3C6D-4753-87EC-0C7C49AC7D96}.AppStore|iPhone.ActiveCfg = Release|x86
		{FCC57273-3C6D-4753-87EC-0C7C49AC7D96}.AppStore|iPhone.Build.0 = Release|x86
		{FCC57273-3C6D-4753-87EC-0C7C49AC7D96}.AppStore|iPhone.Deploy.0 = Release|x86
		{FCC57273-3C6D-4753-87EC-0C7C49AC7D96}.AppStore|iPhoneSimulator.ActiveCfg = Release|x86
		{FCC57273-3C6D-4753-87EC-0C7C49AC7D96}.AppStore|iPhoneSimulator.Build.0 = Release|x86
		{FCC57273-3C6D-4753-87EC-0C7C49AC7D96}.AppStore|iPhoneSimulator.Deploy.0 = Release|x86
		{FCC57273-3C6D-4753-87EC-0C7C49AC7D96}.AppStore|x64.ActiveCfg = Release|x64
		{FCC57273-3C6D-4753-87EC-0C7C49AC7D96}.AppStore|x64.Build.0 = Release|x64
		{FCC57273-3C6D-4753-87EC-0C7C49AC7D96}.AppStore|x64.Deploy.0 = Release|x64
		{FCC57273-3C6D-4753-87EC-0C7C49AC7D96}.AppStore|x86.ActiveCfg = Release|x86
		{FCC57273-3C6D-4753-87EC-0C7C49AC7D96}.AppStore|x86.Build.0 = Release|x86
		{FCC57273-3C6D-4753-87EC-0C7C49AC7D96}.AppStore|x86.Deploy.0 = Release|x86
		{FCC57273-3C6D-4753-87EC-0C7C49AC7D96}.Debug|Any CPU.ActiveCfg = Debug|x86
		{FCC57273-3C6D-4753-87EC-0C7C49AC7D96}.Debug|ARM.ActiveCfg = Debug|ARM
		{FCC57273-3C6D-4753-87EC-0C7C49AC7D96}.Debug|ARM.Build.0 = Debug|ARM
		{FCC57273-3C6D-4753-87EC-0C7C49AC7D96}.Debug|ARM.Deploy.0 = Debug|ARM
		{FCC57273-3C6D-4753-87EC-0C7C49AC7D96}.Debug|iPhone.ActiveCfg = Debug|x86
		{FCC57273-3C6D-4753-87EC-0C7C49AC7D96}.Debug|iPhoneSimulator.ActiveCfg = Debug|x86
		{FCC57273-3C6D-4753-87EC-0C7C49AC7D96}.Debug|x64.ActiveCfg = Debug|x64
		{FCC57273-3C6D-4753-87EC-0C7C49AC7D96}.Debug|x64.Build.0 = Debug|x64
		{FCC57273-3C6D-4753-87EC-0C7C49AC7D96}.Debug|x64.Deploy.0 = Debug|x64
		{FCC57273-3C6D-4753-87EC-0C7C49AC7D96}.Debug|x86.ActiveCfg = Debug|x86
		{FCC57273-3C6D-4753-87EC-0C7C49AC7D96}.Debug|x86.Build.0 = Debug|x86
		{FCC57273-3C6D-4753-87EC-0C7C49AC7D96}.Debug|x86.Deploy.0 = Debug|x86
		{FCC57273-3C6D-4753-87EC-0C7C49AC7D96}.Release|Any CPU.ActiveCfg = Release|x86
		{FCC57273-3C6D-4753-87EC-0C7C49AC7D96}.Release|ARM.ActiveCfg = Release|ARM
		{FCC57273-3C6D-4753-87EC-0C7C49AC7D96}.Release|ARM.Build.0 = Release|ARM
		{FCC57273-3C6D-4753-87EC-0C7C49AC7D96}.Release|ARM.Deploy.0 = Release|ARM
		{FCC57273-3C6D-4753-87EC-0C7C49AC7D96}.Release|iPhone.ActiveCfg = Release|x86
		{FCC57273-3C6D-4753-87EC-0C7C49AC7D96}.Release|iPhoneSimulator.ActiveCfg = Release|x86
		{FCC57273-3C6D-4753-87EC-0C7C49AC7D96}.Release|x64.ActiveCfg = Release|x64
		{FCC57273-3C6D-4753-87EC-0C7C49AC7D96}.Release|x64.Build.0 = Release|x64
		{FCC57273-3C6D-4753-87EC-0C7C49AC7D96}.Release|x64.Deploy.0 = Release|x64
		{FCC57273-3C6D-4753-87EC-0C7C49AC7D96}.Release|x86.ActiveCfg = Release|x86
		{FCC57273-3C6D-4753-87EC-0C7C49AC7D96}.Release|x86.Build.0 = Release|x86
		{FCC57273-3C6D-4753-87EC-0C7C49AC7D96}.Release|x86.Deploy.0 = Release|x86
		{8C3AA0F4-2CBB-4845-A9A9-442E1B5D6A3A}.Ad-Hoc|Any CPU.ActiveCfg = Release|Any CPU
		{8C3AA0F4-2CBB-4845-A9A9-442E1B5D6A3A}.Ad-Hoc|Any CPU.Build.0 = Release|Any CPU
		{8C3AA0F4-2CBB-4845-A9A9-442E1B5D6A3A}.Ad-Hoc|Any CPU.Deploy.0 = Release|Any CPU
		{8C3AA0F4-2CBB-4845-A9A9-442E1B5D6A3A}.Ad-Hoc|ARM.ActiveCfg = Release|ARM
		{8C3AA0F4-2CBB-4845-A9A9-442E1B5D6A3A}.Ad-Hoc|ARM.Build.0 = Release|ARM
		{8C3AA0F4-2CBB-4845-A9A9-442E1B5D6A3A}.Ad-Hoc|ARM.Deploy.0 = Release|ARM
		{8C3AA0F4-2CBB-4845-A9A9-442E1B5D6A3A}.Ad-Hoc|iPhone.ActiveCfg = Release|Any CPU
		{8C3AA0F4-2CBB-4845-A9A9-442E1B5D6A3A}.Ad-Hoc|iPhone.Build.0 = Release|Any CPU
		{8C3AA0F4-2CBB-4845-A9A9-442E1B5D6A3A}.Ad-Hoc|iPhone.Deploy.0 = Release|Any CPU
		{8C3AA0F4-2CBB-4845-A9A9-442E1B5D6A3A}.Ad-Hoc|iPhoneSimulator.ActiveCfg = Release|Any CPU
		{8C3AA0F4-2CBB-4845-A9A9-442E1B5D6A3A}.Ad-Hoc|iPhoneSimulator.Build.0 = Release|Any CPU
		{8C3AA0F4-2CBB-4845-A9A9-442E1B5D6A3A}.Ad-Hoc|iPhoneSimulator.Deploy.0 = Release|Any CPU
		{8C3AA0F4-2CBB-4845-A9A9-442E1B5D6A3A}.Ad-Hoc|x64.ActiveCfg = Release|x64
		{8C3AA0F4-2CBB-4845-A9A9-442E1B5D6A3A}.Ad-Hoc|x64.Build.0 = Release|x64
		{8C3AA0F4-2CBB-4845-A9A9-442E1B5D6A3A}.Ad-Hoc|x64.Deploy.0 = Release|x64
		{8C3AA0F4-2CBB-4845-A9A9-442E1B5D6A3A}.Ad-Hoc|x86.ActiveCfg = Release|x86
		{8C3AA0F4-2CBB-4845-A9A9-442E1B5D6A3A}.Ad-Hoc|x86.Build.0 = Release|x86
		{8C3AA0F4-2CBB-4845-A9A9-442E1B5D6A3A}.Ad-Hoc|x86.Deploy.0 = Release|x86
		{8C3AA0F4-2CBB-4845-A9A9-442E1B5D6A3A}.AppStore|Any CPU.ActiveCfg = Release|Any CPU
		{8C3AA0F4-2CBB-4845-A9A9-442E1B5D6A3A}.AppStore|Any CPU.Build.0 = Release|Any CPU
		{8C3AA0F4-2CBB-4845-A9A9-442E1B5D6A3A}.AppStore|Any CPU.Deploy.0 = Release|Any CPU
		{8C3AA0F4-2CBB-4845-A9A9-442E1B5D6A3A}.AppStore|ARM.ActiveCfg = Release|ARM
		{8C3AA0F4-2CBB-4845-A9A9-442E1B5D6A3A}.AppStore|ARM.Build.0 = Release|ARM
		{8C3AA0F4-2CBB-4845-A9A9-442E1B5D6A3A}.AppStore|ARM.Deploy.0 = Release|ARM
		{8C3AA0F4-2CBB-4845-A9A9-442E1B5D6A3A}.AppStore|iPhone.ActiveCfg = Release|Any CPU
		{8C3AA0F4-2CBB-4845-A9A9-442E1B5D6A3A}.AppStore|iPhone.Build.0 = Release|Any CPU
		{8C3AA0F4-2CBB-4845-A9A9-442E1B5D6A3A}.AppStore|iPhone.Deploy.0 = Release|Any CPU
		{8C3AA0F4-2CBB-4845-A9A9-442E1B5D6A3A}.AppStore|iPhoneSimulator.ActiveCfg = Release|Any CPU
		{8C3AA0F4-2CBB-4845-A9A9-442E1B5D6A3A}.AppStore|iPhoneSimulator.Build.0 = Release|Any CPU
		{8C3AA0F4-2CBB-4845-A9A9-442E1B5D6A3A}.AppStore|iPhoneSimulator.Deploy.0 = Release|Any CPU
		{8C3AA0F4-2CBB-4845-A9A9-442E1B5D6A3A}.AppStore|x64.ActiveCfg = Release|x64
		{8C3AA0F4-2CBB-4845-A9A9-442E1B5D6A3A}.AppStore|x64.Build.0 = Release|x64
		{8C3AA0F4-2CBB-4845-A9A9-442E1B5D6A3A}.AppStore|x64.Deploy.0 = Release|x64
		{8C3AA0F4-2CBB-4845-A9A9-442E1B5D6A3A}.AppStore|x86.ActiveCfg = Release|x86
		{8C3AA0F4-2CBB-4845-A9A9-442E1B5D6A3A}.AppStore|x86.Build.0 = Release|x86
		{8C3AA0F4-2CBB-4845-A9A9-442E1B5D6A3A}.AppStore|x86.Deploy.0 = Release|x86
		{8C3AA0F4-2CBB-4845-A9A9-442E1B5D6A3A}.Debug|Any CPU.ActiveCfg = Debug|Any CPU
		{8C3AA0F4-2CBB-4845-A9A9-442E1B5D6A3A}.Debug|Any CPU.Build.0 = Debug|Any CPU
		{8C3AA0F4-2CBB-4845-A9A9-442E1B5D6A3A}.Debug|Any CPU.Deploy.0 = Debug|Any CPU
		{8C3AA0F4-2CBB-4845-A9A9-442E1B5D6A3A}.Debug|ARM.ActiveCfg = Debug|ARM
		{8C3AA0F4-2CBB-4845-A9A9-442E1B5D6A3A}.Debug|ARM.Build.0 = Debug|ARM
		{8C3AA0F4-2CBB-4845-A9A9-442E1B5D6A3A}.Debug|ARM.Deploy.0 = Debug|ARM
		{8C3AA0F4-2CBB-4845-A9A9-442E1B5D6A3A}.Debug|iPhone.ActiveCfg = Debug|Any CPU
		{8C3AA0F4-2CBB-4845-A9A9-442E1B5D6A3A}.Debug|iPhone.Build.0 = Debug|Any CPU
		{8C3AA0F4-2CBB-4845-A9A9-442E1B5D6A3A}.Debug|iPhone.Deploy.0 = Debug|Any CPU
		{8C3AA0F4-2CBB-4845-A9A9-442E1B5D6A3A}.Debug|iPhoneSimulator.ActiveCfg = Debug|Any CPU
		{8C3AA0F4-2CBB-4845-A9A9-442E1B5D6A3A}.Debug|iPhoneSimulator.Build.0 = Debug|Any CPU
		{8C3AA0F4-2CBB-4845-A9A9-442E1B5D6A3A}.Debug|iPhoneSimulator.Deploy.0 = Debug|Any CPU
		{8C3AA0F4-2CBB-4845-A9A9-442E1B5D6A3A}.Debug|x64.ActiveCfg = Debug|x64
		{8C3AA0F4-2CBB-4845-A9A9-442E1B5D6A3A}.Debug|x64.Build.0 = Debug|x64
		{8C3AA0F4-2CBB-4845-A9A9-442E1B5D6A3A}.Debug|x64.Deploy.0 = Debug|x64
		{8C3AA0F4-2CBB-4845-A9A9-442E1B5D6A3A}.Debug|x86.ActiveCfg = Debug|x86
		{8C3AA0F4-2CBB-4845-A9A9-442E1B5D6A3A}.Debug|x86.Build.0 = Debug|x86
		{8C3AA0F4-2CBB-4845-A9A9-442E1B5D6A3A}.Debug|x86.Deploy.0 = Debug|x86
		{8C3AA0F4-2CBB-4845-A9A9-442E1B5D6A3A}.Release|Any CPU.ActiveCfg = Release|Any CPU
		{8C3AA0F4-2CBB-4845-A9A9-442E1B5D6A3A}.Release|Any CPU.Build.0 = Release|Any CPU
		{8C3AA0F4-2CBB-4845-A9A9-442E1B5D6A3A}.Release|Any CPU.Deploy.0 = Release|Any CPU
		{8C3AA0F4-2CBB-4845-A9A9-442E1B5D6A3A}.Release|ARM.ActiveCfg = Release|ARM
		{8C3AA0F4-2CBB-4845-A9A9-442E1B5D6A3A}.Release|ARM.Build.0 = Release|ARM
		{8C3AA0F4-2CBB-4845-A9A9-442E1B5D6A3A}.Release|ARM.Deploy.0 = Release|ARM
		{8C3AA0F4-2CBB-4845-A9A9-442E1B5D6A3A}.Release|iPhone.ActiveCfg = Release|Any CPU
		{8C3AA0F4-2CBB-4845-A9A9-442E1B5D6A3A}.Release|iPhone.Build.0 = Release|Any CPU
		{8C3AA0F4-2CBB-4845-A9A9-442E1B5D6A3A}.Release|iPhone.Deploy.0 = Release|Any CPU
		{8C3AA0F4-2CBB-4845-A9A9-442E1B5D6A3A}.Release|iPhoneSimulator.ActiveCfg = Release|Any CPU
		{8C3AA0F4-2CBB-4845-A9A9-442E1B5D6A3A}.Release|iPhoneSimulator.Build.0 = Release|Any CPU
		{8C3AA0F4-2CBB-4845-A9A9-442E1B5D6A3A}.Release|iPhoneSimulator.Deploy.0 = Release|Any CPU
		{8C3AA0F4-2CBB-4845-A9A9-442E1B5D6A3A}.Release|x64.ActiveCfg = Release|x64
		{8C3AA0F4-2CBB-4845-A9A9-442E1B5D6A3A}.Release|x64.Build.0 = Release|x64
		{8C3AA0F4-2CBB-4845-A9A9-442E1B5D6A3A}.Release|x64.Deploy.0 = Release|x64
		{8C3AA0F4-2CBB-4845-A9A9-442E1B5D6A3A}.Release|x86.ActiveCfg = Release|x86
		{8C3AA0F4-2CBB-4845-A9A9-442E1B5D6A3A}.Release|x86.Build.0 = Release|x86
		{8C3AA0F4-2CBB-4845-A9A9-442E1B5D6A3A}.Release|x86.Deploy.0 = Release|x86
		{1E02293D-C0AE-43EB-A1AF-70E32C59E03A}.Ad-Hoc|Any CPU.ActiveCfg = Release|Any CPU
		{1E02293D-C0AE-43EB-A1AF-70E32C59E03A}.Ad-Hoc|Any CPU.Build.0 = Release|Any CPU
		{1E02293D-C0AE-43EB-A1AF-70E32C59E03A}.Ad-Hoc|ARM.ActiveCfg = Release|Any CPU
		{1E02293D-C0AE-43EB-A1AF-70E32C59E03A}.Ad-Hoc|ARM.Build.0 = Release|Any CPU
		{1E02293D-C0AE-43EB-A1AF-70E32C59E03A}.Ad-Hoc|iPhone.ActiveCfg = Release|Any CPU
		{1E02293D-C0AE-43EB-A1AF-70E32C59E03A}.Ad-Hoc|iPhone.Build.0 = Release|Any CPU
		{1E02293D-C0AE-43EB-A1AF-70E32C59E03A}.Ad-Hoc|iPhoneSimulator.ActiveCfg = Release|Any CPU
		{1E02293D-C0AE-43EB-A1AF-70E32C59E03A}.Ad-Hoc|iPhoneSimulator.Build.0 = Release|Any CPU
		{1E02293D-C0AE-43EB-A1AF-70E32C59E03A}.Ad-Hoc|x64.ActiveCfg = Release|Any CPU
		{1E02293D-C0AE-43EB-A1AF-70E32C59E03A}.Ad-Hoc|x64.Build.0 = Release|Any CPU
		{1E02293D-C0AE-43EB-A1AF-70E32C59E03A}.Ad-Hoc|x86.ActiveCfg = Release|Any CPU
		{1E02293D-C0AE-43EB-A1AF-70E32C59E03A}.Ad-Hoc|x86.Build.0 = Release|Any CPU
		{1E02293D-C0AE-43EB-A1AF-70E32C59E03A}.AppStore|Any CPU.ActiveCfg = Release|Any CPU
		{1E02293D-C0AE-43EB-A1AF-70E32C59E03A}.AppStore|Any CPU.Build.0 = Release|Any CPU
		{1E02293D-C0AE-43EB-A1AF-70E32C59E03A}.AppStore|ARM.ActiveCfg = Release|Any CPU
		{1E02293D-C0AE-43EB-A1AF-70E32C59E03A}.AppStore|ARM.Build.0 = Release|Any CPU
		{1E02293D-C0AE-43EB-A1AF-70E32C59E03A}.AppStore|iPhone.ActiveCfg = Release|Any CPU
		{1E02293D-C0AE-43EB-A1AF-70E32C59E03A}.AppStore|iPhone.Build.0 = Release|Any CPU
		{1E02293D-C0AE-43EB-A1AF-70E32C59E03A}.AppStore|iPhoneSimulator.ActiveCfg = Release|Any CPU
		{1E02293D-C0AE-43EB-A1AF-70E32C59E03A}.AppStore|iPhoneSimulator.Build.0 = Release|Any CPU
		{1E02293D-C0AE-43EB-A1AF-70E32C59E03A}.AppStore|x64.ActiveCfg = Release|Any CPU
		{1E02293D-C0AE-43EB-A1AF-70E32C59E03A}.AppStore|x64.Build.0 = Release|Any CPU
		{1E02293D-C0AE-43EB-A1AF-70E32C59E03A}.AppStore|x86.ActiveCfg = Release|Any CPU
		{1E02293D-C0AE-43EB-A1AF-70E32C59E03A}.AppStore|x86.Build.0 = Release|Any CPU
		{1E02293D-C0AE-43EB-A1AF-70E32C59E03A}.Debug|Any CPU.ActiveCfg = Debug|Any CPU
		{1E02293D-C0AE-43EB-A1AF-70E32C59E03A}.Debug|Any CPU.Build.0 = Debug|Any CPU
		{1E02293D-C0AE-43EB-A1AF-70E32C59E03A}.Debug|ARM.ActiveCfg = Debug|Any CPU
		{1E02293D-C0AE-43EB-A1AF-70E32C59E03A}.Debug|ARM.Build.0 = Debug|Any CPU
		{1E02293D-C0AE-43EB-A1AF-70E32C59E03A}.Debug|iPhone.ActiveCfg = Debug|Any CPU
		{1E02293D-C0AE-43EB-A1AF-70E32C59E03A}.Debug|iPhone.Build.0 = Debug|Any CPU
		{1E02293D-C0AE-43EB-A1AF-70E32C59E03A}.Debug|iPhoneSimulator.ActiveCfg = Debug|Any CPU
		{1E02293D-C0AE-43EB-A1AF-70E32C59E03A}.Debug|iPhoneSimulator.Build.0 = Debug|Any CPU
		{1E02293D-C0AE-43EB-A1AF-70E32C59E03A}.Debug|x64.ActiveCfg = Debug|Any CPU
		{1E02293D-C0AE-43EB-A1AF-70E32C59E03A}.Debug|x64.Build.0 = Debug|Any CPU
		{1E02293D-C0AE-43EB-A1AF-70E32C59E03A}.Debug|x86.ActiveCfg = Debug|Any CPU
		{1E02293D-C0AE-43EB-A1AF-70E32C59E03A}.Debug|x86.Build.0 = Debug|Any CPU
		{1E02293D-C0AE-43EB-A1AF-70E32C59E03A}.Release|Any CPU.ActiveCfg = Release|Any CPU
		{1E02293D-C0AE-43EB-A1AF-70E32C59E03A}.Release|Any CPU.Build.0 = Release|Any CPU
		{1E02293D-C0AE-43EB-A1AF-70E32C59E03A}.Release|ARM.ActiveCfg = Release|Any CPU
		{1E02293D-C0AE-43EB-A1AF-70E32C59E03A}.Release|ARM.Build.0 = Release|Any CPU
		{1E02293D-C0AE-43EB-A1AF-70E32C59E03A}.Release|iPhone.ActiveCfg = Release|Any CPU
		{1E02293D-C0AE-43EB-A1AF-70E32C59E03A}.Release|iPhone.Build.0 = Release|Any CPU
		{1E02293D-C0AE-43EB-A1AF-70E32C59E03A}.Release|iPhoneSimulator.ActiveCfg = Release|Any CPU
		{1E02293D-C0AE-43EB-A1AF-70E32C59E03A}.Release|iPhoneSimulator.Build.0 = Release|Any CPU
		{1E02293D-C0AE-43EB-A1AF-70E32C59E03A}.Release|x64.ActiveCfg = Release|Any CPU
		{1E02293D-C0AE-43EB-A1AF-70E32C59E03A}.Release|x64.Build.0 = Release|Any CPU
		{1E02293D-C0AE-43EB-A1AF-70E32C59E03A}.Release|x86.ActiveCfg = Release|Any CPU
		{1E02293D-C0AE-43EB-A1AF-70E32C59E03A}.Release|x86.Build.0 = Release|Any CPU
	EndGlobalSection
	GlobalSection(SolutionProperties) = preSolution
		HideSolutionNode = FALSE
	EndGlobalSection
EndGlobal
