
Microsoft Visual Studio Solution File, Format Version 12.00
# Visual Studio 14
VisualStudioVersion = 14.0.25123.0
MinimumVisualStudioVersion = 10.0.40219.1
Project("{FAE04EC0-301F-11D3-BF4B-00C04F79EFBC}") = "FirstTest.Droid", "FirstTest\FirstTest.Droid\FirstTest.Droid.csproj", "{1B5148F4-F6C3-406F-81AA-ACDF4D2264E9}"
EndProject
Project("{FAE04EC0-301F-11D3-BF4B-00C04F79EFBC}") = "FirstTest.iOS", "FirstTest\FirstTest.iOS\FirstTest.iOS.csproj", "{BB69A4FE-8CA3-4DF1-A104-2C3D8BB5CDEF}"
EndProject
Project("{FAE04EC0-301F-11D3-BF4B-00C04F79EFBC}") = "FirstTest.WinPhone", "FirstTest\FirstTest.WinPhone\FirstTest.WinPhone.csproj", "{1C75423B-600C-46CB-AB6D-80E855C805F9}"
EndProject
Project("{FAE04EC0-301F-11D3-BF4B-00C04F79EFBC}") = "FirstTest.UWP", "FirstTest\FirstTest.UWP\FirstTest.UWP.csproj", "{6E5271E6-99B0-4F17-835E-0BF2359E445F}"
EndProject
Project("{FAE04EC0-301F-11D3-BF4B-00C04F79EFBC}") = "FirstTest.Windows", "FirstTest\FirstTest.Windows\FirstTest.Windows.csproj", "{87F6DDA9-5E75-4142-89CF-A9134C390276}"
EndProject
Project("{FAE04EC0-301F-11D3-BF4B-00C04F79EFBC}") = "FirstTest", "FirstTest\FirstTest\FirstTest.csproj", "{CC353041-B064-40F2-A714-DAEF9B404C96}"
EndProject
Global
	GlobalSection(SolutionConfigurationPlatforms) = preSolution
		Ad-Hoc|Any CPU = Ad-Hoc|Any CPU
		Ad-Hoc|ARM = Ad-Hoc|ARM
		Ad-Hoc|iPhone = Ad-Hoc|iPhone
		Ad-Hoc|iPhoneSimulator = Ad-Hoc|iPhoneSimulator
		Ad-Hoc|x64 = Ad-Hoc|x64
		Ad-Hoc|x86 = Ad-Hoc|x86
		AppStore|Any CPU = AppStore|Any CPU
		AppStore|ARM = AppStore|ARM
		AppStore|iPhone = AppStore|iPhone
		AppStore|iPhoneSimulator = AppStore|iPhoneSimulator
		AppStore|x64 = AppStore|x64
		AppStore|x86 = AppStore|x86
		Debug|Any CPU = Debug|Any CPU
		Debug|ARM = Debug|ARM
		Debug|iPhone = Debug|iPhone
		Debug|iPhoneSimulator = Debug|iPhoneSimulator
		Debug|x64 = Debug|x64
		Debug|x86 = Debug|x86
		Release|Any CPU = Release|Any CPU
		Release|ARM = Release|ARM
		Release|iPhone = Release|iPhone
		Release|iPhoneSimulator = Release|iPhoneSimulator
		Release|x64 = Release|x64
		Release|x86 = Release|x86
	EndGlobalSection
	GlobalSection(ProjectConfigurationPlatforms) = postSolution
		{1B5148F4-F6C3-406F-81AA-ACDF4D2264E9}.Ad-Hoc|Any CPU.ActiveCfg = Release|Any CPU
		{1B5148F4-F6C3-406F-81AA-ACDF4D2264E9}.Ad-Hoc|Any CPU.Build.0 = Release|Any CPU
		{1B5148F4-F6C3-406F-81AA-ACDF4D2264E9}.Ad-Hoc|Any CPU.Deploy.0 = Release|Any CPU
		{1B5148F4-F6C3-406F-81AA-ACDF4D2264E9}.Ad-Hoc|ARM.ActiveCfg = Release|Any CPU
		{1B5148F4-F6C3-406F-81AA-ACDF4D2264E9}.Ad-Hoc|ARM.Build.0 = Release|Any CPU
		{1B5148F4-F6C3-406F-81AA-ACDF4D2264E9}.Ad-Hoc|ARM.Deploy.0 = Release|Any CPU
		{1B5148F4-F6C3-406F-81AA-ACDF4D2264E9}.Ad-Hoc|iPhone.ActiveCfg = Release|Any CPU
		{1B5148F4-F6C3-406F-81AA-ACDF4D2264E9}.Ad-Hoc|iPhone.Build.0 = Release|Any CPU
		{1B5148F4-F6C3-406F-81AA-ACDF4D2264E9}.Ad-Hoc|iPhone.Deploy.0 = Release|Any CPU
		{1B5148F4-F6C3-406F-81AA-ACDF4D2264E9}.Ad-Hoc|iPhoneSimulator.ActiveCfg = Release|Any CPU
		{1B5148F4-F6C3-406F-81AA-ACDF4D2264E9}.Ad-Hoc|iPhoneSimulator.Build.0 = Release|Any CPU
		{1B5148F4-F6C3-406F-81AA-ACDF4D2264E9}.Ad-Hoc|iPhoneSimulator.Deploy.0 = Release|Any CPU
		{1B5148F4-F6C3-406F-81AA-ACDF4D2264E9}.Ad-Hoc|x64.ActiveCfg = Release|Any CPU
		{1B5148F4-F6C3-406F-81AA-ACDF4D2264E9}.Ad-Hoc|x64.Build.0 = Release|Any CPU
		{1B5148F4-F6C3-406F-81AA-ACDF4D2264E9}.Ad-Hoc|x64.Deploy.0 = Release|Any CPU
		{1B5148F4-F6C3-406F-81AA-ACDF4D2264E9}.Ad-Hoc|x86.ActiveCfg = Release|Any CPU
		{1B5148F4-F6C3-406F-81AA-ACDF4D2264E9}.Ad-Hoc|x86.Build.0 = Release|Any CPU
		{1B5148F4-F6C3-406F-81AA-ACDF4D2264E9}.Ad-Hoc|x86.Deploy.0 = Release|Any CPU
		{1B5148F4-F6C3-406F-81AA-ACDF4D2264E9}.AppStore|Any CPU.ActiveCfg = Release|Any CPU
		{1B5148F4-F6C3-406F-81AA-ACDF4D2264E9}.AppStore|Any CPU.Build.0 = Release|Any CPU
		{1B5148F4-F6C3-406F-81AA-ACDF4D2264E9}.AppStore|Any CPU.Deploy.0 = Release|Any CPU
		{1B5148F4-F6C3-406F-81AA-ACDF4D2264E9}.AppStore|ARM.ActiveCfg = Release|Any CPU
		{1B5148F4-F6C3-406F-81AA-ACDF4D2264E9}.AppStore|ARM.Build.0 = Release|Any CPU
		{1B5148F4-F6C3-406F-81AA-ACDF4D2264E9}.AppStore|ARM.Deploy.0 = Release|Any CPU
		{1B5148F4-F6C3-406F-81AA-ACDF4D2264E9}.AppStore|iPhone.ActiveCfg = Release|Any CPU
		{1B5148F4-F6C3-406F-81AA-ACDF4D2264E9}.AppStore|iPhone.Build.0 = Release|Any CPU
		{1B5148F4-F6C3-406F-81AA-ACDF4D2264E9}.AppStore|iPhone.Deploy.0 = Release|Any CPU
		{1B5148F4-F6C3-406F-81AA-ACDF4D2264E9}.AppStore|iPhoneSimulator.ActiveCfg = Release|Any CPU
		{1B5148F4-F6C3-406F-81AA-ACDF4D2264E9}.AppStore|iPhoneSimulator.Build.0 = Release|Any CPU
		{1B5148F4-F6C3-406F-81AA-ACDF4D2264E9}.AppStore|iPhoneSimulator.Deploy.0 = Release|Any CPU
		{1B5148F4-F6C3-406F-81AA-ACDF4D2264E9}.AppStore|x64.ActiveCfg = Release|Any CPU
		{1B5148F4-F6C3-406F-81AA-ACDF4D2264E9}.AppStore|x64.Build.0 = Release|Any CPU
		{1B5148F4-F6C3-406F-81AA-ACDF4D2264E9}.AppStore|x64.Deploy.0 = Release|Any CPU
		{1B5148F4-F6C3-406F-81AA-ACDF4D2264E9}.AppStore|x86.ActiveCfg = Release|Any CPU
		{1B5148F4-F6C3-406F-81AA-ACDF4D2264E9}.AppStore|x86.Build.0 = Release|Any CPU
		{1B5148F4-F6C3-406F-81AA-ACDF4D2264E9}.AppStore|x86.Deploy.0 = Release|Any CPU
		{1B5148F4-F6C3-406F-81AA-ACDF4D2264E9}.Debug|Any CPU.ActiveCfg = Debug|Any CPU
		{1B5148F4-F6C3-406F-81AA-ACDF4D2264E9}.Debug|Any CPU.Build.0 = Debug|Any CPU
		{1B5148F4-F6C3-406F-81AA-ACDF4D2264E9}.Debug|Any CPU.Deploy.0 = Debug|Any CPU
		{1B5148F4-F6C3-406F-81AA-ACDF4D2264E9}.Debug|ARM.ActiveCfg = Debug|Any CPU
		{1B5148F4-F6C3-406F-81AA-ACDF4D2264E9}.Debug|ARM.Build.0 = Debug|Any CPU
		{1B5148F4-F6C3-406F-81AA-ACDF4D2264E9}.Debug|ARM.Deploy.0 = Debug|Any CPU
		{1B5148F4-F6C3-406F-81AA-ACDF4D2264E9}.Debug|iPhone.ActiveCfg = Debug|Any CPU
		{1B5148F4-F6C3-406F-81AA-ACDF4D2264E9}.Debug|iPhone.Build.0 = Debug|Any CPU
		{1B5148F4-F6C3-406F-81AA-ACDF4D2264E9}.Debug|iPhone.Deploy.0 = Debug|Any CPU
		{1B5148F4-F6C3-406F-81AA-ACDF4D2264E9}.Debug|iPhoneSimulator.ActiveCfg = Debug|Any CPU
		{1B5148F4-F6C3-406F-81AA-ACDF4D2264E9}.Debug|iPhoneSimulator.Build.0 = Debug|Any CPU
		{1B5148F4-F6C3-406F-81AA-ACDF4D2264E9}.Debug|iPhoneSimulator.Deploy.0 = Debug|Any CPU
		{1B5148F4-F6C3-406F-81AA-ACDF4D2264E9}.Debug|x64.ActiveCfg = Debug|Any CPU
		{1B5148F4-F6C3-406F-81AA-ACDF4D2264E9}.Debug|x64.Build.0 = Debug|Any CPU
		{1B5148F4-F6C3-406F-81AA-ACDF4D2264E9}.Debug|x64.Deploy.0 = Debug|Any CPU
		{1B5148F4-F6C3-406F-81AA-ACDF4D2264E9}.Debug|x86.ActiveCfg = Debug|Any CPU
		{1B5148F4-F6C3-406F-81AA-ACDF4D2264E9}.Debug|x86.Build.0 = Debug|Any CPU
		{1B5148F4-F6C3-406F-81AA-ACDF4D2264E9}.Debug|x86.Deploy.0 = Debug|Any CPU
		{1B5148F4-F6C3-406F-81AA-ACDF4D2264E9}.Release|Any CPU.ActiveCfg = Release|Any CPU
		{1B5148F4-F6C3-406F-81AA-ACDF4D2264E9}.Release|Any CPU.Build.0 = Release|Any CPU
		{1B5148F4-F6C3-406F-81AA-ACDF4D2264E9}.Release|Any CPU.Deploy.0 = Release|Any CPU
		{1B5148F4-F6C3-406F-81AA-ACDF4D2264E9}.Release|ARM.ActiveCfg = Release|Any CPU
		{1B5148F4-F6C3-406F-81AA-ACDF4D2264E9}.Release|ARM.Build.0 = Release|Any CPU
		{1B5148F4-F6C3-406F-81AA-ACDF4D2264E9}.Release|ARM.Deploy.0 = Release|Any CPU
		{1B5148F4-F6C3-406F-81AA-ACDF4D2264E9}.Release|iPhone.ActiveCfg = Release|Any CPU
		{1B5148F4-F6C3-406F-81AA-ACDF4D2264E9}.Release|iPhone.Build.0 = Release|Any CPU
		{1B5148F4-F6C3-406F-81AA-ACDF4D2264E9}.Release|iPhone.Deploy.0 = Release|Any CPU
		{1B5148F4-F6C3-406F-81AA-ACDF4D2264E9}.Release|iPhoneSimulator.ActiveCfg = Release|Any CPU
		{1B5148F4-F6C3-406F-81AA-ACDF4D2264E9}.Release|iPhoneSimulator.Build.0 = Release|Any CPU
		{1B5148F4-F6C3-406F-81AA-ACDF4D2264E9}.Release|iPhoneSimulator.Deploy.0 = Release|Any CPU
		{1B5148F4-F6C3-406F-81AA-ACDF4D2264E9}.Release|x64.ActiveCfg = Release|Any CPU
		{1B5148F4-F6C3-406F-81AA-ACDF4D2264E9}.Release|x64.Build.0 = Release|Any CPU
		{1B5148F4-F6C3-406F-81AA-ACDF4D2264E9}.Release|x64.Deploy.0 = Release|Any CPU
		{1B5148F4-F6C3-406F-81AA-ACDF4D2264E9}.Release|x86.ActiveCfg = Release|Any CPU
		{1B5148F4-F6C3-406F-81AA-ACDF4D2264E9}.Release|x86.Build.0 = Release|Any CPU
		{1B5148F4-F6C3-406F-81AA-ACDF4D2264E9}.Release|x86.Deploy.0 = Release|Any CPU
		{BB69A4FE-8CA3-4DF1-A104-2C3D8BB5CDEF}.Ad-Hoc|Any CPU.ActiveCfg = Ad-Hoc|iPhone
		{BB69A4FE-8CA3-4DF1-A104-2C3D8BB5CDEF}.Ad-Hoc|ARM.ActiveCfg = Ad-Hoc|iPhone
		{BB69A4FE-8CA3-4DF1-A104-2C3D8BB5CDEF}.Ad-Hoc|iPhone.ActiveCfg = Ad-Hoc|iPhone
		{BB69A4FE-8CA3-4DF1-A104-2C3D8BB5CDEF}.Ad-Hoc|iPhone.Build.0 = Ad-Hoc|iPhone
		{BB69A4FE-8CA3-4DF1-A104-2C3D8BB5CDEF}.Ad-Hoc|iPhoneSimulator.ActiveCfg = Ad-Hoc|iPhoneSimulator
		{BB69A4FE-8CA3-4DF1-A104-2C3D8BB5CDEF}.Ad-Hoc|iPhoneSimulator.Build.0 = Ad-Hoc|iPhoneSimulator
		{BB69A4FE-8CA3-4DF1-A104-2C3D8BB5CDEF}.Ad-Hoc|x64.ActiveCfg = Ad-Hoc|iPhone
		{BB69A4FE-8CA3-4DF1-A104-2C3D8BB5CDEF}.Ad-Hoc|x86.ActiveCfg = Ad-Hoc|iPhone
		{BB69A4FE-8CA3-4DF1-A104-2C3D8BB5CDEF}.AppStore|Any CPU.ActiveCfg = AppStore|iPhone
		{BB69A4FE-8CA3-4DF1-A104-2C3D8BB5CDEF}.AppStore|ARM.ActiveCfg = AppStore|iPhone
		{BB69A4FE-8CA3-4DF1-A104-2C3D8BB5CDEF}.AppStore|iPhone.ActiveCfg = AppStore|iPhone
		{BB69A4FE-8CA3-4DF1-A104-2C3D8BB5CDEF}.AppStore|iPhone.Build.0 = AppStore|iPhone
		{BB69A4FE-8CA3-4DF1-A104-2C3D8BB5CDEF}.AppStore|iPhoneSimulator.ActiveCfg = AppStore|iPhoneSimulator
		{BB69A4FE-8CA3-4DF1-A104-2C3D8BB5CDEF}.AppStore|iPhoneSimulator.Build.0 = AppStore|iPhoneSimulator
		{BB69A4FE-8CA3-4DF1-A104-2C3D8BB5CDEF}.AppStore|x64.ActiveCfg = AppStore|iPhone
		{BB69A4FE-8CA3-4DF1-A104-2C3D8BB5CDEF}.AppStore|x86.ActiveCfg = AppStore|iPhone
		{BB69A4FE-8CA3-4DF1-A104-2C3D8BB5CDEF}.Debug|Any CPU.ActiveCfg = Debug|iPhone
		{BB69A4FE-8CA3-4DF1-A104-2C3D8BB5CDEF}.Debug|ARM.ActiveCfg = Debug|iPhone
		{BB69A4FE-8CA3-4DF1-A104-2C3D8BB5CDEF}.Debug|iPhone.ActiveCfg = Debug|iPhone
		{BB69A4FE-8CA3-4DF1-A104-2C3D8BB5CDEF}.Debug|iPhone.Build.0 = Debug|iPhone
		{BB69A4FE-8CA3-4DF1-A104-2C3D8BB5CDEF}.Debug|iPhoneSimulator.ActiveCfg = Debug|iPhoneSimulator
		{BB69A4FE-8CA3-4DF1-A104-2C3D8BB5CDEF}.Debug|iPhoneSimulator.Build.0 = Debug|iPhoneSimulator
		{BB69A4FE-8CA3-4DF1-A104-2C3D8BB5CDEF}.Debug|x64.ActiveCfg = Debug|iPhone
		{BB69A4FE-8CA3-4DF1-A104-2C3D8BB5CDEF}.Debug|x86.ActiveCfg = Debug|iPhone
		{BB69A4FE-8CA3-4DF1-A104-2C3D8BB5CDEF}.Release|Any CPU.ActiveCfg = Release|iPhone
		{BB69A4FE-8CA3-4DF1-A104-2C3D8BB5CDEF}.Release|ARM.ActiveCfg = Release|iPhone
		{BB69A4FE-8CA3-4DF1-A104-2C3D8BB5CDEF}.Release|iPhone.ActiveCfg = Release|iPhone
		{BB69A4FE-8CA3-4DF1-A104-2C3D8BB5CDEF}.Release|iPhone.Build.0 = Release|iPhone
		{BB69A4FE-8CA3-4DF1-A104-2C3D8BB5CDEF}.Release|iPhoneSimulator.ActiveCfg = Release|iPhoneSimulator
		{BB69A4FE-8CA3-4DF1-A104-2C3D8BB5CDEF}.Release|iPhoneSimulator.Build.0 = Release|iPhoneSimulator
		{BB69A4FE-8CA3-4DF1-A104-2C3D8BB5CDEF}.Release|x64.ActiveCfg = Release|iPhone
		{BB69A4FE-8CA3-4DF1-A104-2C3D8BB5CDEF}.Release|x86.ActiveCfg = Release|iPhone
		{1C75423B-600C-46CB-AB6D-80E855C805F9}.Ad-Hoc|Any CPU.ActiveCfg = Release|Any CPU
		{1C75423B-600C-46CB-AB6D-80E855C805F9}.Ad-Hoc|Any CPU.Build.0 = Release|Any CPU
		{1C75423B-600C-46CB-AB6D-80E855C805F9}.Ad-Hoc|Any CPU.Deploy.0 = Release|Any CPU
		{1C75423B-600C-46CB-AB6D-80E855C805F9}.Ad-Hoc|ARM.ActiveCfg = Release|ARM
		{1C75423B-600C-46CB-AB6D-80E855C805F9}.Ad-Hoc|ARM.Build.0 = Release|ARM
		{1C75423B-600C-46CB-AB6D-80E855C805F9}.Ad-Hoc|ARM.Deploy.0 = Release|ARM
		{1C75423B-600C-46CB-AB6D-80E855C805F9}.Ad-Hoc|iPhone.ActiveCfg = Release|Any CPU
		{1C75423B-600C-46CB-AB6D-80E855C805F9}.Ad-Hoc|iPhone.Build.0 = Release|Any CPU
		{1C75423B-600C-46CB-AB6D-80E855C805F9}.Ad-Hoc|iPhone.Deploy.0 = Release|Any CPU
		{1C75423B-600C-46CB-AB6D-80E855C805F9}.Ad-Hoc|iPhoneSimulator.ActiveCfg = Release|Any CPU
		{1C75423B-600C-46CB-AB6D-80E855C805F9}.Ad-Hoc|iPhoneSimulator.Build.0 = Release|Any CPU
		{1C75423B-600C-46CB-AB6D-80E855C805F9}.Ad-Hoc|iPhoneSimulator.Deploy.0 = Release|Any CPU
		{1C75423B-600C-46CB-AB6D-80E855C805F9}.Ad-Hoc|x64.ActiveCfg = Release|Any CPU
		{1C75423B-600C-46CB-AB6D-80E855C805F9}.Ad-Hoc|x64.Build.0 = Release|Any CPU
		{1C75423B-600C-46CB-AB6D-80E855C805F9}.Ad-Hoc|x64.Deploy.0 = Release|Any CPU
		{1C75423B-600C-46CB-AB6D-80E855C805F9}.Ad-Hoc|x86.ActiveCfg = Release|x86
		{1C75423B-600C-46CB-AB6D-80E855C805F9}.Ad-Hoc|x86.Build.0 = Release|x86
		{1C75423B-600C-46CB-AB6D-80E855C805F9}.Ad-Hoc|x86.Deploy.0 = Release|x86
		{1C75423B-600C-46CB-AB6D-80E855C805F9}.AppStore|Any CPU.ActiveCfg = Release|Any CPU
		{1C75423B-600C-46CB-AB6D-80E855C805F9}.AppStore|Any CPU.Build.0 = Release|Any CPU
		{1C75423B-600C-46CB-AB6D-80E855C805F9}.AppStore|Any CPU.Deploy.0 = Release|Any CPU
		{1C75423B-600C-46CB-AB6D-80E855C805F9}.AppStore|ARM.ActiveCfg = Release|ARM
		{1C75423B-600C-46CB-AB6D-80E855C805F9}.AppStore|ARM.Build.0 = Release|ARM
		{1C75423B-600C-46CB-AB6D-80E855C805F9}.AppStore|ARM.Deploy.0 = Release|ARM
		{1C75423B-600C-46CB-AB6D-80E855C805F9}.AppStore|iPhone.ActiveCfg = Release|Any CPU
		{1C75423B-600C-46CB-AB6D-80E855C805F9}.AppStore|iPhone.Build.0 = Release|Any CPU
		{1C75423B-600C-46CB-AB6D-80E855C805F9}.AppStore|iPhone.Deploy.0 = Release|Any CPU
		{1C75423B-600C-46CB-AB6D-80E855C805F9}.AppStore|iPhoneSimulator.ActiveCfg = Release|Any CPU
		{1C75423B-600C-46CB-AB6D-80E855C805F9}.AppStore|iPhoneSimulator.Build.0 = Release|Any CPU
		{1C75423B-600C-46CB-AB6D-80E855C805F9}.AppStore|iPhoneSimulator.Deploy.0 = Release|Any CPU
		{1C75423B-600C-46CB-AB6D-80E855C805F9}.AppStore|x64.ActiveCfg = Release|Any CPU
		{1C75423B-600C-46CB-AB6D-80E855C805F9}.AppStore|x64.Build.0 = Release|Any CPU
		{1C75423B-600C-46CB-AB6D-80E855C805F9}.AppStore|x64.Deploy.0 = Release|Any CPU
		{1C75423B-600C-46CB-AB6D-80E855C805F9}.AppStore|x86.ActiveCfg = Release|x86
		{1C75423B-600C-46CB-AB6D-80E855C805F9}.AppStore|x86.Build.0 = Release|x86
		{1C75423B-600C-46CB-AB6D-80E855C805F9}.AppStore|x86.Deploy.0 = Release|x86
		{1C75423B-600C-46CB-AB6D-80E855C805F9}.Debug|Any CPU.ActiveCfg = Debug|Any CPU
		{1C75423B-600C-46CB-AB6D-80E855C805F9}.Debug|Any CPU.Build.0 = Debug|Any CPU
		{1C75423B-600C-46CB-AB6D-80E855C805F9}.Debug|Any CPU.Deploy.0 = Debug|Any CPU
		{1C75423B-600C-46CB-AB6D-80E855C805F9}.Debug|ARM.ActiveCfg = Debug|ARM
		{1C75423B-600C-46CB-AB6D-80E855C805F9}.Debug|ARM.Build.0 = Debug|ARM
		{1C75423B-600C-46CB-AB6D-80E855C805F9}.Debug|ARM.Deploy.0 = Debug|ARM
		{1C75423B-600C-46CB-AB6D-80E855C805F9}.Debug|iPhone.ActiveCfg = Debug|Any CPU
		{1C75423B-600C-46CB-AB6D-80E855C805F9}.Debug|iPhone.Build.0 = Debug|Any CPU
		{1C75423B-600C-46CB-AB6D-80E855C805F9}.Debug|iPhone.Deploy.0 = Debug|Any CPU
		{1C75423B-600C-46CB-AB6D-80E855C805F9}.Debug|iPhoneSimulator.ActiveCfg = Debug|Any CPU
		{1C75423B-600C-46CB-AB6D-80E855C805F9}.Debug|iPhoneSimulator.Build.0 = Debug|Any CPU
		{1C75423B-600C-46CB-AB6D-80E855C805F9}.Debug|iPhoneSimulator.Deploy.0 = Debug|Any CPU
		{1C75423B-600C-46CB-AB6D-80E855C805F9}.Debug|x64.ActiveCfg = Debug|Any CPU
		{1C75423B-600C-46CB-AB6D-80E855C805F9}.Debug|x64.Build.0 = Debug|Any CPU
		{1C75423B-600C-46CB-AB6D-80E855C805F9}.Debug|x64.Deploy.0 = Debug|Any CPU
		{1C75423B-600C-46CB-AB6D-80E855C805F9}.Debug|x86.ActiveCfg = Debug|x86
		{1C75423B-600C-46CB-AB6D-80E855C805F9}.Debug|x86.Build.0 = Debug|x86
		{1C75423B-600C-46CB-AB6D-80E855C805F9}.Debug|x86.Deploy.0 = Debug|x86
		{1C75423B-600C-46CB-AB6D-80E855C805F9}.Release|Any CPU.ActiveCfg = Release|Any CPU
		{1C75423B-600C-46CB-AB6D-80E855C805F9}.Release|Any CPU.Build.0 = Release|Any CPU
		{1C75423B-600C-46CB-AB6D-80E855C805F9}.Release|Any CPU.Deploy.0 = Release|Any CPU
		{1C75423B-600C-46CB-AB6D-80E855C805F9}.Release|ARM.ActiveCfg = Release|ARM
		{1C75423B-600C-46CB-AB6D-80E855C805F9}.Release|ARM.Build.0 = Release|ARM
		{1C75423B-600C-46CB-AB6D-80E855C805F9}.Release|ARM.Deploy.0 = Release|ARM
		{1C75423B-600C-46CB-AB6D-80E855C805F9}.Release|iPhone.ActiveCfg = Release|Any CPU
		{1C75423B-600C-46CB-AB6D-80E855C805F9}.Release|iPhone.Build.0 = Release|Any CPU
		{1C75423B-600C-46CB-AB6D-80E855C805F9}.Release|iPhone.Deploy.0 = Release|Any CPU
		{1C75423B-600C-46CB-AB6D-80E855C805F9}.Release|iPhoneSimulator.ActiveCfg = Release|Any CPU
		{1C75423B-600C-46CB-AB6D-80E855C805F9}.Release|iPhoneSimulator.Build.0 = Release|Any CPU
		{1C75423B-600C-46CB-AB6D-80E855C805F9}.Release|iPhoneSimulator.Deploy.0 = Release|Any CPU
		{1C75423B-600C-46CB-AB6D-80E855C805F9}.Release|x64.ActiveCfg = Release|Any CPU
		{1C75423B-600C-46CB-AB6D-80E855C805F9}.Release|x64.Build.0 = Release|Any CPU
		{1C75423B-600C-46CB-AB6D-80E855C805F9}.Release|x64.Deploy.0 = Release|Any CPU
		{1C75423B-600C-46CB-AB6D-80E855C805F9}.Release|x86.ActiveCfg = Release|x86
		{1C75423B-600C-46CB-AB6D-80E855C805F9}.Release|x86.Build.0 = Release|x86
		{1C75423B-600C-46CB-AB6D-80E855C805F9}.Release|x86.Deploy.0 = Release|x86
		{6E5271E6-99B0-4F17-835E-0BF2359E445F}.Ad-Hoc|Any CPU.ActiveCfg = Release|x86
		{6E5271E6-99B0-4F17-835E-0BF2359E445F}.Ad-Hoc|Any CPU.Build.0 = Release|x86
		{6E5271E6-99B0-4F17-835E-0BF2359E445F}.Ad-Hoc|Any CPU.Deploy.0 = Release|x86
		{6E5271E6-99B0-4F17-835E-0BF2359E445F}.Ad-Hoc|ARM.ActiveCfg = Release|ARM
		{6E5271E6-99B0-4F17-835E-0BF2359E445F}.Ad-Hoc|ARM.Build.0 = Release|ARM
		{6E5271E6-99B0-4F17-835E-0BF2359E445F}.Ad-Hoc|ARM.Deploy.0 = Release|ARM
		{6E5271E6-99B0-4F17-835E-0BF2359E445F}.Ad-Hoc|iPhone.ActiveCfg = Release|x86
		{6E5271E6-99B0-4F17-835E-0BF2359E445F}.Ad-Hoc|iPhone.Build.0 = Release|x86
		{6E5271E6-99B0-4F17-835E-0BF2359E445F}.Ad-Hoc|iPhone.Deploy.0 = Release|x86
		{6E5271E6-99B0-4F17-835E-0BF2359E445F}.Ad-Hoc|iPhoneSimulator.ActiveCfg = Release|x86
		{6E5271E6-99B0-4F17-835E-0BF2359E445F}.Ad-Hoc|iPhoneSimulator.Build.0 = Release|x86
		{6E5271E6-99B0-4F17-835E-0BF2359E445F}.Ad-Hoc|iPhoneSimulator.Deploy.0 = Release|x86
		{6E5271E6-99B0-4F17-835E-0BF2359E445F}.Ad-Hoc|x64.ActiveCfg = Release|x64
		{6E5271E6-99B0-4F17-835E-0BF2359E445F}.Ad-Hoc|x64.Build.0 = Release|x64
		{6E5271E6-99B0-4F17-835E-0BF2359E445F}.Ad-Hoc|x64.Deploy.0 = Release|x64
		{6E5271E6-99B0-4F17-835E-0BF2359E445F}.Ad-Hoc|x86.ActiveCfg = Release|x86
		{6E5271E6-99B0-4F17-835E-0BF2359E445F}.Ad-Hoc|x86.Build.0 = Release|x86
		{6E5271E6-99B0-4F17-835E-0BF2359E445F}.Ad-Hoc|x86.Deploy.0 = Release|x86
		{6E5271E6-99B0-4F17-835E-0BF2359E445F}.AppStore|Any CPU.ActiveCfg = Release|x86
		{6E5271E6-99B0-4F17-835E-0BF2359E445F}.AppStore|Any CPU.Build.0 = Release|x86
		{6E5271E6-99B0-4F17-835E-0BF2359E445F}.AppStore|Any CPU.Deploy.0 = Release|x86
		{6E5271E6-99B0-4F17-835E-0BF2359E445F}.AppStore|ARM.ActiveCfg = Release|ARM
		{6E5271E6-99B0-4F17-835E-0BF2359E445F}.AppStore|ARM.Build.0 = Release|ARM
		{6E5271E6-99B0-4F17-835E-0BF2359E445F}.AppStore|ARM.Deploy.0 = Release|ARM
		{6E5271E6-99B0-4F17-835E-0BF2359E445F}.AppStore|iPhone.ActiveCfg = Release|x86
		{6E5271E6-99B0-4F17-835E-0BF2359E445F}.AppStore|iPhone.Build.0 = Release|x86
		{6E5271E6-99B0-4F17-835E-0BF2359E445F}.AppStore|iPhone.Deploy.0 = Release|x86
		{6E5271E6-99B0-4F17-835E-0BF2359E445F}.AppStore|iPhoneSimulator.ActiveCfg = Release|x86
		{6E5271E6-99B0-4F17-835E-0BF2359E445F}.AppStore|iPhoneSimulator.Build.0 = Release|x86
		{6E5271E6-99B0-4F17-835E-0BF2359E445F}.AppStore|iPhoneSimulator.Deploy.0 = Release|x86
		{6E5271E6-99B0-4F17-835E-0BF2359E445F}.AppStore|x64.ActiveCfg = Release|x64
		{6E5271E6-99B0-4F17-835E-0BF2359E445F}.AppStore|x64.Build.0 = Release|x64
		{6E5271E6-99B0-4F17-835E-0BF2359E445F}.AppStore|x64.Deploy.0 = Release|x64
		{6E5271E6-99B0-4F17-835E-0BF2359E445F}.AppStore|x86.ActiveCfg = Release|x86
		{6E5271E6-99B0-4F17-835E-0BF2359E445F}.AppStore|x86.Build.0 = Release|x86
		{6E5271E6-99B0-4F17-835E-0BF2359E445F}.AppStore|x86.Deploy.0 = Release|x86
		{6E5271E6-99B0-4F17-835E-0BF2359E445F}.Debug|Any CPU.ActiveCfg = Debug|x86
		{6E5271E6-99B0-4F17-835E-0BF2359E445F}.Debug|ARM.ActiveCfg = Debug|ARM
		{6E5271E6-99B0-4F17-835E-0BF2359E445F}.Debug|ARM.Build.0 = Debug|ARM
		{6E5271E6-99B0-4F17-835E-0BF2359E445F}.Debug|ARM.Deploy.0 = Debug|ARM
		{6E5271E6-99B0-4F17-835E-0BF2359E445F}.Debug|iPhone.ActiveCfg = Debug|x86
		{6E5271E6-99B0-4F17-835E-0BF2359E445F}.Debug|iPhoneSimulator.ActiveCfg = Debug|x86
		{6E5271E6-99B0-4F17-835E-0BF2359E445F}.Debug|x64.ActiveCfg = Debug|x64
		{6E5271E6-99B0-4F17-835E-0BF2359E445F}.Debug|x64.Build.0 = Debug|x64
		{6E5271E6-99B0-4F17-835E-0BF2359E445F}.Debug|x64.Deploy.0 = Debug|x64
		{6E5271E6-99B0-4F17-835E-0BF2359E445F}.Debug|x86.ActiveCfg = Debug|x86
		{6E5271E6-99B0-4F17-835E-0BF2359E445F}.Debug|x86.Build.0 = Debug|x86
		{6E5271E6-99B0-4F17-835E-0BF2359E445F}.Debug|x86.Deploy.0 = Debug|x86
		{6E5271E6-99B0-4F17-835E-0BF2359E445F}.Release|Any CPU.ActiveCfg = Release|x86
		{6E5271E6-99B0-4F17-835E-0BF2359E445F}.Release|ARM.ActiveCfg = Release|ARM
		{6E5271E6-99B0-4F17-835E-0BF2359E445F}.Release|ARM.Build.0 = Release|ARM
		{6E5271E6-99B0-4F17-835E-0BF2359E445F}.Release|ARM.Deploy.0 = Release|ARM
		{6E5271E6-99B0-4F17-835E-0BF2359E445F}.Release|iPhone.ActiveCfg = Release|x86
		{6E5271E6-99B0-4F17-835E-0BF2359E445F}.Release|iPhoneSimulator.ActiveCfg = Release|x86
		{6E5271E6-99B0-4F17-835E-0BF2359E445F}.Release|x64.ActiveCfg = Release|x64
		{6E5271E6-99B0-4F17-835E-0BF2359E445F}.Release|x64.Build.0 = Release|x64
		{6E5271E6-99B0-4F17-835E-0BF2359E445F}.Release|x64.Deploy.0 = Release|x64
		{6E5271E6-99B0-4F17-835E-0BF2359E445F}.Release|x86.ActiveCfg = Release|x86
		{6E5271E6-99B0-4F17-835E-0BF2359E445F}.Release|x86.Build.0 = Release|x86
		{6E5271E6-99B0-4F17-835E-0BF2359E445F}.Release|x86.Deploy.0 = Release|x86
		{87F6DDA9-5E75-4142-89CF-A9134C390276}.Ad-Hoc|Any CPU.ActiveCfg = Release|Any CPU
		{87F6DDA9-5E75-4142-89CF-A9134C390276}.Ad-Hoc|Any CPU.Build.0 = Release|Any CPU
		{87F6DDA9-5E75-4142-89CF-A9134C390276}.Ad-Hoc|Any CPU.Deploy.0 = Release|Any CPU
		{87F6DDA9-5E75-4142-89CF-A9134C390276}.Ad-Hoc|ARM.ActiveCfg = Release|ARM
		{87F6DDA9-5E75-4142-89CF-A9134C390276}.Ad-Hoc|ARM.Build.0 = Release|ARM
		{87F6DDA9-5E75-4142-89CF-A9134C390276}.Ad-Hoc|ARM.Deploy.0 = Release|ARM
		{87F6DDA9-5E75-4142-89CF-A9134C390276}.Ad-Hoc|iPhone.ActiveCfg = Release|Any CPU
		{87F6DDA9-5E75-4142-89CF-A9134C390276}.Ad-Hoc|iPhone.Build.0 = Release|Any CPU
		{87F6DDA9-5E75-4142-89CF-A9134C390276}.Ad-Hoc|iPhone.Deploy.0 = Release|Any CPU
		{87F6DDA9-5E75-4142-89CF-A9134C390276}.Ad-Hoc|iPhoneSimulator.ActiveCfg = Release|Any CPU
		{87F6DDA9-5E75-4142-89CF-A9134C390276}.Ad-Hoc|iPhoneSimulator.Build.0 = Release|Any CPU
		{87F6DDA9-5E75-4142-89CF-A9134C390276}.Ad-Hoc|iPhoneSimulator.Deploy.0 = Release|Any CPU
		{87F6DDA9-5E75-4142-89CF-A9134C390276}.Ad-Hoc|x64.ActiveCfg = Release|x64
		{87F6DDA9-5E75-4142-89CF-A9134C390276}.Ad-Hoc|x64.Build.0 = Release|x64
		{87F6DDA9-5E75-4142-89CF-A9134C390276}.Ad-Hoc|x64.Deploy.0 = Release|x64
		{87F6DDA9-5E75-4142-89CF-A9134C390276}.Ad-Hoc|x86.ActiveCfg = Release|x86
		{87F6DDA9-5E75-4142-89CF-A9134C390276}.Ad-Hoc|x86.Build.0 = Release|x86
		{87F6DDA9-5E75-4142-89CF-A9134C390276}.Ad-Hoc|x86.Deploy.0 = Release|x86
		{87F6DDA9-5E75-4142-89CF-A9134C390276}.AppStore|Any CPU.ActiveCfg = Release|Any CPU
		{87F6DDA9-5E75-4142-89CF-A9134C390276}.AppStore|Any CPU.Build.0 = Release|Any CPU
		{87F6DDA9-5E75-4142-89CF-A9134C390276}.AppStore|Any CPU.Deploy.0 = Release|Any CPU
		{87F6DDA9-5E75-4142-89CF-A9134C390276}.AppStore|ARM.ActiveCfg = Release|ARM
		{87F6DDA9-5E75-4142-89CF-A9134C390276}.AppStore|ARM.Build.0 = Release|ARM
		{87F6DDA9-5E75-4142-89CF-A9134C390276}.AppStore|ARM.Deploy.0 = Release|ARM
		{87F6DDA9-5E75-4142-89CF-A9134C390276}.AppStore|iPhone.ActiveCfg = Release|Any CPU
		{87F6DDA9-5E75-4142-89CF-A9134C390276}.AppStore|iPhone.Build.0 = Release|Any CPU
		{87F6DDA9-5E75-4142-89CF-A9134C390276}.AppStore|iPhone.Deploy.0 = Release|Any CPU
		{87F6DDA9-5E75-4142-89CF-A9134C390276}.AppStore|iPhoneSimulator.ActiveCfg = Release|Any CPU
		{87F6DDA9-5E75-4142-89CF-A9134C390276}.AppStore|iPhoneSimulator.Build.0 = Release|Any CPU
		{87F6DDA9-5E75-4142-89CF-A9134C390276}.AppStore|iPhoneSimulator.Deploy.0 = Release|Any CPU
		{87F6DDA9-5E75-4142-89CF-A9134C390276}.AppStore|x64.ActiveCfg = Release|x64
		{87F6DDA9-5E75-4142-89CF-A9134C390276}.AppStore|x64.Build.0 = Release|x64
		{87F6DDA9-5E75-4142-89CF-A9134C390276}.AppStore|x64.Deploy.0 = Release|x64
		{87F6DDA9-5E75-4142-89CF-A9134C390276}.AppStore|x86.ActiveCfg = Release|x86
		{87F6DDA9-5E75-4142-89CF-A9134C390276}.AppStore|x86.Build.0 = Release|x86
		{87F6DDA9-5E75-4142-89CF-A9134C390276}.AppStore|x86.Deploy.0 = Release|x86
		{87F6DDA9-5E75-4142-89CF-A9134C390276}.Debug|Any CPU.ActiveCfg = Debug|Any CPU
		{87F6DDA9-5E75-4142-89CF-A9134C390276}.Debug|Any CPU.Build.0 = Debug|Any CPU
		{87F6DDA9-5E75-4142-89CF-A9134C390276}.Debug|Any CPU.Deploy.0 = Debug|Any CPU
		{87F6DDA9-5E75-4142-89CF-A9134C390276}.Debug|ARM.ActiveCfg = Debug|ARM
		{87F6DDA9-5E75-4142-89CF-A9134C390276}.Debug|ARM.Build.0 = Debug|ARM
		{87F6DDA9-5E75-4142-89CF-A9134C390276}.Debug|ARM.Deploy.0 = Debug|ARM
		{87F6DDA9-5E75-4142-89CF-A9134C390276}.Debug|iPhone.ActiveCfg = Debug|Any CPU
		{87F6DDA9-5E75-4142-89CF-A9134C390276}.Debug|iPhone.Build.0 = Debug|Any CPU
		{87F6DDA9-5E75-4142-89CF-A9134C390276}.Debug|iPhone.Deploy.0 = Debug|Any CPU
		{87F6DDA9-5E75-4142-89CF-A9134C390276}.Debug|iPhoneSimulator.ActiveCfg = Debug|Any CPU
		{87F6DDA9-5E75-4142-89CF-A9134C390276}.Debug|iPhoneSimulator.Build.0 = Debug|Any CPU
		{87F6DDA9-5E75-4142-89CF-A9134C390276}.Debug|iPhoneSimulator.Deploy.0 = Debug|Any CPU
		{87F6DDA9-5E75-4142-89CF-A9134C390276}.Debug|x64.ActiveCfg = Debug|x64
		{87F6DDA9-5E75-4142-89CF-A9134C390276}.Debug|x64.Build.0 = Debug|x64
		{87F6DDA9-5E75-4142-89CF-A9134C390276}.Debug|x64.Deploy.0 = Debug|x64
		{87F6DDA9-5E75-4142-89CF-A9134C390276}.Debug|x86.ActiveCfg = Debug|x86
		{87F6DDA9-5E75-4142-89CF-A9134C390276}.Debug|x86.Build.0 = Debug|x86
		{87F6DDA9-5E75-4142-89CF-A9134C390276}.Debug|x86.Deploy.0 = Debug|x86
		{87F6DDA9-5E75-4142-89CF-A9134C390276}.Release|Any CPU.ActiveCfg = Release|Any CPU
		{87F6DDA9-5E75-4142-89CF-A9134C390276}.Release|Any CPU.Build.0 = Release|Any CPU
		{87F6DDA9-5E75-4142-89CF-A9134C390276}.Release|Any CPU.Deploy.0 = Release|Any CPU
		{87F6DDA9-5E75-4142-89CF-A9134C390276}.Release|ARM.ActiveCfg = Release|ARM
		{87F6DDA9-5E75-4142-89CF-A9134C390276}.Release|ARM.Build.0 = Release|ARM
		{87F6DDA9-5E75-4142-89CF-A9134C390276}.Release|ARM.Deploy.0 = Release|ARM
		{87F6DDA9-5E75-4142-89CF-A9134C390276}.Release|iPhone.ActiveCfg = Release|Any CPU
		{87F6DDA9-5E75-4142-89CF-A9134C390276}.Release|iPhone.Build.0 = Release|Any CPU
		{87F6DDA9-5E75-4142-89CF-A9134C390276}.Release|iPhone.Deploy.0 = Release|Any CPU
		{87F6DDA9-5E75-4142-89CF-A9134C390276}.Release|iPhoneSimulator.ActiveCfg = Release|Any CPU
		{87F6DDA9-5E75-4142-89CF-A9134C390276}.Release|iPhoneSimulator.Build.0 = Release|Any CPU
		{87F6DDA9-5E75-4142-89CF-A9134C390276}.Release|iPhoneSimulator.Deploy.0 = Release|Any CPU
		{87F6DDA9-5E75-4142-89CF-A9134C390276}.Release|x64.ActiveCfg = Release|x64
		{87F6DDA9-5E75-4142-89CF-A9134C390276}.Release|x64.Build.0 = Release|x64
		{87F6DDA9-5E75-4142-89CF-A9134C390276}.Release|x64.Deploy.0 = Release|x64
		{87F6DDA9-5E75-4142-89CF-A9134C390276}.Release|x86.ActiveCfg = Release|x86
		{87F6DDA9-5E75-4142-89CF-A9134C390276}.Release|x86.Build.0 = Release|x86
		{87F6DDA9-5E75-4142-89CF-A9134C390276}.Release|x86.Deploy.0 = Release|x86
		{CC353041-B064-40F2-A714-DAEF9B404C96}.Ad-Hoc|Any CPU.ActiveCfg = Release|Any CPU
		{CC353041-B064-40F2-A714-DAEF9B404C96}.Ad-Hoc|Any CPU.Build.0 = Release|Any CPU
		{CC353041-B064-40F2-A714-DAEF9B404C96}.Ad-Hoc|ARM.ActiveCfg = Release|Any CPU
		{CC353041-B064-40F2-A714-DAEF9B404C96}.Ad-Hoc|ARM.Build.0 = Release|Any CPU
		{CC353041-B064-40F2-A714-DAEF9B404C96}.Ad-Hoc|iPhone.ActiveCfg = Release|Any CPU
		{CC353041-B064-40F2-A714-DAEF9B404C96}.Ad-Hoc|iPhone.Build.0 = Release|Any CPU
		{CC353041-B064-40F2-A714-DAEF9B404C96}.Ad-Hoc|iPhoneSimulator.ActiveCfg = Release|Any CPU
		{CC353041-B064-40F2-A714-DAEF9B404C96}.Ad-Hoc|iPhoneSimulator.Build.0 = Release|Any CPU
		{CC353041-B064-40F2-A714-DAEF9B404C96}.Ad-Hoc|x64.ActiveCfg = Release|Any CPU
		{CC353041-B064-40F2-A714-DAEF9B404C96}.Ad-Hoc|x64.Build.0 = Release|Any CPU
		{CC353041-B064-40F2-A714-DAEF9B404C96}.Ad-Hoc|x86.ActiveCfg = Release|Any CPU
		{CC353041-B064-40F2-A714-DAEF9B404C96}.Ad-Hoc|x86.Build.0 = Release|Any CPU
		{CC353041-B064-40F2-A714-DAEF9B404C96}.AppStore|Any CPU.ActiveCfg = Release|Any CPU
		{CC353041-B064-40F2-A714-DAEF9B404C96}.AppStore|Any CPU.Build.0 = Release|Any CPU
		{CC353041-B064-40F2-A714-DAEF9B404C96}.AppStore|ARM.ActiveCfg = Release|Any CPU
		{CC353041-B064-40F2-A714-DAEF9B404C96}.AppStore|ARM.Build.0 = Release|Any CPU
		{CC353041-B064-40F2-A714-DAEF9B404C96}.AppStore|iPhone.ActiveCfg = Release|Any CPU
		{CC353041-B064-40F2-A714-DAEF9B404C96}.AppStore|iPhone.Build.0 = Release|Any CPU
		{CC353041-B064-40F2-A714-DAEF9B404C96}.AppStore|iPhoneSimulator.ActiveCfg = Release|Any CPU
		{CC353041-B064-40F2-A714-DAEF9B404C96}.AppStore|iPhoneSimulator.Build.0 = Release|Any CPU
		{CC353041-B064-40F2-A714-DAEF9B404C96}.AppStore|x64.ActiveCfg = Release|Any CPU
		{CC353041-B064-40F2-A714-DAEF9B404C96}.AppStore|x64.Build.0 = Release|Any CPU
		{CC353041-B064-40F2-A714-DAEF9B404C96}.AppStore|x86.ActiveCfg = Release|Any CPU
		{CC353041-B064-40F2-A714-DAEF9B404C96}.AppStore|x86.Build.0 = Release|Any CPU
		{CC353041-B064-40F2-A714-DAEF9B404C96}.Debug|Any CPU.ActiveCfg = Debug|Any CPU
		{CC353041-B064-40F2-A714-DAEF9B404C96}.Debug|Any CPU.Build.0 = Debug|Any CPU
		{CC353041-B064-40F2-A714-DAEF9B404C96}.Debug|ARM.ActiveCfg = Debug|Any CPU
		{CC353041-B064-40F2-A714-DAEF9B404C96}.Debug|ARM.Build.0 = Debug|Any CPU
		{CC353041-B064-40F2-A714-DAEF9B404C96}.Debug|iPhone.ActiveCfg = Debug|Any CPU
		{CC353041-B064-40F2-A714-DAEF9B404C96}.Debug|iPhone.Build.0 = Debug|Any CPU
		{CC353041-B064-40F2-A714-DAEF9B404C96}.Debug|iPhoneSimulator.ActiveCfg = Debug|Any CPU
		{CC353041-B064-40F2-A714-DAEF9B404C96}.Debug|iPhoneSimulator.Build.0 = Debug|Any CPU
		{CC353041-B064-40F2-A714-DAEF9B404C96}.Debug|x64.ActiveCfg = Debug|Any CPU
		{CC353041-B064-40F2-A714-DAEF9B404C96}.Debug|x64.Build.0 = Debug|Any CPU
		{CC353041-B064-40F2-A714-DAEF9B404C96}.Debug|x86.ActiveCfg = Debug|Any CPU
		{CC353041-B064-40F2-A714-DAEF9B404C96}.Debug|x86.Build.0 = Debug|Any CPU
		{CC353041-B064-40F2-A714-DAEF9B404C96}.Release|Any CPU.ActiveCfg = Release|Any CPU
		{CC353041-B064-40F2-A714-DAEF9B404C96}.Release|Any CPU.Build.0 = Release|Any CPU
		{CC353041-B064-40F2-A714-DAEF9B404C96}.Release|ARM.ActiveCfg = Release|Any CPU
		{CC353041-B064-40F2-A714-DAEF9B404C96}.Release|ARM.Build.0 = Release|Any CPU
		{CC353041-B064-40F2-A714-DAEF9B404C96}.Release|iPhone.ActiveCfg = Release|Any CPU
		{CC353041-B064-40F2-A714-DAEF9B404C96}.Release|iPhone.Build.0 = Release|Any CPU
		{CC353041-B064-40F2-A714-DAEF9B404C96}.Release|iPhoneSimulator.ActiveCfg = Release|Any CPU
		{CC353041-B064-40F2-A714-DAEF9B404C96}.Release|iPhoneSimulator.Build.0 = Release|Any CPU
		{CC353041-B064-40F2-A714-DAEF9B404C96}.Release|x64.ActiveCfg = Release|Any CPU
		{CC353041-B064-40F2-A714-DAEF9B404C96}.Release|x64.Build.0 = Release|Any CPU
		{CC353041-B064-40F2-A714-DAEF9B404C96}.Release|x86.ActiveCfg = Release|Any CPU
		{CC353041-B064-40F2-A714-DAEF9B404C96}.Release|x86.Build.0 = Release|Any CPU
	EndGlobalSection
	GlobalSection(SolutionProperties) = preSolution
		HideSolutionNode = FALSE
	EndGlobalSection
EndGlobal
