
Microsoft Visual Studio Solution File, Format Version 12.00
# Visual Studio 14
VisualStudioVersion = 14.0.25123.0
MinimumVisualStudioVersion = 10.0.40219.1
Project("{FAE04EC0-301F-11D3-BF4B-00C04F79EFBC}") = "XamarinPractice.Droid", "XamarinPractice\XamarinPractice.Droid\XamarinPractice.Droid.csproj", "{E108E7FD-3EC7-4E70-BE77-723F69119EB1}"
EndProject
Project("{FAE04EC0-301F-11D3-BF4B-00C04F79EFBC}") = "XamarinPractice.iOS", "XamarinPractice\XamarinPractice.iOS\XamarinPractice.iOS.csproj", "{8F8634AD-C622-4A48-BFC7-06A914C9F679}"
EndProject
Project("{FAE04EC0-301F-11D3-BF4B-00C04F79EFBC}") = "XamarinPractice.WinPhone", "XamarinPractice\XamarinPractice.WinPhone\XamarinPractice.WinPhone.csproj", "{F2CBC92C-38D9-41D4-9B56-E03281BFB9EE}"
EndProject
Project("{FAE04EC0-301F-11D3-BF4B-00C04F79EFBC}") = "XamarinPractice.UWP", "XamarinPractice\XamarinPractice.UWP\XamarinPractice.UWP.csproj", "{FA86B3E1-9085-45E1-95BF-729E6C27B4A7}"
EndProject
Project("{FAE04EC0-301F-11D3-BF4B-00C04F79EFBC}") = "XamarinPractice.Windows", "XamarinPractice\XamarinPractice.Windows\XamarinPractice.Windows.csproj", "{F701D9CF-AFB3-447C-9AAF-A09C4A0ADA36}"
EndProject
Project("{FAE04EC0-301F-11D3-BF4B-00C04F79EFBC}") = "XamarinPractice", "XamarinPractice\XamarinPractice\XamarinPractice.csproj", "{85F392AC-89D0-4DA6-9C5F-2BBA82343876}"
EndProject
Global
	GlobalSection(SolutionConfigurationPlatforms) = preSolution
		Ad-Hoc|Any CPU = Ad-Hoc|Any CPU
		Ad-Hoc|ARM = Ad-Hoc|ARM
		Ad-Hoc|iPhone = Ad-Hoc|iPhone
		Ad-Hoc|iPhoneSimulator = Ad-Hoc|iPhoneSimulator
		Ad-Hoc|x64 = Ad-Hoc|x64
		Ad-Hoc|x86 = Ad-Hoc|x86
		AppStore|Any CPU = AppStore|Any CPU
		AppStore|ARM = AppStore|ARM
		AppStore|iPhone = AppStore|iPhone
		AppStore|iPhoneSimulator = AppStore|iPhoneSimulator
		AppStore|x64 = AppStore|x64
		AppStore|x86 = AppStore|x86
		Debug|Any CPU = Debug|Any CPU
		Debug|ARM = Debug|ARM
		Debug|iPhone = Debug|iPhone
		Debug|iPhoneSimulator = Debug|iPhoneSimulator
		Debug|x64 = Debug|x64
		Debug|x86 = Debug|x86
		Release|Any CPU = Release|Any CPU
		Release|ARM = Release|ARM
		Release|iPhone = Release|iPhone
		Release|iPhoneSimulator = Release|iPhoneSimulator
		Release|x64 = Release|x64
		Release|x86 = Release|x86
	EndGlobalSection
	GlobalSection(ProjectConfigurationPlatforms) = postSolution
		{E108E7FD-3EC7-4E70-BE77-723F69119EB1}.Ad-Hoc|Any CPU.ActiveCfg = Release|Any CPU
		{E108E7FD-3EC7-4E70-BE77-723F69119EB1}.Ad-Hoc|Any CPU.Build.0 = Release|Any CPU
		{E108E7FD-3EC7-4E70-BE77-723F69119EB1}.Ad-Hoc|Any CPU.Deploy.0 = Release|Any CPU
		{E108E7FD-3EC7-4E70-BE77-723F69119EB1}.Ad-Hoc|ARM.ActiveCfg = Release|Any CPU
		{E108E7FD-3EC7-4E70-BE77-723F69119EB1}.Ad-Hoc|ARM.Build.0 = Release|Any CPU
		{E108E7FD-3EC7-4E70-BE77-723F69119EB1}.Ad-Hoc|ARM.Deploy.0 = Release|Any CPU
		{E108E7FD-3EC7-4E70-BE77-723F69119EB1}.Ad-Hoc|iPhone.ActiveCfg = Release|Any CPU
		{E108E7FD-3EC7-4E70-BE77-723F69119EB1}.Ad-Hoc|iPhone.Build.0 = Release|Any CPU
		{E108E7FD-3EC7-4E70-BE77-723F69119EB1}.Ad-Hoc|iPhone.Deploy.0 = Release|Any CPU
		{E108E7FD-3EC7-4E70-BE77-723F69119EB1}.Ad-Hoc|iPhoneSimulator.ActiveCfg = Release|Any CPU
		{E108E7FD-3EC7-4E70-BE77-723F69119EB1}.Ad-Hoc|iPhoneSimulator.Build.0 = Release|Any CPU
		{E108E7FD-3EC7-4E70-BE77-723F69119EB1}.Ad-Hoc|iPhoneSimulator.Deploy.0 = Release|Any CPU
		{E108E7FD-3EC7-4E70-BE77-723F69119EB1}.Ad-Hoc|x64.ActiveCfg = Release|Any CPU
		{E108E7FD-3EC7-4E70-BE77-723F69119EB1}.Ad-Hoc|x64.Build.0 = Release|Any CPU
		{E108E7FD-3EC7-4E70-BE77-723F69119EB1}.Ad-Hoc|x64.Deploy.0 = Release|Any CPU
		{E108E7FD-3EC7-4E70-BE77-723F69119EB1}.Ad-Hoc|x86.ActiveCfg = Release|Any CPU
		{E108E7FD-3EC7-4E70-BE77-723F69119EB1}.Ad-Hoc|x86.Build.0 = Release|Any CPU
		{E108E7FD-3EC7-4E70-BE77-723F69119EB1}.Ad-Hoc|x86.Deploy.0 = Release|Any CPU
		{E108E7FD-3EC7-4E70-BE77-723F69119EB1}.AppStore|Any CPU.ActiveCfg = Release|Any CPU
		{E108E7FD-3EC7-4E70-BE77-723F69119EB1}.AppStore|Any CPU.Build.0 = Release|Any CPU
		{E108E7FD-3EC7-4E70-BE77-723F69119EB1}.AppStore|Any CPU.Deploy.0 = Release|Any CPU
		{E108E7FD-3EC7-4E70-BE77-723F69119EB1}.AppStore|ARM.ActiveCfg = Release|Any CPU
		{E108E7FD-3EC7-4E70-BE77-723F69119EB1}.AppStore|ARM.Build.0 = Release|Any CPU
		{E108E7FD-3EC7-4E70-BE77-723F69119EB1}.AppStore|ARM.Deploy.0 = Release|Any CPU
		{E108E7FD-3EC7-4E70-BE77-723F69119EB1}.AppStore|iPhone.ActiveCfg = Release|Any CPU
		{E108E7FD-3EC7-4E70-BE77-723F69119EB1}.AppStore|iPhone.Build.0 = Release|Any CPU
		{E108E7FD-3EC7-4E70-BE77-723F69119EB1}.AppStore|iPhone.Deploy.0 = Release|Any CPU
		{E108E7FD-3EC7-4E70-BE77-723F69119EB1}.AppStore|iPhoneSimulator.ActiveCfg = Release|Any CPU
		{E108E7FD-3EC7-4E70-BE77-723F69119EB1}.AppStore|iPhoneSimulator.Build.0 = Release|Any CPU
		{E108E7FD-3EC7-4E70-BE77-723F69119EB1}.AppStore|iPhoneSimulator.Deploy.0 = Release|Any CPU
		{E108E7FD-3EC7-4E70-BE77-723F69119EB1}.AppStore|x64.ActiveCfg = Release|Any CPU
		{E108E7FD-3EC7-4E70-BE77-723F69119EB1}.AppStore|x64.Build.0 = Release|Any CPU
		{E108E7FD-3EC7-4E70-BE77-723F69119EB1}.AppStore|x64.Deploy.0 = Release|Any CPU
		{E108E7FD-3EC7-4E70-BE77-723F69119EB1}.AppStore|x86.ActiveCfg = Release|Any CPU
		{E108E7FD-3EC7-4E70-BE77-723F69119EB1}.AppStore|x86.Build.0 = Release|Any CPU
		{E108E7FD-3EC7-4E70-BE77-723F69119EB1}.AppStore|x86.Deploy.0 = Release|Any CPU
		{E108E7FD-3EC7-4E70-BE77-723F69119EB1}.Debug|Any CPU.ActiveCfg = Debug|Any CPU
		{E108E7FD-3EC7-4E70-BE77-723F69119EB1}.Debug|Any CPU.Build.0 = Debug|Any CPU
		{E108E7FD-3EC7-4E70-BE77-723F69119EB1}.Debug|Any CPU.Deploy.0 = Debug|Any CPU
		{E108E7FD-3EC7-4E70-BE77-723F69119EB1}.Debug|ARM.ActiveCfg = Debug|Any CPU
		{E108E7FD-3EC7-4E70-BE77-723F69119EB1}.Debug|ARM.Build.0 = Debug|Any CPU
		{E108E7FD-3EC7-4E70-BE77-723F69119EB1}.Debug|ARM.Deploy.0 = Debug|Any CPU
		{E108E7FD-3EC7-4E70-BE77-723F69119EB1}.Debug|iPhone.ActiveCfg = Debug|Any CPU
		{E108E7FD-3EC7-4E70-BE77-723F69119EB1}.Debug|iPhone.Build.0 = Debug|Any CPU
		{E108E7FD-3EC7-4E70-BE77-723F69119EB1}.Debug|iPhone.Deploy.0 = Debug|Any CPU
		{E108E7FD-3EC7-4E70-BE77-723F69119EB1}.Debug|iPhoneSimulator.ActiveCfg = Debug|Any CPU
		{E108E7FD-3EC7-4E70-BE77-723F69119EB1}.Debug|iPhoneSimulator.Build.0 = Debug|Any CPU
		{E108E7FD-3EC7-4E70-BE77-723F69119EB1}.Debug|iPhoneSimulator.Deploy.0 = Debug|Any CPU
		{E108E7FD-3EC7-4E70-BE77-723F69119EB1}.Debug|x64.ActiveCfg = Debug|Any CPU
		{E108E7FD-3EC7-4E70-BE77-723F69119EB1}.Debug|x64.Build.0 = Debug|Any CPU
		{E108E7FD-3EC7-4E70-BE77-723F69119EB1}.Debug|x64.Deploy.0 = Debug|Any CPU
		{E108E7FD-3EC7-4E70-BE77-723F69119EB1}.Debug|x86.ActiveCfg = Debug|Any CPU
		{E108E7FD-3EC7-4E70-BE77-723F69119EB1}.Debug|x86.Build.0 = Debug|Any CPU
		{E108E7FD-3EC7-4E70-BE77-723F69119EB1}.Debug|x86.Deploy.0 = Debug|Any CPU
		{E108E7FD-3EC7-4E70-BE77-723F69119EB1}.Release|Any CPU.ActiveCfg = Release|Any CPU
		{E108E7FD-3EC7-4E70-BE77-723F69119EB1}.Release|Any CPU.Build.0 = Release|Any CPU
		{E108E7FD-3EC7-4E70-BE77-723F69119EB1}.Release|Any CPU.Deploy.0 = Release|Any CPU
		{E108E7FD-3EC7-4E70-BE77-723F69119EB1}.Release|ARM.ActiveCfg = Release|Any CPU
		{E108E7FD-3EC7-4E70-BE77-723F69119EB1}.Release|ARM.Build.0 = Release|Any CPU
		{E108E7FD-3EC7-4E70-BE77-723F69119EB1}.Release|ARM.Deploy.0 = Release|Any CPU
		{E108E7FD-3EC7-4E70-BE77-723F69119EB1}.Release|iPhone.ActiveCfg = Release|Any CPU
		{E108E7FD-3EC7-4E70-BE77-723F69119EB1}.Release|iPhone.Build.0 = Release|Any CPU
		{E108E7FD-3EC7-4E70-BE77-723F69119EB1}.Release|iPhone.Deploy.0 = Release|Any CPU
		{E108E7FD-3EC7-4E70-BE77-723F69119EB1}.Release|iPhoneSimulator.ActiveCfg = Release|Any CPU
		{E108E7FD-3EC7-4E70-BE77-723F69119EB1}.Release|iPhoneSimulator.Build.0 = Release|Any CPU
		{E108E7FD-3EC7-4E70-BE77-723F69119EB1}.Release|iPhoneSimulator.Deploy.0 = Release|Any CPU
		{E108E7FD-3EC7-4E70-BE77-723F69119EB1}.Release|x64.ActiveCfg = Release|Any CPU
		{E108E7FD-3EC7-4E70-BE77-723F69119EB1}.Release|x64.Build.0 = Release|Any CPU
		{E108E7FD-3EC7-4E70-BE77-723F69119EB1}.Release|x64.Deploy.0 = Release|Any CPU
		{E108E7FD-3EC7-4E70-BE77-723F69119EB1}.Release|x86.ActiveCfg = Release|Any CPU
		{E108E7FD-3EC7-4E70-BE77-723F69119EB1}.Release|x86.Build.0 = Release|Any CPU
		{E108E7FD-3EC7-4E70-BE77-723F69119EB1}.Release|x86.Deploy.0 = Release|Any CPU
		{8F8634AD-C622-4A48-BFC7-06A914C9F679}.Ad-Hoc|Any CPU.ActiveCfg = Ad-Hoc|iPhone
		{8F8634AD-C622-4A48-BFC7-06A914C9F679}.Ad-Hoc|ARM.ActiveCfg = Ad-Hoc|iPhone
		{8F8634AD-C622-4A48-BFC7-06A914C9F679}.Ad-Hoc|iPhone.ActiveCfg = Ad-Hoc|iPhone
		{8F8634AD-C622-4A48-BFC7-06A914C9F679}.Ad-Hoc|iPhone.Build.0 = Ad-Hoc|iPhone
		{8F8634AD-C622-4A48-BFC7-06A914C9F679}.Ad-Hoc|iPhoneSimulator.ActiveCfg = Ad-Hoc|iPhoneSimulator
		{8F8634AD-C622-4A48-BFC7-06A914C9F679}.Ad-Hoc|iPhoneSimulator.Build.0 = Ad-Hoc|iPhoneSimulator
		{8F8634AD-C622-4A48-BFC7-06A914C9F679}.Ad-Hoc|x64.ActiveCfg = Ad-Hoc|iPhone
		{8F8634AD-C622-4A48-BFC7-06A914C9F679}.Ad-Hoc|x86.ActiveCfg = Ad-Hoc|iPhone
		{8F8634AD-C622-4A48-BFC7-06A914C9F679}.AppStore|Any CPU.ActiveCfg = AppStore|iPhone
		{8F8634AD-C622-4A48-BFC7-06A914C9F679}.AppStore|ARM.ActiveCfg = AppStore|iPhone
		{8F8634AD-C622-4A48-BFC7-06A914C9F679}.AppStore|iPhone.ActiveCfg = AppStore|iPhone
		{8F8634AD-C622-4A48-BFC7-06A914C9F679}.AppStore|iPhone.Build.0 = AppStore|iPhone
		{8F8634AD-C622-4A48-BFC7-06A914C9F679}.AppStore|iPhoneSimulator.ActiveCfg = AppStore|iPhoneSimulator
		{8F8634AD-C622-4A48-BFC7-06A914C9F679}.AppStore|iPhoneSimulator.Build.0 = AppStore|iPhoneSimulator
		{8F8634AD-C622-4A48-BFC7-06A914C9F679}.AppStore|x64.ActiveCfg = AppStore|iPhone
		{8F8634AD-C622-4A48-BFC7-06A914C9F679}.AppStore|x86.ActiveCfg = AppStore|iPhone
		{8F8634AD-C622-4A48-BFC7-06A914C9F679}.Debug|Any CPU.ActiveCfg = Debug|iPhone
		{8F8634AD-C622-4A48-BFC7-06A914C9F679}.Debug|ARM.ActiveCfg = Debug|iPhone
		{8F8634AD-C622-4A48-BFC7-06A914C9F679}.Debug|iPhone.ActiveCfg = Debug|iPhone
		{8F8634AD-C622-4A48-BFC7-06A914C9F679}.Debug|iPhone.Build.0 = Debug|iPhone
		{8F8634AD-C622-4A48-BFC7-06A914C9F679}.Debug|iPhoneSimulator.ActiveCfg = Debug|iPhoneSimulator
		{8F8634AD-C622-4A48-BFC7-06A914C9F679}.Debug|iPhoneSimulator.Build.0 = Debug|iPhoneSimulator
		{8F8634AD-C622-4A48-BFC7-06A914C9F679}.Debug|x64.ActiveCfg = Debug|iPhone
		{8F8634AD-C622-4A48-BFC7-06A914C9F679}.Debug|x86.ActiveCfg = Debug|iPhone
		{8F8634AD-C622-4A48-BFC7-06A914C9F679}.Release|Any CPU.ActiveCfg = Release|iPhone
		{8F8634AD-C622-4A48-BFC7-06A914C9F679}.Release|ARM.ActiveCfg = Release|iPhone
		{8F8634AD-C622-4A48-BFC7-06A914C9F679}.Release|iPhone.ActiveCfg = Release|iPhone
		{8F8634AD-C622-4A48-BFC7-06A914C9F679}.Release|iPhone.Build.0 = Release|iPhone
		{8F8634AD-C622-4A48-BFC7-06A914C9F679}.Release|iPhoneSimulator.ActiveCfg = Release|iPhoneSimulator
		{8F8634AD-C622-4A48-BFC7-06A914C9F679}.Release|iPhoneSimulator.Build.0 = Release|iPhoneSimulator
		{8F8634AD-C622-4A48-BFC7-06A914C9F679}.Release|x64.ActiveCfg = Release|iPhone
		{8F8634AD-C622-4A48-BFC7-06A914C9F679}.Release|x86.ActiveCfg = Release|iPhone
		{F2CBC92C-38D9-41D4-9B56-E03281BFB9EE}.Ad-Hoc|Any CPU.ActiveCfg = Release|Any CPU
		{F2CBC92C-38D9-41D4-9B56-E03281BFB9EE}.Ad-Hoc|Any CPU.Build.0 = Release|Any CPU
		{F2CBC92C-38D9-41D4-9B56-E03281BFB9EE}.Ad-Hoc|Any CPU.Deploy.0 = Release|Any CPU
		{F2CBC92C-38D9-41D4-9B56-E03281BFB9EE}.Ad-Hoc|ARM.ActiveCfg = Release|ARM
		{F2CBC92C-38D9-41D4-9B56-E03281BFB9EE}.Ad-Hoc|ARM.Build.0 = Release|ARM
		{F2CBC92C-38D9-41D4-9B56-E03281BFB9EE}.Ad-Hoc|ARM.Deploy.0 = Release|ARM
		{F2CBC92C-38D9-41D4-9B56-E03281BFB9EE}.Ad-Hoc|iPhone.ActiveCfg = Release|Any CPU
		{F2CBC92C-38D9-41D4-9B56-E03281BFB9EE}.Ad-Hoc|iPhone.Build.0 = Release|Any CPU
		{F2CBC92C-38D9-41D4-9B56-E03281BFB9EE}.Ad-Hoc|iPhone.Deploy.0 = Release|Any CPU
		{F2CBC92C-38D9-41D4-9B56-E03281BFB9EE}.Ad-Hoc|iPhoneSimulator.ActiveCfg = Release|Any CPU
		{F2CBC92C-38D9-41D4-9B56-E03281BFB9EE}.Ad-Hoc|iPhoneSimulator.Build.0 = Release|Any CPU
		{F2CBC92C-38D9-41D4-9B56-E03281BFB9EE}.Ad-Hoc|iPhoneSimulator.Deploy.0 = Release|Any CPU
		{F2CBC92C-38D9-41D4-9B56-E03281BFB9EE}.Ad-Hoc|x64.ActiveCfg = Release|Any CPU
		{F2CBC92C-38D9-41D4-9B56-E03281BFB9EE}.Ad-Hoc|x64.Build.0 = Release|Any CPU
		{F2CBC92C-38D9-41D4-9B56-E03281BFB9EE}.Ad-Hoc|x64.Deploy.0 = Release|Any CPU
		{F2CBC92C-38D9-41D4-9B56-E03281BFB9EE}.Ad-Hoc|x86.ActiveCfg = Release|x86
		{F2CBC92C-38D9-41D4-9B56-E03281BFB9EE}.Ad-Hoc|x86.Build.0 = Release|x86
		{F2CBC92C-38D9-41D4-9B56-E03281BFB9EE}.Ad-Hoc|x86.Deploy.0 = Release|x86
		{F2CBC92C-38D9-41D4-9B56-E03281BFB9EE}.AppStore|Any CPU.ActiveCfg = Release|Any CPU
		{F2CBC92C-38D9-41D4-9B56-E03281BFB9EE}.AppStore|Any CPU.Build.0 = Release|Any CPU
		{F2CBC92C-38D9-41D4-9B56-E03281BFB9EE}.AppStore|Any CPU.Deploy.0 = Release|Any CPU
		{F2CBC92C-38D9-41D4-9B56-E03281BFB9EE}.AppStore|ARM.ActiveCfg = Release|ARM
		{F2CBC92C-38D9-41D4-9B56-E03281BFB9EE}.AppStore|ARM.Build.0 = Release|ARM
		{F2CBC92C-38D9-41D4-9B56-E03281BFB9EE}.AppStore|ARM.Deploy.0 = Release|ARM
		{F2CBC92C-38D9-41D4-9B56-E03281BFB9EE}.AppStore|iPhone.ActiveCfg = Release|Any CPU
		{F2CBC92C-38D9-41D4-9B56-E03281BFB9EE}.AppStore|iPhone.Build.0 = Release|Any CPU
		{F2CBC92C-38D9-41D4-9B56-E03281BFB9EE}.AppStore|iPhone.Deploy.0 = Release|Any CPU
		{F2CBC92C-38D9-41D4-9B56-E03281BFB9EE}.AppStore|iPhoneSimulator.ActiveCfg = Release|Any CPU
		{F2CBC92C-38D9-41D4-9B56-E03281BFB9EE}.AppStore|iPhoneSimulator.Build.0 = Release|Any CPU
		{F2CBC92C-38D9-41D4-9B56-E03281BFB9EE}.AppStore|iPhoneSimulator.Deploy.0 = Release|Any CPU
		{F2CBC92C-38D9-41D4-9B56-E03281BFB9EE}.AppStore|x64.ActiveCfg = Release|Any CPU
		{F2CBC92C-38D9-41D4-9B56-E03281BFB9EE}.AppStore|x64.Build.0 = Release|Any CPU
		{F2CBC92C-38D9-41D4-9B56-E03281BFB9EE}.AppStore|x64.Deploy.0 = Release|Any CPU
		{F2CBC92C-38D9-41D4-9B56-E03281BFB9EE}.AppStore|x86.ActiveCfg = Release|x86
		{F2CBC92C-38D9-41D4-9B56-E03281BFB9EE}.AppStore|x86.Build.0 = Release|x86
		{F2CBC92C-38D9-41D4-9B56-E03281BFB9EE}.AppStore|x86.Deploy.0 = Release|x86
		{F2CBC92C-38D9-41D4-9B56-E03281BFB9EE}.Debug|Any CPU.ActiveCfg = Debug|Any CPU
		{F2CBC92C-38D9-41D4-9B56-E03281BFB9EE}.Debug|Any CPU.Build.0 = Debug|Any CPU
		{F2CBC92C-38D9-41D4-9B56-E03281BFB9EE}.Debug|Any CPU.Deploy.0 = Debug|Any CPU
		{F2CBC92C-38D9-41D4-9B56-E03281BFB9EE}.Debug|ARM.ActiveCfg = Debug|ARM
		{F2CBC92C-38D9-41D4-9B56-E03281BFB9EE}.Debug|ARM.Build.0 = Debug|ARM
		{F2CBC92C-38D9-41D4-9B56-E03281BFB9EE}.Debug|ARM.Deploy.0 = Debug|ARM
		{F2CBC92C-38D9-41D4-9B56-E03281BFB9EE}.Debug|iPhone.ActiveCfg = Debug|Any CPU
		{F2CBC92C-38D9-41D4-9B56-E03281BFB9EE}.Debug|iPhone.Build.0 = Debug|Any CPU
		{F2CBC92C-38D9-41D4-9B56-E03281BFB9EE}.Debug|iPhone.Deploy.0 = Debug|Any CPU
		{F2CBC92C-38D9-41D4-9B56-E03281BFB9EE}.Debug|iPhoneSimulator.ActiveCfg = Debug|Any CPU
		{F2CBC92C-38D9-41D4-9B56-E03281BFB9EE}.Debug|iPhoneSimulator.Build.0 = Debug|Any CPU
		{F2CBC92C-38D9-41D4-9B56-E03281BFB9EE}.Debug|iPhoneSimulator.Deploy.0 = Debug|Any CPU
		{F2CBC92C-38D9-41D4-9B56-E03281BFB9EE}.Debug|x64.ActiveCfg = Debug|Any CPU
		{F2CBC92C-38D9-41D4-9B56-E03281BFB9EE}.Debug|x64.Build.0 = Debug|Any CPU
		{F2CBC92C-38D9-41D4-9B56-E03281BFB9EE}.Debug|x64.Deploy.0 = Debug|Any CPU
		{F2CBC92C-38D9-41D4-9B56-E03281BFB9EE}.Debug|x86.ActiveCfg = Debug|x86
		{F2CBC92C-38D9-41D4-9B56-E03281BFB9EE}.Debug|x86.Build.0 = Debug|x86
		{F2CBC92C-38D9-41D4-9B56-E03281BFB9EE}.Debug|x86.Deploy.0 = Debug|x86
		{F2CBC92C-38D9-41D4-9B56-E03281BFB9EE}.Release|Any CPU.ActiveCfg = Release|Any CPU
		{F2CBC92C-38D9-41D4-9B56-E03281BFB9EE}.Release|Any CPU.Build.0 = Release|Any CPU
		{F2CBC92C-38D9-41D4-9B56-E03281BFB9EE}.Release|Any CPU.Deploy.0 = Release|Any CPU
		{F2CBC92C-38D9-41D4-9B56-E03281BFB9EE}.Release|ARM.ActiveCfg = Release|ARM
		{F2CBC92C-38D9-41D4-9B56-E03281BFB9EE}.Release|ARM.Build.0 = Release|ARM
		{F2CBC92C-38D9-41D4-9B56-E03281BFB9EE}.Release|ARM.Deploy.0 = Release|ARM
		{F2CBC92C-38D9-41D4-9B56-E03281BFB9EE}.Release|iPhone.ActiveCfg = Release|Any CPU
		{F2CBC92C-38D9-41D4-9B56-E03281BFB9EE}.Release|iPhone.Build.0 = Release|Any CPU
		{F2CBC92C-38D9-41D4-9B56-E03281BFB9EE}.Release|iPhone.Deploy.0 = Release|Any CPU
		{F2CBC92C-38D9-41D4-9B56-E03281BFB9EE}.Release|iPhoneSimulator.ActiveCfg = Release|Any CPU
		{F2CBC92C-38D9-41D4-9B56-E03281BFB9EE}.Release|iPhoneSimulator.Build.0 = Release|Any CPU
		{F2CBC92C-38D9-41D4-9B56-E03281BFB9EE}.Release|iPhoneSimulator.Deploy.0 = Release|Any CPU
		{F2CBC92C-38D9-41D4-9B56-E03281BFB9EE}.Release|x64.ActiveCfg = Release|Any CPU
		{F2CBC92C-38D9-41D4-9B56-E03281BFB9EE}.Release|x64.Build.0 = Release|Any CPU
		{F2CBC92C-38D9-41D4-9B56-E03281BFB9EE}.Release|x64.Deploy.0 = Release|Any CPU
		{F2CBC92C-38D9-41D4-9B56-E03281BFB9EE}.Release|x86.ActiveCfg = Release|x86
		{F2CBC92C-38D9-41D4-9B56-E03281BFB9EE}.Release|x86.Build.0 = Release|x86
		{F2CBC92C-38D9-41D4-9B56-E03281BFB9EE}.Release|x86.Deploy.0 = Release|x86
		{FA86B3E1-9085-45E1-95BF-729E6C27B4A7}.Ad-Hoc|Any CPU.ActiveCfg = Release|x86
		{FA86B3E1-9085-45E1-95BF-729E6C27B4A7}.Ad-Hoc|Any CPU.Build.0 = Release|x86
		{FA86B3E1-9085-45E1-95BF-729E6C27B4A7}.Ad-Hoc|Any CPU.Deploy.0 = Release|x86
		{FA86B3E1-9085-45E1-95BF-729E6C27B4A7}.Ad-Hoc|ARM.ActiveCfg = Release|ARM
		{FA86B3E1-9085-45E1-95BF-729E6C27B4A7}.Ad-Hoc|ARM.Build.0 = Release|ARM
		{FA86B3E1-9085-45E1-95BF-729E6C27B4A7}.Ad-Hoc|ARM.Deploy.0 = Release|ARM
		{FA86B3E1-9085-45E1-95BF-729E6C27B4A7}.Ad-Hoc|iPhone.ActiveCfg = Release|x86
		{FA86B3E1-9085-45E1-95BF-729E6C27B4A7}.Ad-Hoc|iPhone.Build.0 = Release|x86
		{FA86B3E1-9085-45E1-95BF-729E6C27B4A7}.Ad-Hoc|iPhone.Deploy.0 = Release|x86
		{FA86B3E1-9085-45E1-95BF-729E6C27B4A7}.Ad-Hoc|iPhoneSimulator.ActiveCfg = Release|x86
		{FA86B3E1-9085-45E1-95BF-729E6C27B4A7}.Ad-Hoc|iPhoneSimulator.Build.0 = Release|x86
		{FA86B3E1-9085-45E1-95BF-729E6C27B4A7}.Ad-Hoc|iPhoneSimulator.Deploy.0 = Release|x86
		{FA86B3E1-9085-45E1-95BF-729E6C27B4A7}.Ad-Hoc|x64.ActiveCfg = Release|x64
		{FA86B3E1-9085-45E1-95BF-729E6C27B4A7}.Ad-Hoc|x64.Build.0 = Release|x64
		{FA86B3E1-9085-45E1-95BF-729E6C27B4A7}.Ad-Hoc|x64.Deploy.0 = Release|x64
		{FA86B3E1-9085-45E1-95BF-729E6C27B4A7}.Ad-Hoc|x86.ActiveCfg = Release|x86
		{FA86B3E1-9085-45E1-95BF-729E6C27B4A7}.Ad-Hoc|x86.Build.0 = Release|x86
		{FA86B3E1-9085-45E1-95BF-729E6C27B4A7}.Ad-Hoc|x86.Deploy.0 = Release|x86
		{FA86B3E1-9085-45E1-95BF-729E6C27B4A7}.AppStore|Any CPU.ActiveCfg = Release|x86
		{FA86B3E1-9085-45E1-95BF-729E6C27B4A7}.AppStore|Any CPU.Build.0 = Release|x86
		{FA86B3E1-9085-45E1-95BF-729E6C27B4A7}.AppStore|Any CPU.Deploy.0 = Release|x86
		{FA86B3E1-9085-45E1-95BF-729E6C27B4A7}.AppStore|ARM.ActiveCfg = Release|ARM
		{FA86B3E1-9085-45E1-95BF-729E6C27B4A7}.AppStore|ARM.Build.0 = Release|ARM
		{FA86B3E1-9085-45E1-95BF-729E6C27B4A7}.AppStore|ARM.Deploy.0 = Release|ARM
		{FA86B3E1-9085-45E1-95BF-729E6C27B4A7}.AppStore|iPhone.ActiveCfg = Release|x86
		{FA86B3E1-9085-45E1-95BF-729E6C27B4A7}.AppStore|iPhone.Build.0 = Release|x86
		{FA86B3E1-9085-45E1-95BF-729E6C27B4A7}.AppStore|iPhone.Deploy.0 = Release|x86
		{FA86B3E1-9085-45E1-95BF-729E6C27B4A7}.AppStore|iPhoneSimulator.ActiveCfg = Release|x86
		{FA86B3E1-9085-45E1-95BF-729E6C27B4A7}.AppStore|iPhoneSimulator.Build.0 = Release|x86
		{FA86B3E1-9085-45E1-95BF-729E6C27B4A7}.AppStore|iPhoneSimulator.Deploy.0 = Release|x86
		{FA86B3E1-9085-45E1-95BF-729E6C27B4A7}.AppStore|x64.ActiveCfg = Release|x64
		{FA86B3E1-9085-45E1-95BF-729E6C27B4A7}.AppStore|x64.Build.0 = Release|x64
		{FA86B3E1-9085-45E1-95BF-729E6C27B4A7}.AppStore|x64.Deploy.0 = Release|x64
		{FA86B3E1-9085-45E1-95BF-729E6C27B4A7}.AppStore|x86.ActiveCfg = Release|x86
		{FA86B3E1-9085-45E1-95BF-729E6C27B4A7}.AppStore|x86.Build.0 = Release|x86
		{FA86B3E1-9085-45E1-95BF-729E6C27B4A7}.AppStore|x86.Deploy.0 = Release|x86
		{FA86B3E1-9085-45E1-95BF-729E6C27B4A7}.Debug|Any CPU.ActiveCfg = Debug|x86
		{FA86B3E1-9085-45E1-95BF-729E6C27B4A7}.Debug|ARM.ActiveCfg = Debug|ARM
		{FA86B3E1-9085-45E1-95BF-729E6C27B4A7}.Debug|ARM.Build.0 = Debug|ARM
		{FA86B3E1-9085-45E1-95BF-729E6C27B4A7}.Debug|ARM.Deploy.0 = Debug|ARM
		{FA86B3E1-9085-45E1-95BF-729E6C27B4A7}.Debug|iPhone.ActiveCfg = Debug|x86
		{FA86B3E1-9085-45E1-95BF-729E6C27B4A7}.Debug|iPhoneSimulator.ActiveCfg = Debug|x86
		{FA86B3E1-9085-45E1-95BF-729E6C27B4A7}.Debug|x64.ActiveCfg = Debug|x64
		{FA86B3E1-9085-45E1-95BF-729E6C27B4A7}.Debug|x64.Build.0 = Debug|x64
		{FA86B3E1-9085-45E1-95BF-729E6C27B4A7}.Debug|x64.Deploy.0 = Debug|x64
		{FA86B3E1-9085-45E1-95BF-729E6C27B4A7}.Debug|x86.ActiveCfg = Debug|x86
		{FA86B3E1-9085-45E1-95BF-729E6C27B4A7}.Debug|x86.Build.0 = Debug|x86
		{FA86B3E1-9085-45E1-95BF-729E6C27B4A7}.Debug|x86.Deploy.0 = Debug|x86
		{FA86B3E1-9085-45E1-95BF-729E6C27B4A7}.Release|Any CPU.ActiveCfg = Release|x86
		{FA86B3E1-9085-45E1-95BF-729E6C27B4A7}.Release|ARM.ActiveCfg = Release|ARM
		{FA86B3E1-9085-45E1-95BF-729E6C27B4A7}.Release|ARM.Build.0 = Release|ARM
		{FA86B3E1-9085-45E1-95BF-729E6C27B4A7}.Release|ARM.Deploy.0 = Release|ARM
		{FA86B3E1-9085-45E1-95BF-729E6C27B4A7}.Release|iPhone.ActiveCfg = Release|x86
		{FA86B3E1-9085-45E1-95BF-729E6C27B4A7}.Release|iPhoneSimulator.ActiveCfg = Release|x86
		{FA86B3E1-9085-45E1-95BF-729E6C27B4A7}.Release|x64.ActiveCfg = Release|x64
		{FA86B3E1-9085-45E1-95BF-729E6C27B4A7}.Release|x64.Build.0 = Release|x64
		{FA86B3E1-9085-45E1-95BF-729E6C27B4A7}.Release|x64.Deploy.0 = Release|x64
		{FA86B3E1-9085-45E1-95BF-729E6C27B4A7}.Release|x86.ActiveCfg = Release|x86
		{FA86B3E1-9085-45E1-95BF-729E6C27B4A7}.Release|x86.Build.0 = Release|x86
		{FA86B3E1-9085-45E1-95BF-729E6C27B4A7}.Release|x86.Deploy.0 = Release|x86
		{F701D9CF-AFB3-447C-9AAF-A09C4A0ADA36}.Ad-Hoc|Any CPU.ActiveCfg = Release|Any CPU
		{F701D9CF-AFB3-447C-9AAF-A09C4A0ADA36}.Ad-Hoc|Any CPU.Build.0 = Release|Any CPU
		{F701D9CF-AFB3-447C-9AAF-A09C4A0ADA36}.Ad-Hoc|Any CPU.Deploy.0 = Release|Any CPU
		{F701D9CF-AFB3-447C-9AAF-A09C4A0ADA36}.Ad-Hoc|ARM.ActiveCfg = Release|ARM
		{F701D9CF-AFB3-447C-9AAF-A09C4A0ADA36}.Ad-Hoc|ARM.Build.0 = Release|ARM
		{F701D9CF-AFB3-447C-9AAF-A09C4A0ADA36}.Ad-Hoc|ARM.Deploy.0 = Release|ARM
		{F701D9CF-AFB3-447C-9AAF-A09C4A0ADA36}.Ad-Hoc|iPhone.ActiveCfg = Release|Any CPU
		{F701D9CF-AFB3-447C-9AAF-A09C4A0ADA36}.Ad-Hoc|iPhone.Build.0 = Release|Any CPU
		{F701D9CF-AFB3-447C-9AAF-A09C4A0ADA36}.Ad-Hoc|iPhone.Deploy.0 = Release|Any CPU
		{F701D9CF-AFB3-447C-9AAF-A09C4A0ADA36}.Ad-Hoc|iPhoneSimulator.ActiveCfg = Release|Any CPU
		{F701D9CF-AFB3-447C-9AAF-A09C4A0ADA36}.Ad-Hoc|iPhoneSimulator.Build.0 = Release|Any CPU
		{F701D9CF-AFB3-447C-9AAF-A09C4A0ADA36}.Ad-Hoc|iPhoneSimulator.Deploy.0 = Release|Any CPU
		{F701D9CF-AFB3-447C-9AAF-A09C4A0ADA36}.Ad-Hoc|x64.ActiveCfg = Release|x64
		{F701D9CF-AFB3-447C-9AAF-A09C4A0ADA36}.Ad-Hoc|x64.Build.0 = Release|x64
		{F701D9CF-AFB3-447C-9AAF-A09C4A0ADA36}.Ad-Hoc|x64.Deploy.0 = Release|x64
		{F701D9CF-AFB3-447C-9AAF-A09C4A0ADA36}.Ad-Hoc|x86.ActiveCfg = Release|x86
		{F701D9CF-AFB3-447C-9AAF-A09C4A0ADA36}.Ad-Hoc|x86.Build.0 = Release|x86
		{F701D9CF-AFB3-447C-9AAF-A09C4A0ADA36}.Ad-Hoc|x86.Deploy.0 = Release|x86
		{F701D9CF-AFB3-447C-9AAF-A09C4A0ADA36}.AppStore|Any CPU.ActiveCfg = Release|Any CPU
		{F701D9CF-AFB3-447C-9AAF-A09C4A0ADA36}.AppStore|Any CPU.Build.0 = Release|Any CPU
		{F701D9CF-AFB3-447C-9AAF-A09C4A0ADA36}.AppStore|Any CPU.Deploy.0 = Release|Any CPU
		{F701D9CF-AFB3-447C-9AAF-A09C4A0ADA36}.AppStore|ARM.ActiveCfg = Release|ARM
		{F701D9CF-AFB3-447C-9AAF-A09C4A0ADA36}.AppStore|ARM.Build.0 = Release|ARM
		{F701D9CF-AFB3-447C-9AAF-A09C4A0ADA36}.AppStore|ARM.Deploy.0 = Release|ARM
		{F701D9CF-AFB3-447C-9AAF-A09C4A0ADA36}.AppStore|iPhone.ActiveCfg = Release|Any CPU
		{F701D9CF-AFB3-447C-9AAF-A09C4A0ADA36}.AppStore|iPhone.Build.0 = Release|Any CPU
		{F701D9CF-AFB3-447C-9AAF-A09C4A0ADA36}.AppStore|iPhone.Deploy.0 = Release|Any CPU
		{F701D9CF-AFB3-447C-9AAF-A09C4A0ADA36}.AppStore|iPhoneSimulator.ActiveCfg = Release|Any CPU
		{F701D9CF-AFB3-447C-9AAF-A09C4A0ADA36}.AppStore|iPhoneSimulator.Build.0 = Release|Any CPU
		{F701D9CF-AFB3-447C-9AAF-A09C4A0ADA36}.AppStore|iPhoneSimulator.Deploy.0 = Release|Any CPU
		{F701D9CF-AFB3-447C-9AAF-A09C4A0ADA36}.AppStore|x64.ActiveCfg = Release|x64
		{F701D9CF-AFB3-447C-9AAF-A09C4A0ADA36}.AppStore|x64.Build.0 = Release|x64
		{F701D9CF-AFB3-447C-9AAF-A09C4A0ADA36}.AppStore|x64.Deploy.0 = Release|x64
		{F701D9CF-AFB3-447C-9AAF-A09C4A0ADA36}.AppStore|x86.ActiveCfg = Release|x86
		{F701D9CF-AFB3-447C-9AAF-A09C4A0ADA36}.AppStore|x86.Build.0 = Release|x86
		{F701D9CF-AFB3-447C-9AAF-A09C4A0ADA36}.AppStore|x86.Deploy.0 = Release|x86
		{F701D9CF-AFB3-447C-9AAF-A09C4A0ADA36}.Debug|Any CPU.ActiveCfg = Debug|Any CPU
		{F701D9CF-AFB3-447C-9AAF-A09C4A0ADA36}.Debug|Any CPU.Build.0 = Debug|Any CPU
		{F701D9CF-AFB3-447C-9AAF-A09C4A0ADA36}.Debug|Any CPU.Deploy.0 = Debug|Any CPU
		{F701D9CF-AFB3-447C-9AAF-A09C4A0ADA36}.Debug|ARM.ActiveCfg = Debug|ARM
		{F701D9CF-AFB3-447C-9AAF-A09C4A0ADA36}.Debug|ARM.Build.0 = Debug|ARM
		{F701D9CF-AFB3-447C-9AAF-A09C4A0ADA36}.Debug|ARM.Deploy.0 = Debug|ARM
		{F701D9CF-AFB3-447C-9AAF-A09C4A0ADA36}.Debug|iPhone.ActiveCfg = Debug|Any CPU
		{F701D9CF-AFB3-447C-9AAF-A09C4A0ADA36}.Debug|iPhone.Build.0 = Debug|Any CPU
		{F701D9CF-AFB3-447C-9AAF-A09C4A0ADA36}.Debug|iPhone.Deploy.0 = Debug|Any CPU
		{F701D9CF-AFB3-447C-9AAF-A09C4A0ADA36}.Debug|iPhoneSimulator.ActiveCfg = Debug|Any CPU
		{F701D9CF-AFB3-447C-9AAF-A09C4A0ADA36}.Debug|iPhoneSimulator.Build.0 = Debug|Any CPU
		{F701D9CF-AFB3-447C-9AAF-A09C4A0ADA36}.Debug|iPhoneSimulator.Deploy.0 = Debug|Any CPU
		{F701D9CF-AFB3-447C-9AAF-A09C4A0ADA36}.Debug|x64.ActiveCfg = Debug|x64
		{F701D9CF-AFB3-447C-9AAF-A09C4A0ADA36}.Debug|x64.Build.0 = Debug|x64
		{F701D9CF-AFB3-447C-9AAF-A09C4A0ADA36}.Debug|x64.Deploy.0 = Debug|x64
		{F701D9CF-AFB3-447C-9AAF-A09C4A0ADA36}.Debug|x86.ActiveCfg = Debug|x86
		{F701D9CF-AFB3-447C-9AAF-A09C4A0ADA36}.Debug|x86.Build.0 = Debug|x86
		{F701D9CF-AFB3-447C-9AAF-A09C4A0ADA36}.Debug|x86.Deploy.0 = Debug|x86
		{F701D9CF-AFB3-447C-9AAF-A09C4A0ADA36}.Release|Any CPU.ActiveCfg = Release|Any CPU
		{F701D9CF-AFB3-447C-9AAF-A09C4A0ADA36}.Release|Any CPU.Build.0 = Release|Any CPU
		{F701D9CF-AFB3-447C-9AAF-A09C4A0ADA36}.Release|Any CPU.Deploy.0 = Release|Any CPU
		{F701D9CF-AFB3-447C-9AAF-A09C4A0ADA36}.Release|ARM.ActiveCfg = Release|ARM
		{F701D9CF-AFB3-447C-9AAF-A09C4A0ADA36}.Release|ARM.Build.0 = Release|ARM
		{F701D9CF-AFB3-447C-9AAF-A09C4A0ADA36}.Release|ARM.Deploy.0 = Release|ARM
		{F701D9CF-AFB3-447C-9AAF-A09C4A0ADA36}.Release|iPhone.ActiveCfg = Release|Any CPU
		{F701D9CF-AFB3-447C-9AAF-A09C4A0ADA36}.Release|iPhone.Build.0 = Release|Any CPU
		{F701D9CF-AFB3-447C-9AAF-A09C4A0ADA36}.Release|iPhone.Deploy.0 = Release|Any CPU
		{F701D9CF-AFB3-447C-9AAF-A09C4A0ADA36}.Release|iPhoneSimulator.ActiveCfg = Release|Any CPU
		{F701D9CF-AFB3-447C-9AAF-A09C4A0ADA36}.Release|iPhoneSimulator.Build.0 = Release|Any CPU
		{F701D9CF-AFB3-447C-9AAF-A09C4A0ADA36}.Release|iPhoneSimulator.Deploy.0 = Release|Any CPU
		{F701D9CF-AFB3-447C-9AAF-A09C4A0ADA36}.Release|x64.ActiveCfg = Release|x64
		{F701D9CF-AFB3-447C-9AAF-A09C4A0ADA36}.Release|x64.Build.0 = Release|x64
		{F701D9CF-AFB3-447C-9AAF-A09C4A0ADA36}.Release|x64.Deploy.0 = Release|x64
		{F701D9CF-AFB3-447C-9AAF-A09C4A0ADA36}.Release|x86.ActiveCfg = Release|x86
		{F701D9CF-AFB3-447C-9AAF-A09C4A0ADA36}.Release|x86.Build.0 = Release|x86
		{F701D9CF-AFB3-447C-9AAF-A09C4A0ADA36}.Release|x86.Deploy.0 = Release|x86
		{85F392AC-89D0-4DA6-9C5F-2BBA82343876}.Ad-Hoc|Any CPU.ActiveCfg = Release|Any CPU
		{85F392AC-89D0-4DA6-9C5F-2BBA82343876}.Ad-Hoc|Any CPU.Build.0 = Release|Any CPU
		{85F392AC-89D0-4DA6-9C5F-2BBA82343876}.Ad-Hoc|ARM.ActiveCfg = Release|Any CPU
		{85F392AC-89D0-4DA6-9C5F-2BBA82343876}.Ad-Hoc|ARM.Build.0 = Release|Any CPU
		{85F392AC-89D0-4DA6-9C5F-2BBA82343876}.Ad-Hoc|iPhone.ActiveCfg = Release|Any CPU
		{85F392AC-89D0-4DA6-9C5F-2BBA82343876}.Ad-Hoc|iPhone.Build.0 = Release|Any CPU
		{85F392AC-89D0-4DA6-9C5F-2BBA82343876}.Ad-Hoc|iPhoneSimulator.ActiveCfg = Release|Any CPU
		{85F392AC-89D0-4DA6-9C5F-2BBA82343876}.Ad-Hoc|iPhoneSimulator.Build.0 = Release|Any CPU
		{85F392AC-89D0-4DA6-9C5F-2BBA82343876}.Ad-Hoc|x64.ActiveCfg = Release|Any CPU
		{85F392AC-89D0-4DA6-9C5F-2BBA82343876}.Ad-Hoc|x64.Build.0 = Release|Any CPU
		{85F392AC-89D0-4DA6-9C5F-2BBA82343876}.Ad-Hoc|x86.ActiveCfg = Release|Any CPU
		{85F392AC-89D0-4DA6-9C5F-2BBA82343876}.Ad-Hoc|x86.Build.0 = Release|Any CPU
		{85F392AC-89D0-4DA6-9C5F-2BBA82343876}.AppStore|Any CPU.ActiveCfg = Release|Any CPU
		{85F392AC-89D0-4DA6-9C5F-2BBA82343876}.AppStore|Any CPU.Build.0 = Release|Any CPU
		{85F392AC-89D0-4DA6-9C5F-2BBA82343876}.AppStore|ARM.ActiveCfg = Release|Any CPU
		{85F392AC-89D0-4DA6-9C5F-2BBA82343876}.AppStore|ARM.Build.0 = Release|Any CPU
		{85F392AC-89D0-4DA6-9C5F-2BBA82343876}.AppStore|iPhone.ActiveCfg = Release|Any CPU
		{85F392AC-89D0-4DA6-9C5F-2BBA82343876}.AppStore|iPhone.Build.0 = Release|Any CPU
		{85F392AC-89D0-4DA6-9C5F-2BBA82343876}.AppStore|iPhoneSimulator.ActiveCfg = Release|Any CPU
		{85F392AC-89D0-4DA6-9C5F-2BBA82343876}.AppStore|iPhoneSimulator.Build.0 = Release|Any CPU
		{85F392AC-89D0-4DA6-9C5F-2BBA82343876}.AppStore|x64.ActiveCfg = Release|Any CPU
		{85F392AC-89D0-4DA6-9C5F-2BBA82343876}.AppStore|x64.Build.0 = Release|Any CPU
		{85F392AC-89D0-4DA6-9C5F-2BBA82343876}.AppStore|x86.ActiveCfg = Release|Any CPU
		{85F392AC-89D0-4DA6-9C5F-2BBA82343876}.AppStore|x86.Build.0 = Release|Any CPU
		{85F392AC-89D0-4DA6-9C5F-2BBA82343876}.Debug|Any CPU.ActiveCfg = Debug|Any CPU
		{85F392AC-89D0-4DA6-9C5F-2BBA82343876}.Debug|Any CPU.Build.0 = Debug|Any CPU
		{85F392AC-89D0-4DA6-9C5F-2BBA82343876}.Debug|ARM.ActiveCfg = Debug|Any CPU
		{85F392AC-89D0-4DA6-9C5F-2BBA82343876}.Debug|ARM.Build.0 = Debug|Any CPU
		{85F392AC-89D0-4DA6-9C5F-2BBA82343876}.Debug|iPhone.ActiveCfg = Debug|Any CPU
		{85F392AC-89D0-4DA6-9C5F-2BBA82343876}.Debug|iPhone.Build.0 = Debug|Any CPU
		{85F392AC-89D0-4DA6-9C5F-2BBA82343876}.Debug|iPhoneSimulator.ActiveCfg = Debug|Any CPU
		{85F392AC-89D0-4DA6-9C5F-2BBA82343876}.Debug|iPhoneSimulator.Build.0 = Debug|Any CPU
		{85F392AC-89D0-4DA6-9C5F-2BBA82343876}.Debug|x64.ActiveCfg = Debug|Any CPU
		{85F392AC-89D0-4DA6-9C5F-2BBA82343876}.Debug|x64.Build.0 = Debug|Any CPU
		{85F392AC-89D0-4DA6-9C5F-2BBA82343876}.Debug|x86.ActiveCfg = Debug|Any CPU
		{85F392AC-89D0-4DA6-9C5F-2BBA82343876}.Debug|x86.Build.0 = Debug|Any CPU
		{85F392AC-89D0-4DA6-9C5F-2BBA82343876}.Release|Any CPU.ActiveCfg = Release|Any CPU
		{85F392AC-89D0-4DA6-9C5F-2BBA82343876}.Release|Any CPU.Build.0 = Release|Any CPU
		{85F392AC-89D0-4DA6-9C5F-2BBA82343876}.Release|ARM.ActiveCfg = Release|Any CPU
		{85F392AC-89D0-4DA6-9C5F-2BBA82343876}.Release|ARM.Build.0 = Release|Any CPU
		{85F392AC-89D0-4DA6-9C5F-2BBA82343876}.Release|iPhone.ActiveCfg = Release|Any CPU
		{85F392AC-89D0-4DA6-9C5F-2BBA82343876}.Release|iPhone.Build.0 = Release|Any CPU
		{85F392AC-89D0-4DA6-9C5F-2BBA82343876}.Release|iPhoneSimulator.ActiveCfg = Release|Any CPU
		{85F392AC-89D0-4DA6-9C5F-2BBA82343876}.Release|iPhoneSimulator.Build.0 = Release|Any CPU
		{85F392AC-89D0-4DA6-9C5F-2BBA82343876}.Release|x64.ActiveCfg = Release|Any CPU
		{85F392AC-89D0-4DA6-9C5F-2BBA82343876}.Release|x64.Build.0 = Release|Any CPU
		{85F392AC-89D0-4DA6-9C5F-2BBA82343876}.Release|x86.ActiveCfg = Release|Any CPU
		{85F392AC-89D0-4DA6-9C5F-2BBA82343876}.Release|x86.Build.0 = Release|Any CPU
	EndGlobalSection
	GlobalSection(SolutionProperties) = preSolution
		HideSolutionNode = FALSE
	EndGlobalSection
EndGlobal
